// !$*UTF8*$!
{
	archiveVersion = 1;
	classes = {
	};
	objectVersion = 50;
	objects = {

/* Begin PBXBuildFile section */
		DB0CF13726292FD800A720CB /* Sample.jpg in Resources */ = {isa = PBXBuildFile; fileRef = DB0CF13626292FD800A720CB /* Sample.jpg */; };
		DBB8D4DA261FB1170041F32B /* AppDelegate.swift in Sources */ = {isa = PBXBuildFile; fileRef = DBB8D4D9261FB1170041F32B /* AppDelegate.swift */; };
		DBB8D4DC261FB1170041F32B /* SceneDelegate.swift in Sources */ = {isa = PBXBuildFile; fileRef = DBB8D4DB261FB1170041F32B /* SceneDelegate.swift */; };
		DBB8D4DE261FB1170041F32B /* ViewController.swift in Sources */ = {isa = PBXBuildFile; fileRef = DBB8D4DD261FB1170041F32B /* ViewController.swift */; };
		DBB8D4E1261FB1170041F32B /* Main.storyboard in Resources */ = {isa = PBXBuildFile; fileRef = DBB8D4DF261FB1170041F32B /* Main.storyboard */; };
		DBB8D4E3261FB1190041F32B /* Assets.xcassets in Resources */ = {isa = PBXBuildFile; fileRef = DBB8D4E2261FB1190041F32B /* Assets.xcassets */; };
		DBB8D4E6261FB1190041F32B /* LaunchScreen.storyboard in Resources */ = {isa = PBXBuildFile; fileRef = DBB8D4E4261FB1190041F32B /* LaunchScreen.storyboard */; };
		DBB8D4F1261FB1190041F32B /* ScrollViewImplementationTests.swift in Sources */ = {isa = PBXBuildFile; fileRef = DBB8D4F0261FB1190041F32B /* ScrollViewImplementationTests.swift */; };
		DBB8D4FC261FB1190041F32B /* ScrollViewImplementationUITests.swift in Sources */ = {isa = PBXBuildFile; fileRef = DBB8D4FB261FB1190041F32B /* ScrollViewImplementationUITests.swift */; };
/* End PBXBuildFile section */

/* Begin PBXContainerItemProxy section */
		DBB8D4ED261FB1190041F32B /* PBXContainerItemProxy */ = {
			isa = PBXContainerItemProxy;
			containerPortal = DBB8D4CE261FB1170041F32B /* Project object */;
			proxyType = 1;
			remoteGlobalIDString = DBB8D4D5261FB1170041F32B;
			remoteInfo = ScrollViewImplementation;
		};
		DBB8D4F8261FB1190041F32B /* PBXContainerItemProxy */ = {
			isa = PBXContainerItemProxy;
			containerPortal = DBB8D4CE261FB1170041F32B /* Project object */;
			proxyType = 1;
			remoteGlobalIDString = DBB8D4D5261FB1170041F32B;
			remoteInfo = ScrollViewImplementation;
		};
/* End PBXContainerItemProxy section */

/* Begin PBXFileReference section */
		DB0CF13626292FD800A720CB /* Sample.jpg */ = {isa = PBXFileReference; lastKnownFileType = image.jpeg; path = Sample.jpg; sourceTree = "<group>"; };
		DBB8D4D6261FB1170041F32B /* ScrollViewImplementation.app */ = {isa = PBXFileReference; explicitFileType = wrapper.application; includeInIndex = 0; path = ScrollViewImplementation.app; sourceTree = BUILT_PRODUCTS_DIR; };
		DBB8D4D9261FB1170041F32B /* AppDelegate.swift */ = {isa = PBXFileReference; lastKnownFileType = sourcecode.swift; path = AppDelegate.swift; sourceTree = "<group>"; };
		DBB8D4DB261FB1170041F32B /* SceneDelegate.swift */ = {isa = PBXFileReference; lastKnownFileType = sourcecode.swift; path = SceneDelegate.swift; sourceTree = "<group>"; };
		DBB8D4DD261FB1170041F32B /* ViewController.swift */ = {isa = PBXFileReference; lastKnownFileType = sourcecode.swift; path = ViewController.swift; sourceTree = "<group>"; };
		DBB8D4E0261FB1170041F32B /* Base */ = {isa = PBXFileReference; lastKnownFileType = file.storyboard; name = Base; path = Base.lproj/Main.storyboard; sourceTree = "<group>"; };
		DBB8D4E2261FB1190041F32B /* Assets.xcassets */ = {isa = PBXFileReference; lastKnownFileType = folder.assetcatalog; path = Assets.xcassets; sourceTree = "<group>"; };
		DBB8D4E5261FB1190041F32B /* Base */ = {isa = PBXFileReference; lastKnownFileType = file.storyboard; name = Base; path = Base.lproj/LaunchScreen.storyboard; sourceTree = "<group>"; };
		DBB8D4E7261FB1190041F32B /* Info.plist */ = {isa = PBXFileReference; lastKnownFileType = text.plist.xml; path = Info.plist; sourceTree = "<group>"; };
		DBB8D4EC261FB1190041F32B /* ScrollViewImplementationTests.xctest */ = {isa = PBXFileReference; explicitFileType = wrapper.cfbundle; includeInIndex = 0; path = ScrollViewImplementationTests.xctest; sourceTree = BUILT_PRODUCTS_DIR; };
		DBB8D4F0261FB1190041F32B /* ScrollViewImplementationTests.swift */ = {isa = PBXFileReference; lastKnownFileType = sourcecode.swift; path = ScrollViewImplementationTests.swift; sourceTree = "<group>"; };
		DBB8D4F2261FB1190041F32B /* Info.plist */ = {isa = PBXFileReference; lastKnownFileType = text.plist.xml; path = Info.plist; sourceTree = "<group>"; };
		DBB8D4F7261FB1190041F32B /* ScrollViewImplementationUITests.xctest */ = {isa = PBXFileReference; explicitFileType = wrapper.cfbundle; includeInIndex = 0; path = ScrollViewImplementationUITests.xctest; sourceTree = BUILT_PRODUCTS_DIR; };
		DBB8D4FB261FB1190041F32B /* ScrollViewImplementationUITests.swift */ = {isa = PBXFileReference; lastKnownFileType = sourcecode.swift; path = ScrollViewImplementationUITests.swift; sourceTree = "<group>"; };
		DBB8D4FD261FB1190041F32B /* Info.plist */ = {isa = PBXFileReference; lastKnownFileType = text.plist.xml; path = Info.plist; sourceTree = "<group>"; };
/* End PBXFileReference section */

/* Begin PBXFrameworksBuildPhase section */
		DBB8D4D3261FB1170041F32B /* Frameworks */ = {
			isa = PBXFrameworksBuildPhase;
			buildActionMask = 2147483647;
			files = (
			);
			runOnlyForDeploymentPostprocessing = 0;
		};
		DBB8D4E9261FB1190041F32B /* Frameworks */ = {
			isa = PBXFrameworksBuildPhase;
			buildActionMask = 2147483647;
			files = (
			);
			runOnlyForDeploymentPostprocessing = 0;
		};
		DBB8D4F4261FB1190041F32B /* Frameworks */ = {
			isa = PBXFrameworksBuildPhase;
			buildActionMask = 2147483647;
			files = (
			);
			runOnlyForDeploymentPostprocessing = 0;
		};
/* End PBXFrameworksBuildPhase section */

/* Begin PBXGroup section */
		DBB8D4CD261FB1170041F32B = {
			isa = PBXGroup;
			children = (
				DBB8D4D8261FB1170041F32B /* ScrollViewImplementation */,
				DBB8D4EF261FB1190041F32B /* ScrollViewImplementationTests */,
				DBB8D4FA261FB1190041F32B /* ScrollViewImplementationUITests */,
				DBB8D4D7261FB1170041F32B /* Products */,
			);
			sourceTree = "<group>";
		};
		DBB8D4D7261FB1170041F32B /* Products */ = {
			isa = PBXGroup;
			children = (
				DBB8D4D6261FB1170041F32B /* ScrollViewImplementation.app */,
				DBB8D4EC261FB1190041F32B /* ScrollViewImplementationTests.xctest */,
				DBB8D4F7261FB1190041F32B /* ScrollViewImplementationUITests.xctest */,
			);
			name = Products;
			sourceTree = "<group>";
		};
		DBB8D4D8261FB1170041F32B /* ScrollViewImplementation */ = {
			isa = PBXGroup;
			children = (
				DBB8D4D9261FB1170041F32B /* AppDelegate.swift */,
				DBB8D4DB261FB1170041F32B /* SceneDelegate.swift */,
				DBB8D4DD261FB1170041F32B /* ViewController.swift */,
				DBB8D4DF261FB1170041F32B /* Main.storyboard */,
				DBB8D4E2261FB1190041F32B /* Assets.xcassets */,
				DBB8D4E4261FB1190041F32B /* LaunchScreen.storyboard */,
				DBB8D4E7261FB1190041F32B /* Info.plist */,
				DB0CF13626292FD800A720CB /* Sample.jpg */,
			);
			path = ScrollViewImplementation;
			sourceTree = "<group>";
		};
		DBB8D4EF261FB1190041F32B /* ScrollViewImplementationTests */ = {
			isa = PBXGroup;
			children = (
				DBB8D4F0261FB1190041F32B /* ScrollViewImplementationTests.swift */,
				DBB8D4F2261FB1190041F32B /* Info.plist */,
			);
			path = ScrollViewImplementationTests;
			sourceTree = "<group>";
		};
		DBB8D4FA261FB1190041F32B /* ScrollViewImplementationUITests */ = {
			isa = PBXGroup;
			children = (
				DBB8D4FB261FB1190041F32B /* ScrollViewImplementationUITests.swift */,
				DBB8D4FD261FB1190041F32B /* Info.plist */,
			);
			path = ScrollViewImplementationUITests;
			sourceTree = "<group>";
		};
/* End PBXGroup section */

/* Begin PBXNativeTarget section */
		DBB8D4D5261FB1170041F32B /* ScrollViewImplementation */ = {
			isa = PBXNativeTarget;
			buildConfigurationList = DBB8D500261FB1190041F32B /* Build configuration list for PBXNativeTarget "ScrollViewImplementation" */;
			buildPhases = (
				DBB8D4D2261FB1170041F32B /* Sources */,
				DBB8D4D3261FB1170041F32B /* Frameworks */,
				DBB8D4D4261FB1170041F32B /* Resources */,
			);
			buildRules = (
			);
			dependencies = (
			);
			name = ScrollViewImplementation;
			productName = ScrollViewImplementation;
			productReference = DBB8D4D6261FB1170041F32B /* ScrollViewImplementation.app */;
			productType = "com.apple.product-type.application";
		};
		DBB8D4EB261FB1190041F32B /* ScrollViewImplementationTests */ = {
			isa = PBXNativeTarget;
			buildConfigurationList = DBB8D503261FB1190041F32B /* Build configuration list for PBXNativeTarget "ScrollViewImplementationTests" */;
			buildPhases = (
				DBB8D4E8261FB1190041F32B /* Sources */,
				DBB8D4E9261FB1190041F32B /* Frameworks */,
				DBB8D4EA261FB1190041F32B /* Resources */,
			);
			buildRules = (
			);
			dependencies = (
				DBB8D4EE261FB1190041F32B /* PBXTargetDependency */,
			);
			name = ScrollViewImplementationTests;
			productName = ScrollViewImplementationTests;
			productReference = DBB8D4EC261FB1190041F32B /* ScrollViewImplementationTests.xctest */;
			productType = "com.apple.product-type.bundle.unit-test";
		};
		DBB8D4F6261FB1190041F32B /* ScrollViewImplementationUITests */ = {
			isa = PBXNativeTarget;
			buildConfigurationList = DBB8D506261FB1190041F32B /* Build configuration list for PBXNativeTarget "ScrollViewImplementationUITests" */;
			buildPhases = (
				DBB8D4F3261FB1190041F32B /* Sources */,
				DBB8D4F4261FB1190041F32B /* Frameworks */,
				DBB8D4F5261FB1190041F32B /* Resources */,
			);
			buildRules = (
			);
			dependencies = (
				DBB8D4F9261FB1190041F32B /* PBXTargetDependency */,
			);
			name = ScrollViewImplementationUITests;
			productName = ScrollViewImplementationUITests;
			productReference = DBB8D4F7261FB1190041F32B /* ScrollViewImplementationUITests.xctest */;
			productType = "com.apple.product-type.bundle.ui-testing";
		};
/* End PBXNativeTarget section */

/* Begin PBXProject section */
		DBB8D4CE261FB1170041F32B /* Project object */ = {
			isa = PBXProject;
			attributes = {
				LastSwiftUpdateCheck = 1240;
				LastUpgradeCheck = 1240;
				TargetAttributes = {
					DBB8D4D5261FB1170041F32B = {
						CreatedOnToolsVersion = 12.4;
					};
					DBB8D4EB261FB1190041F32B = {
						CreatedOnToolsVersion = 12.4;
						TestTargetID = DBB8D4D5261FB1170041F32B;
					};
					DBB8D4F6261FB1190041F32B = {
						CreatedOnToolsVersion = 12.4;
						TestTargetID = DBB8D4D5261FB1170041F32B;
					};
				};
			};
			buildConfigurationList = DBB8D4D1261FB1170041F32B /* Build configuration list for PBXProject "ScrollViewImplementation" */;
			compatibilityVersion = "Xcode 9.3";
			developmentRegion = en;
			hasScannedForEncodings = 0;
			knownRegions = (
				en,
				Base,
			);
			mainGroup = DBB8D4CD261FB1170041F32B;
			productRefGroup = DBB8D4D7261FB1170041F32B /* Products */;
			projectDirPath = "";
			projectRoot = "";
			targets = (
				DBB8D4D5261FB1170041F32B /* ScrollViewImplementation */,
				DBB8D4EB261FB1190041F32B /* ScrollViewImplementationTests */,
				DBB8D4F6261FB1190041F32B /* ScrollViewImplementationUITests */,
			);
		};
/* End PBXProject section */

/* Begin PBXResourcesBuildPhase section */
		DBB8D4D4261FB1170041F32B /* Resources */ = {
			isa = PBXResourcesBuildPhase;
			buildActionMask = 2147483647;
			files = (
				DBB8D4E6261FB1190041F32B /* LaunchScreen.storyboard in Resources */,
				DBB8D4E3261FB1190041F32B /* Assets.xcassets in Resources */,
				DB0CF13726292FD800A720CB /* Sample.jpg in Resources */,
				DBB8D4E1261FB1170041F32B /* Main.storyboard in Resources */,
			);
			runOnlyForDeploymentPostprocessing = 0;
		};
		DBB8D4EA261FB1190041F32B /* Resources */ = {
			isa = PBXResourcesBuildPhase;
			buildActionMask = 2147483647;
			files = (
			);
			runOnlyForDeploymentPostprocessing = 0;
		};
		DBB8D4F5261FB1190041F32B /* Resources */ = {
			isa = PBXResourcesBuildPhase;
			buildActionMask = 2147483647;
			files = (
			);
			runOnlyForDeploymentPostprocessing = 0;
		};
/* End PBXResourcesBuildPhase section */

/* Begin PBXSourcesBuildPhase section */
		DBB8D4D2261FB1170041F32B /* Sources */ = {
			isa = PBXSourcesBuildPhase;
			buildActionMask = 2147483647;
			files = (
				DBB8D4DE261FB1170041F32B /* ViewController.swift in Sources */,
				DBB8D4DA261FB1170041F32B /* AppDelegate.swift in Sources */,
				DBB8D4DC261FB1170041F32B /* SceneDelegate.swift in Sources */,
			);
			runOnlyForDeploymentPostprocessing = 0;
		};
		DBB8D4E8261FB1190041F32B /* Sources */ = {
			isa = PBXSourcesBuildPhase;
			buildActionMask = 2147483647;
			files = (
				DBB8D4F1261FB1190041F32B /* ScrollViewImplementationTests.swift in Sources */,
			);
			runOnlyForDeploymentPostprocessing = 0;
		};
		DBB8D4F3261FB1190041F32B /* Sources */ = {
			isa = PBXSourcesBuildPhase;
			buildActionMask = 2147483647;
			files = (
				DBB8D4FC261FB1190041F32B /* ScrollViewImplementationUITests.swift in Sources */,
			);
			runOnlyForDeploymentPostprocessing = 0;
		};
/* End PBXSourcesBuildPhase section */

/* Begin PBXTargetDependency section */
		DBB8D4EE261FB1190041F32B /* PBXTargetDependency */ = {
			isa = PBXTargetDependency;
			target = DBB8D4D5261FB1170041F32B /* ScrollViewImplementation */;
			targetProxy = DBB8D4ED261FB1190041F32B /* PBXContainerItemProxy */;
		};
		DBB8D4F9261FB1190041F32B /* PBXTargetDependency */ = {
			isa = PBXTargetDependency;
			target = DBB8D4D5261FB1170041F32B /* ScrollViewImplementation */;
			targetProxy = DBB8D4F8261FB1190041F32B /* PBXContainerItemProxy */;
		};
/* End PBXTargetDependency section */

/* Begin PBXVariantGroup section */
		DBB8D4DF261FB1170041F32B /* Main.storyboard */ = {
			isa = PBXVariantGroup;
			children = (
				DBB8D4E0261FB1170041F32B /* Base */,
			);
			name = Main.storyboard;
			sourceTree = "<group>";
		};
		DBB8D4E4261FB1190041F32B /* LaunchScreen.storyboard */ = {
			isa = PBXVariantGroup;
			children = (
				DBB8D4E5261FB1190041F32B /* Base */,
			);
			name = LaunchScreen.storyboard;
			sourceTree = "<group>";
		};
/* End PBXVariantGroup section */

/* Begin XCBuildConfiguration section */
		DBB8D4FE261FB1190041F32B /* Debug */ = {
			isa = XCBuildConfiguration;
			buildSettings = {
				ALWAYS_SEARCH_USER_PATHS = NO;
				CLANG_ANALYZER_NONNULL = YES;
				CLANG_ANALYZER_NUMBER_OBJECT_CONVERSION = YES_AGGRESSIVE;
				CLANG_CXX_LANGUAGE_STANDARD = "gnu++14";
				CLANG_CXX_LIBRARY = "libc++";
				CLANG_ENABLE_MODULES = YES;
				CLANG_ENABLE_OBJC_ARC = YES;
				CLANG_ENABLE_OBJC_WEAK = YES;
				CLANG_WARN_BLOCK_CAPTURE_AUTORELEASING = YES;
				CLANG_WARN_BOOL_CONVERSION = YES;
				CLANG_WARN_COMMA = YES;
				CLANG_WARN_CONSTANT_CONVERSION = YES;
				CLANG_WARN_DEPRECATED_OBJC_IMPLEMENTATIONS = YES;
				CLANG_WARN_DIRECT_OBJC_ISA_USAGE = YES_ERROR;
				CLANG_WARN_DOCUMENTATION_COMMENTS = YES;
				CLANG_WARN_EMPTY_BODY = YES;
				CLANG_WARN_ENUM_CONVERSION = YES;
				CLANG_WARN_INFINITE_RECURSION = YES;
				CLANG_WARN_INT_CONVERSION = YES;
				CLANG_WARN_NON_LITERAL_NULL_CONVERSION = YES;
				CLANG_WARN_OBJC_IMPLICIT_RETAIN_SELF = YES;
				CLANG_WARN_OBJC_LITERAL_CONVERSION = YES;
				CLANG_WARN_OBJC_ROOT_CLASS = YES_ERROR;
				CLANG_WARN_QUOTED_INCLUDE_IN_FRAMEWORK_HEADER = YES;
				CLANG_WARN_RANGE_LOOP_ANALYSIS = YES;
				CLANG_WARN_STRICT_PROTOTYPES = YES;
				CLANG_WARN_SUSPICIOUS_MOVE = YES;
				CLANG_WARN_UNGUARDED_AVAILABILITY = YES_AGGRESSIVE;
				CLANG_WARN_UNREACHABLE_CODE = YES;
				CLANG_WARN__DUPLICATE_METHOD_MATCH = YES;
				COPY_PHASE_STRIP = NO;
				DEBUG_INFORMATION_FORMAT = dwarf;
				ENABLE_STRICT_OBJC_MSGSEND = YES;
				ENABLE_TESTABILITY = YES;
				GCC_C_LANGUAGE_STANDARD = gnu11;
				GCC_DYNAMIC_NO_PIC = NO;
				GCC_NO_COMMON_BLOCKS = YES;
				GCC_OPTIMIZATION_LEVEL = 0;
				GCC_PREPROCESSOR_DEFINITIONS = (
					"DEBUG=1",
					"$(inherited)",
				);
				GCC_WARN_64_TO_32_BIT_CONVERSION = YES;
				GCC_WARN_ABOUT_RETURN_TYPE = YES_ERROR;
				GCC_WARN_UNDECLARED_SELECTOR = YES;
				GCC_WARN_UNINITIALIZED_AUTOS = YES_AGGRESSIVE;
				GCC_WARN_UNUSED_FUNCTION = YES;
				GCC_WARN_UNUSED_VARIABLE = YES;
				IPHONEOS_DEPLOYMENT_TARGET = 14.4;
				MTL_ENABLE_DEBUG_INFO = INCLUDE_SOURCE;
				MTL_FAST_MATH = YES;
				ONLY_ACTIVE_ARCH = YES;
				SDKROOT = iphoneos;
				SWIFT_ACTIVE_COMPILATION_CONDITIONS = DEBUG;
				SWIFT_OPTIMIZATION_LEVEL = "-Onone";
			};
			name = Debug;
		};
		DBB8D4FF261FB1190041F32B /* Release */ = {
			isa = XCBuildConfiguration;
			buildSettings = {
				ALWAYS_SEARCH_USER_PATHS = NO;
				CLANG_ANALYZER_NONNULL = YES;
				CLANG_ANALYZER_NUMBER_OBJECT_CONVERSION = YES_AGGRESSIVE;
				CLANG_CXX_LANGUAGE_STANDARD = "gnu++14";
				CLANG_CXX_LIBRARY = "libc++";
				CLANG_ENABLE_MODULES = YES;
				CLANG_ENABLE_OBJC_ARC = YES;
				CLANG_ENABLE_OBJC_WEAK = YES;
				CLANG_WARN_BLOCK_CAPTURE_AUTORELEASING = YES;
				CLANG_WARN_BOOL_CONVERSION = YES;
				CLANG_WARN_COMMA = YES;
				CLANG_WARN_CONSTANT_CONVERSION = YES;
				CLANG_WARN_DEPRECATED_OBJC_IMPLEMENTATIONS = YES;
				CLANG_WARN_DIRECT_OBJC_ISA_USAGE = YES_ERROR;
				CLANG_WARN_DOCUMENTATION_COMMENTS = YES;
				CLANG_WARN_EMPTY_BODY = YES;
				CLANG_WARN_ENUM_CONVERSION = YES;
				CLANG_WARN_INFINITE_RECURSION = YES;
				CLANG_WARN_INT_CONVERSION = YES;
				CLANG_WARN_NON_LITERAL_NULL_CONVERSION = YES;
				CLANG_WARN_OBJC_IMPLICIT_RETAIN_SELF = YES;
				CLANG_WARN_OBJC_LITERAL_CONVERSION = YES;
				CLANG_WARN_OBJC_ROOT_CLASS = YES_ERROR;
				CLANG_WARN_QUOTED_INCLUDE_IN_FRAMEWORK_HEADER = YES;
				CLANG_WARN_RANGE_LOOP_ANALYSIS = YES;
				CLANG_WARN_STRICT_PROTOTYPES = YES;
				CLANG_WARN_SUSPICIOUS_MOVE = YES;
				CLANG_WARN_UNGUARDED_AVAILABILITY = YES_AGGRESSIVE;
				CLANG_WARN_UNREACHABLE_CODE = YES;
				CLANG_WARN__DUPLICATE_METHOD_MATCH = YES;
				COPY_PHASE_STRIP = NO;
				DEBUG_INFORMATION_FORMAT = "dwarf-with-dsym";
				ENABLE_NS_ASSERTIONS = NO;
				ENABLE_STRICT_OBJC_MSGSEND = YES;
				GCC_C_LANGUAGE_STANDARD = gnu11;
				GCC_NO_COMMON_BLOCKS = YES;
				GCC_WARN_64_TO_32_BIT_CONVERSION = YES;
				GCC_WARN_ABOUT_RETURN_TYPE = YES_ERROR;
				GCC_WARN_UNDECLARED_SELECTOR = YES;
				GCC_WARN_UNINITIALIZED_AUTOS = YES_AGGRESSIVE;
				GCC_WARN_UNUSED_FUNCTION = YES;
				GCC_WARN_UNUSED_VARIABLE = YES;
				IPHONEOS_DEPLOYMENT_TARGET = 14.4;
				MTL_ENABLE_DEBUG_INFO = NO;
				MTL_FAST_MATH = YES;
				SDKROOT = iphoneos;
				SWIFT_COMPILATION_MODE = wholemodule;
				SWIFT_OPTIMIZATION_LEVEL = "-O";
				VALIDATE_PRODUCT = YES;
			};
			name = Release;
		};
		DBB8D501261FB1190041F32B /* Debug */ = {
			isa = XCBuildConfiguration;
			buildSettings = {
				ASSETCATALOG_COMPILER_APPICON_NAME = AppIcon;
				ASSETCATALOG_COMPILER_GLOBAL_ACCENT_COLOR_NAME = AccentColor;
				CODE_SIGN_STYLE = Automatic;
				DEVELOPMENT_TEAM = BTWWPDZ4GE;
				INFOPLIST_FILE = ScrollViewImplementation/Info.plist;
				LD_RUNPATH_SEARCH_PATHS = (
					"$(inherited)",
					"@executable_path/Frameworks",
				);
				PRODUCT_BUNDLE_IDENTIFIER = com.yfujiki.ScrollViewImplementation;
				PRODUCT_NAME = "$(TARGET_NAME)";
				SWIFT_VERSION = 5.0;
				TARGETED_DEVICE_FAMILY = "1,2";
			};
			name = Debug;
		};
		DBB8D502261FB1190041F32B /* Release */ = {
			isa = XCBuildConfiguration;
			buildSettings = {
				ASSETCATALOG_COMPILER_APPICON_NAME = AppIcon;
				ASSETCATALOG_COMPILER_GLOBAL_ACCENT_COLOR_NAME = AccentColor;
				CODE_SIGN_STYLE = Automatic;
				DEVELOPMENT_TEAM = BTWWPDZ4GE;
				INFOPLIST_FILE = ScrollViewImplementation/Info.plist;
				LD_RUNPATH_SEARCH_PATHS = (
					"$(inherited)",
					"@executable_path/Frameworks",
				);
				PRODUCT_BUNDLE_IDENTIFIER = com.yfujiki.ScrollViewImplementation;
				PRODUCT_NAME = "$(TARGET_NAME)";
				SWIFT_VERSION = 5.0;
				TARGETED_DEVICE_FAMILY = "1,2";
			};
			name = Release;
		};
		DBB8D504261FB1190041F32B /* Debug */ = {
			isa = XCBuildConfiguration;
			buildSettings = {
				ALWAYS_EMBED_SWIFT_STANDARD_LIBRARIES = YES;
				BUNDLE_LOADER = "$(TEST_HOST)";
				CODE_SIGN_STYLE = Automatic;
				DEVELOPMENT_TEAM = BTWWPDZ4GE;
				INFOPLIST_FILE = ScrollViewImplementationTests/Info.plist;
				IPHONEOS_DEPLOYMENT_TARGET = 14.4;
				LD_RUNPATH_SEARCH_PATHS = (
					"$(inherited)",
					"@executable_path/Frameworks",
					"@loader_path/Frameworks",
				);
				PRODUCT_BUNDLE_IDENTIFIER = com.yfujiki.ScrollViewImplementationTests;
				PRODUCT_NAME = "$(TARGET_NAME)";
				SWIFT_VERSION = 5.0;
				TARGETED_DEVICE_FAMILY = "1,2";
				TEST_HOST = "$(BUILT_PRODUCTS_DIR)/ScrollViewImplementation.app/ScrollViewImplementation";
			};
			name = Debug;
		};
		DBB8D505261FB1190041F32B /* Release */ = {
			isa = XCBuildConfiguration;
			buildSettings = {
				ALWAYS_EMBED_SWIFT_STANDARD_LIBRARIES = YES;
				BUNDLE_LOADER = "$(TEST_HOST)";
				CODE_SIGN_STYLE = Automatic;
				DEVELOPMENT_TEAM = BTWWPDZ4GE;
				INFOPLIST_FILE = ScrollViewImplementationTests/Info.plist;
				IPHONEOS_DEPLOYMENT_TARGET = 14.4;
				LD_RUNPATH_SEARCH_PATHS = (
					"$(inherited)",
					"@executable_path/Frameworks",
					"@loader_path/Frameworks",
				);
				PRODUCT_BUNDLE_IDENTIFIER = com.yfujiki.ScrollViewImplementationTests;
				PRODUCT_NAME = "$(TARGET_NAME)";
				SWIFT_VERSION = 5.0;
				TARGETED_DEVICE_FAMILY = "1,2";
				TEST_HOST = "$(BUILT_PRODUCTS_DIR)/ScrollViewImplementation.app/ScrollViewImplementation";
			};
			name = Release;
		};
		DBB8D507261FB1190041F32B /* Debug */ = {
			isa = XCBuildConfiguration;
			buildSettings = {
				ALWAYS_EMBED_SWIFT_STANDARD_LIBRARIES = YES;
				CODE_SIGN_STYLE = Automatic;
				DEVELOPMENT_TEAM = BTWWPDZ4GE;
				INFOPLIST_FILE = ScrollViewImplementationUITests/Info.plist;
				LD_RUNPATH_SEARCH_PATHS = (
					"$(inherited)",
					"@executable_path/Frameworks",
					"@loader_path/Frameworks",
				);
				PRODUCT_BUNDLE_IDENTIFIER = com.yfujiki.ScrollViewImplementationUITests;
				PRODUCT_NAME = "$(TARGET_NAME)";
				SWIFT_VERSION = 5.0;
				TARGETED_DEVICE_FAMILY = "1,2";
				TEST_TARGET_NAME = ScrollViewImplementation;
			};
			name = Debug;
		};
		DBB8D508261FB1190041F32B /* Release */ = {
			isa = XCBuildConfiguration;
			buildSettings = {
				ALWAYS_EMBED_SWIFT_STANDARD_LIBRARIES = YES;
				CODE_SIGN_STYLE = Automatic;
				DEVELOPMENT_TEAM = BTWWPDZ4GE;
				INFOPLIST_FILE = ScrollViewImplementationUITests/Info.plist;
				LD_RUNPATH_SEARCH_PATHS = (
					"$(inherited)",
					"@executable_path/Frameworks",
					"@loader_path/Frameworks",
				);
				PRODUCT_BUNDLE_IDENTIFIER = com.yfujiki.ScrollViewImplementationUITests;
				PRODUCT_NAME = "$(TARGET_NAME)";
				SWIFT_VERSION = 5.0;
				TARGETED_DEVICE_FAMILY = "1,2";
				TEST_TARGET_NAME = ScrollViewImplementation;
			};
			name = Release;
		};
/* End XCBuildConfiguration section */

/* Begin XCConfigurationList section */
		DBB8D4D1261FB1170041F32B /* Build configuration list for PBXProject "ScrollViewImplementation" */ = {
			isa = XCConfigurationList;
			buildConfigurations = (
				DBB8D4FE261FB1190041F32B /* Debug */,
				DBB8D4FF261FB1190041F32B /* Release */,
			);
			defaultConfigurationIsVisible = 0;
			defaultConfigurationName = Release;
		};
		DBB8D500261FB1190041F32B /* Build configuration list for PBXNativeTarget "ScrollViewImplementation" */ = {
			isa = XCConfigurationList;
			buildConfigurations = (
				DBB8D501261FB1190041F32B /* Debug */,
				DBB8D502261FB1190041F32B /* Release */,
			);
			defaultConfigurationIsVisible = 0;
			defaultConfigurationName = Release;
		};
		DBB8D503261FB1190041F32B /* Build configuration list for PBXNativeTarget "ScrollViewImplementationTests" */ = {
			isa = XCConfigurationList;
			buildConfigurations = (
				DBB8D504261FB1190041F32B /* Debug */,
				DBB8D505261FB1190041F32B /* Release */,
			);
			defaultConfigurationIsVisible = 0;
			defaultConfigurationName = Release;
		};
		DBB8D506261FB1190041F32B /* Build configuration list for PBXNativeTarget "ScrollViewImplementationUITests" */ = {
			isa = XCConfigurationList;
			buildConfigurations = (
				DBB8D507261FB1190041F32B /* Debug */,
				DBB8D508261FB1190041F32B /* Release */,
			);
			defaultConfigurationIsVisible = 0;
			defaultConfigurationName = Release;
		};
/* End XCConfigurationList section */
	};
	rootObject = DBB8D4CE261FB1170041F32B /* Project object */;
}
