// !$*UTF8*$!
{
	archiveVersion = 1;
	classes = {
	};
	objectVersion = 50;
	objects = {

/* Begin PBXBuildFile section */
		DBB8D519261FC59A0041F32B /* AppDelegate.swift in Sources */ = {isa = PBXBuildFile; fileRef = DBB8D518261FC59A0041F32B /* AppDelegate.swift */; };
		DBB8D51B261FC59A0041F32B /* SceneDelegate.swift in Sources */ = {isa = PBXBuildFile; fileRef = DBB8D51A261FC59A0041F32B /* SceneDelegate.swift */; };
		DBB8D51D261FC59A0041F32B /* ViewController.swift in Sources */ = {isa = PBXBuildFile; fileRef = DBB8D51C261FC59A0041F32B /* ViewController.swift */; };
		DBB8D520261FC59A0041F32B /* Main.storyboard in Resources */ = {isa = PBXBuildFile; fileRef = DBB8D51E261FC59A0041F32B /* Main.storyboard */; };
		DBB8D522261FC59C0041F32B /* Assets.xcassets in Resources */ = {isa = PBXBuildFile; fileRef = DBB8D521261FC59C0041F32B /* Assets.xcassets */; };
		DBB8D525261FC59C0041F32B /* LaunchScreen.storyboard in Resources */ = {isa = PBXBuildFile; fileRef = DBB8D523261FC59C0041F32B /* LaunchScreen.storyboard */; };
		DBB8D530261FC59C0041F32B /* CATiledLayerImplementationTests.swift in Sources */ = {isa = PBXBuildFile; fileRef = DBB8D52F261FC59C0041F32B /* CATiledLayerImplementationTests.swift */; };
		DBB8D53B261FC59C0041F32B /* CATiledLayerImplementationUITests.swift in Sources */ = {isa = PBXBuildFile; fileRef = DBB8D53A261FC59C0041F32B /* CATiledLayerImplementationUITests.swift */; };
		DBBDCC5C262653DE0063E591 /* GalleryView.swift in Sources */ = {isa = PBXBuildFile; fileRef = DBBDCC5B262653DE0063E591 /* GalleryView.swift */; };
		DBBDCC7626273D5D0063E591 /* GalleryScrollView.swift in Sources */ = {isa = PBXBuildFile; fileRef = DBBDCC7526273D5D0063E591 /* GalleryScrollView.swift */; };
		DBBDCC9C262743E60063E591 /* Sample-L2-R2-C1.jpg in Resources */ = {isa = PBXBuildFile; fileRef = DBBDCC87262743E30063E591 /* Sample-L2-R2-C1.jpg */; };
		DBBDCC9D262743E60063E591 /* Sample-L2-R1-C1.jpg in Resources */ = {isa = PBXBuildFile; fileRef = DBBDCC88262743E30063E591 /* Sample-L2-R1-C1.jpg */; };
		DBBDCC9E262743E60063E591 /* Sample-L2-R0-C3.jpg in Resources */ = {isa = PBXBuildFile; fileRef = DBBDCC89262743E30063E591 /* Sample-L2-R0-C3.jpg */; };
		DBBDCC9F262743E60063E591 /* Sample-L2-R3-C1.jpg in Resources */ = {isa = PBXBuildFile; fileRef = DBBDCC8A262743E30063E591 /* Sample-L2-R3-C1.jpg */; };
		DBBDCCA0262743E60063E591 /* Sample-L1-R0-C1.jpg in Resources */ = {isa = PBXBuildFile; fileRef = DBBDCC8B262743E30063E591 /* Sample-L1-R0-C1.jpg */; };
		DBBDCCA1262743E60063E591 /* Sample-L2-R3-C2.jpg in Resources */ = {isa = PBXBuildFile; fileRef = DBBDCC8C262743E40063E591 /* Sample-L2-R3-C2.jpg */; };
		DBBDCCA2262743E60063E591 /* Sample-L2-R1-C0.jpg in Resources */ = {isa = PBXBuildFile; fileRef = DBBDCC8D262743E40063E591 /* Sample-L2-R1-C0.jpg */; };
		DBBDCCA3262743E60063E591 /* Sample-L2-R0-C0.jpg in Resources */ = {isa = PBXBuildFile; fileRef = DBBDCC8E262743E40063E591 /* Sample-L2-R0-C0.jpg */; };
		DBBDCCA4262743E60063E591 /* Sample-L2-R0-C2.jpg in Resources */ = {isa = PBXBuildFile; fileRef = DBBDCC8F262743E40063E591 /* Sample-L2-R0-C2.jpg */; };
		DBBDCCA5262743E60063E591 /* Sample-L2-R2-C0.jpg in Resources */ = {isa = PBXBuildFile; fileRef = DBBDCC90262743E40063E591 /* Sample-L2-R2-C0.jpg */; };
		DBBDCCA6262743E60063E591 /* Sample-L1-R1-C1.jpg in Resources */ = {isa = PBXBuildFile; fileRef = DBBDCC91262743E40063E591 /* Sample-L1-R1-C1.jpg */; };
		DBBDCCA7262743E60063E591 /* Sample-L2-R3-C3.jpg in Resources */ = {isa = PBXBuildFile; fileRef = DBBDCC92262743E50063E591 /* Sample-L2-R3-C3.jpg */; };
		DBBDCCA8262743E60063E591 /* Sample-L2-R0-C1.jpg in Resources */ = {isa = PBXBuildFile; fileRef = DBBDCC93262743E50063E591 /* Sample-L2-R0-C1.jpg */; };
		DBBDCCA9262743E60063E591 /* Sample-L2-R1-C3.jpg in Resources */ = {isa = PBXBuildFile; fileRef = DBBDCC94262743E50063E591 /* Sample-L2-R1-C3.jpg */; };
		DBBDCCAA262743E60063E591 /* Sample-L2-R2-C3.jpg in Resources */ = {isa = PBXBuildFile; fileRef = DBBDCC95262743E50063E591 /* Sample-L2-R2-C3.jpg */; };
		DBBDCCAB262743E60063E591 /* Sample-L2-R2-C2.jpg in Resources */ = {isa = PBXBuildFile; fileRef = DBBDCC96262743E50063E591 /* Sample-L2-R2-C2.jpg */; };
		DBBDCCAC262743E60063E591 /* Sample-L1-R1-C0.jpg in Resources */ = {isa = PBXBuildFile; fileRef = DBBDCC97262743E60063E591 /* Sample-L1-R1-C0.jpg */; };
		DBBDCCAD262743E60063E591 /* Sample-L2-R3-C0.jpg in Resources */ = {isa = PBXBuildFile; fileRef = DBBDCC98262743E60063E591 /* Sample-L2-R3-C0.jpg */; };
		DBBDCCAE262743E60063E591 /* Sample-L2-R1-C2.jpg in Resources */ = {isa = PBXBuildFile; fileRef = DBBDCC99262743E60063E591 /* Sample-L2-R1-C2.jpg */; };
		DBBDCCAF262743E60063E591 /* Sample-L1-R0-C0.jpg in Resources */ = {isa = PBXBuildFile; fileRef = DBBDCC9A262743E60063E591 /* Sample-L1-R0-C0.jpg */; };
		DBBDCCB0262743E60063E591 /* Sample-L0-R0-C0.jpg in Resources */ = {isa = PBXBuildFile; fileRef = DBBDCC9B262743E60063E591 /* Sample-L0-R0-C0.jpg */; };
/* End PBXBuildFile section */

/* Begin PBXContainerItemProxy section */
		DBB8D52C261FC59C0041F32B /* PBXContainerItemProxy */ = {
			isa = PBXContainerItemProxy;
			containerPortal = DBB8D50D261FC59A0041F32B /* Project object */;
			proxyType = 1;
			remoteGlobalIDString = DBB8D514261FC59A0041F32B;
			remoteInfo = CATiledLayerImplementation;
		};
		DBB8D537261FC59C0041F32B /* PBXContainerItemProxy */ = {
			isa = PBXContainerItemProxy;
			containerPortal = DBB8D50D261FC59A0041F32B /* Project object */;
			proxyType = 1;
			remoteGlobalIDString = DBB8D514261FC59A0041F32B;
			remoteInfo = CATiledLayerImplementation;
		};
/* End PBXContainerItemProxy section */

/* Begin PBXFileReference section */
		DBB8D515261FC59A0041F32B /* CATiledLayerImplementation.app */ = {isa = PBXFileReference; explicitFileType = wrapper.application; includeInIndex = 0; path = CATiledLayerImplementation.app; sourceTree = BUILT_PRODUCTS_DIR; };
		DBB8D518261FC59A0041F32B /* AppDelegate.swift */ = {isa = PBXFileReference; lastKnownFileType = sourcecode.swift; path = AppDelegate.swift; sourceTree = "<group>"; };
		DBB8D51A261FC59A0041F32B /* SceneDelegate.swift */ = {isa = PBXFileReference; lastKnownFileType = sourcecode.swift; path = SceneDelegate.swift; sourceTree = "<group>"; };
		DBB8D51C261FC59A0041F32B /* ViewController.swift */ = {isa = PBXFileReference; lastKnownFileType = sourcecode.swift; path = ViewController.swift; sourceTree = "<group>"; };
		DBB8D51F261FC59A0041F32B /* Base */ = {isa = PBXFileReference; lastKnownFileType = file.storyboard; name = Base; path = Base.lproj/Main.storyboard; sourceTree = "<group>"; };
		DBB8D521261FC59C0041F32B /* Assets.xcassets */ = {isa = PBXFileReference; lastKnownFileType = folder.assetcatalog; path = Assets.xcassets; sourceTree = "<group>"; };
		DBB8D524261FC59C0041F32B /* Base */ = {isa = PBXFileReference; lastKnownFileType = file.storyboard; name = Base; path = Base.lproj/LaunchScreen.storyboard; sourceTree = "<group>"; };
		DBB8D526261FC59C0041F32B /* Info.plist */ = {isa = PBXFileReference; lastKnownFileType = text.plist.xml; path = Info.plist; sourceTree = "<group>"; };
		DBB8D52B261FC59C0041F32B /* CATiledLayerImplementationTests.xctest */ = {isa = PBXFileReference; explicitFileType = wrapper.cfbundle; includeInIndex = 0; path = CATiledLayerImplementationTests.xctest; sourceTree = BUILT_PRODUCTS_DIR; };
		DBB8D52F261FC59C0041F32B /* CATiledLayerImplementationTests.swift */ = {isa = PBXFileReference; lastKnownFileType = sourcecode.swift; path = CATiledLayerImplementationTests.swift; sourceTree = "<group>"; };
		DBB8D531261FC59C0041F32B /* Info.plist */ = {isa = PBXFileReference; lastKnownFileType = text.plist.xml; path = Info.plist; sourceTree = "<group>"; };
		DBB8D536261FC59C0041F32B /* CATiledLayerImplementationUITests.xctest */ = {isa = PBXFileReference; explicitFileType = wrapper.cfbundle; includeInIndex = 0; path = CATiledLayerImplementationUITests.xctest; sourceTree = BUILT_PRODUCTS_DIR; };
		DBB8D53A261FC59C0041F32B /* CATiledLayerImplementationUITests.swift */ = {isa = PBXFileReference; lastKnownFileType = sourcecode.swift; path = CATiledLayerImplementationUITests.swift; sourceTree = "<group>"; };
		DBB8D53C261FC59C0041F32B /* Info.plist */ = {isa = PBXFileReference; lastKnownFileType = text.plist.xml; path = Info.plist; sourceTree = "<group>"; };
		DBBDCC5B262653DE0063E591 /* GalleryView.swift */ = {isa = PBXFileReference; lastKnownFileType = sourcecode.swift; path = GalleryView.swift; sourceTree = "<group>"; };
		DBBDCC7526273D5D0063E591 /* GalleryScrollView.swift */ = {isa = PBXFileReference; lastKnownFileType = sourcecode.swift; path = GalleryScrollView.swift; sourceTree = "<group>"; };
		DBBDCC87262743E30063E591 /* Sample-L2-R2-C1.jpg */ = {isa = PBXFileReference; lastKnownFileType = image.jpeg; path = "Sample-L2-R2-C1.jpg"; sourceTree = "<group>"; };
		DBBDCC88262743E30063E591 /* Sample-L2-R1-C1.jpg */ = {isa = PBXFileReference; lastKnownFileType = image.jpeg; path = "Sample-L2-R1-C1.jpg"; sourceTree = "<group>"; };
		DBBDCC89262743E30063E591 /* Sample-L2-R0-C3.jpg */ = {isa = PBXFileReference; lastKnownFileType = image.jpeg; path = "Sample-L2-R0-C3.jpg"; sourceTree = "<group>"; };
		DBBDCC8A262743E30063E591 /* Sample-L2-R3-C1.jpg */ = {isa = PBXFileReference; lastKnownFileType = image.jpeg; path = "Sample-L2-R3-C1.jpg"; sourceTree = "<group>"; };
		DBBDCC8B262743E30063E591 /* Sample-L1-R0-C1.jpg */ = {isa = PBXFileReference; lastKnownFileType = image.jpeg; path = "Sample-L1-R0-C1.jpg"; sourceTree = "<group>"; };
		DBBDCC8C262743E40063E591 /* Sample-L2-R3-C2.jpg */ = {isa = PBXFileReference; lastKnownFileType = image.jpeg; path = "Sample-L2-R3-C2.jpg"; sourceTree = "<group>"; };
		DBBDCC8D262743E40063E591 /* Sample-L2-R1-C0.jpg */ = {isa = PBXFileReference; lastKnownFileType = image.jpeg; path = "Sample-L2-R1-C0.jpg"; sourceTree = "<group>"; };
		DBBDCC8E262743E40063E591 /* Sample-L2-R0-C0.jpg */ = {isa = PBXFileReference; lastKnownFileType = image.jpeg; path = "Sample-L2-R0-C0.jpg"; sourceTree = "<group>"; };
		DBBDCC8F262743E40063E591 /* Sample-L2-R0-C2.jpg */ = {isa = PBXFileReference; lastKnownFileType = image.jpeg; path = "Sample-L2-R0-C2.jpg"; sourceTree = "<group>"; };
		DBBDCC90262743E40063E591 /* Sample-L2-R2-C0.jpg */ = {isa = PBXFileReference; lastKnownFileType = image.jpeg; path = "Sample-L2-R2-C0.jpg"; sourceTree = "<group>"; };
		DBBDCC91262743E40063E591 /* Sample-L1-R1-C1.jpg */ = {isa = PBXFileReference; lastKnownFileType = image.jpeg; path = "Sample-L1-R1-C1.jpg"; sourceTree = "<group>"; };
		DBBDCC92262743E50063E591 /* Sample-L2-R3-C3.jpg */ = {isa = PBXFileReference; lastKnownFileType = image.jpeg; path = "Sample-L2-R3-C3.jpg"; sourceTree = "<group>"; };
		DBBDCC93262743E50063E591 /* Sample-L2-R0-C1.jpg */ = {isa = PBXFileReference; lastKnownFileType = image.jpeg; path = "Sample-L2-R0-C1.jpg"; sourceTree = "<group>"; };
		DBBDCC94262743E50063E591 /* Sample-L2-R1-C3.jpg */ = {isa = PBXFileReference; lastKnownFileType = image.jpeg; path = "Sample-L2-R1-C3.jpg"; sourceTree = "<group>"; };
		DBBDCC95262743E50063E591 /* Sample-L2-R2-C3.jpg */ = {isa = PBXFileReference; lastKnownFileType = image.jpeg; path = "Sample-L2-R2-C3.jpg"; sourceTree = "<group>"; };
		DBBDCC96262743E50063E591 /* Sample-L2-R2-C2.jpg */ = {isa = PBXFileReference; lastKnownFileType = image.jpeg; path = "Sample-L2-R2-C2.jpg"; sourceTree = "<group>"; };
		DBBDCC97262743E60063E591 /* Sample-L1-R1-C0.jpg */ = {isa = PBXFileReference; lastKnownFileType = image.jpeg; path = "Sample-L1-R1-C0.jpg"; sourceTree = "<group>"; };
		DBBDCC98262743E60063E591 /* Sample-L2-R3-C0.jpg */ = {isa = PBXFileReference; lastKnownFileType = image.jpeg; path = "Sample-L2-R3-C0.jpg"; sourceTree = "<group>"; };
		DBBDCC99262743E60063E591 /* Sample-L2-R1-C2.jpg */ = {isa = PBXFileReference; lastKnownFileType = image.jpeg; path = "Sample-L2-R1-C2.jpg"; sourceTree = "<group>"; };
		DBBDCC9A262743E60063E591 /* Sample-L1-R0-C0.jpg */ = {isa = PBXFileReference; lastKnownFileType = image.jpeg; path = "Sample-L1-R0-C0.jpg"; sourceTree = "<group>"; };
		DBBDCC9B262743E60063E591 /* Sample-L0-R0-C0.jpg */ = {isa = PBXFileReference; lastKnownFileType = image.jpeg; path = "Sample-L0-R0-C0.jpg"; sourceTree = "<group>"; };
/* End PBXFileReference section */

/* Begin PBXFrameworksBuildPhase section */
		DBB8D512261FC59A0041F32B /* Frameworks */ = {
			isa = PBXFrameworksBuildPhase;
			buildActionMask = 2147483647;
			files = (
			);
			runOnlyForDeploymentPostprocessing = 0;
		};
		DBB8D528261FC59C0041F32B /* Frameworks */ = {
			isa = PBXFrameworksBuildPhase;
			buildActionMask = 2147483647;
			files = (
			);
			runOnlyForDeploymentPostprocessing = 0;
		};
		DBB8D533261FC59C0041F32B /* Frameworks */ = {
			isa = PBXFrameworksBuildPhase;
			buildActionMask = 2147483647;
			files = (
			);
			runOnlyForDeploymentPostprocessing = 0;
		};
/* End PBXFrameworksBuildPhase section */

/* Begin PBXGroup section */
		DBB8D50C261FC59A0041F32B = {
			isa = PBXGroup;
			children = (
				DBB8D517261FC59A0041F32B /* CATiledLayerImplementation */,
				DBB8D52E261FC59C0041F32B /* CATiledLayerImplementationTests */,
				DBB8D539261FC59C0041F32B /* CATiledLayerImplementationUITests */,
				DBB8D516261FC59A0041F32B /* Products */,
			);
			sourceTree = "<group>";
		};
		DBB8D516261FC59A0041F32B /* Products */ = {
			isa = PBXGroup;
			children = (
				DBB8D515261FC59A0041F32B /* CATiledLayerImplementation.app */,
				DBB8D52B261FC59C0041F32B /* CATiledLayerImplementationTests.xctest */,
				DBB8D536261FC59C0041F32B /* CATiledLayerImplementationUITests.xctest */,
			);
			name = Products;
			sourceTree = "<group>";
		};
		DBB8D517261FC59A0041F32B /* CATiledLayerImplementation */ = {
			isa = PBXGroup;
			children = (
				DBBDCC82262743B40063E591 /* Resources */,
				DBBDCC7526273D5D0063E591 /* GalleryScrollView.swift */,
				DBBDCC5B262653DE0063E591 /* GalleryView.swift */,
				DBB8D518261FC59A0041F32B /* AppDelegate.swift */,
				DBB8D51A261FC59A0041F32B /* SceneDelegate.swift */,
				DBB8D51C261FC59A0041F32B /* ViewController.swift */,
				DBB8D51E261FC59A0041F32B /* Main.storyboard */,
				DBB8D521261FC59C0041F32B /* Assets.xcassets */,
				DBB8D523261FC59C0041F32B /* LaunchScreen.storyboard */,
				DBB8D526261FC59C0041F32B /* Info.plist */,
			);
			path = CATiledLayerImplementation;
			sourceTree = "<group>";
		};
		DBB8D52E261FC59C0041F32B /* CATiledLayerImplementationTests */ = {
			isa = PBXGroup;
			children = (
				DBB8D52F261FC59C0041F32B /* CATiledLayerImplementationTests.swift */,
				DBB8D531261FC59C0041F32B /* Info.plist */,
			);
			path = CATiledLayerImplementationTests;
			sourceTree = "<group>";
		};
		DBB8D539261FC59C0041F32B /* CATiledLayerImplementationUITests */ = {
			isa = PBXGroup;
			children = (
				DBB8D53A261FC59C0041F32B /* CATiledLayerImplementationUITests.swift */,
				DBB8D53C261FC59C0041F32B /* Info.plist */,
			);
			path = CATiledLayerImplementationUITests;
			sourceTree = "<group>";
		};
		DBBDCC82262743B40063E591 /* Resources */ = {
			isa = PBXGroup;
			children = (
				DBBDCC9B262743E60063E591 /* Sample-L0-R0-C0.jpg */,
				DBBDCC9A262743E60063E591 /* Sample-L1-R0-C0.jpg */,
				DBBDCC8B262743E30063E591 /* Sample-L1-R0-C1.jpg */,
				DBBDCC97262743E60063E591 /* Sample-L1-R1-C0.jpg */,
				DBBDCC91262743E40063E591 /* Sample-L1-R1-C1.jpg */,
				DBBDCC8E262743E40063E591 /* Sample-L2-R0-C0.jpg */,
				DBBDCC93262743E50063E591 /* Sample-L2-R0-C1.jpg */,
				DBBDCC8F262743E40063E591 /* Sample-L2-R0-C2.jpg */,
				DBBDCC89262743E30063E591 /* Sample-L2-R0-C3.jpg */,
				DBBDCC8D262743E40063E591 /* Sample-L2-R1-C0.jpg */,
				DBBDCC88262743E30063E591 /* Sample-L2-R1-C1.jpg */,
				DBBDCC99262743E60063E591 /* Sample-L2-R1-C2.jpg */,
				DBBDCC94262743E50063E591 /* Sample-L2-R1-C3.jpg */,
				DBBDCC90262743E40063E591 /* Sample-L2-R2-C0.jpg */,
				DBBDCC87262743E30063E591 /* Sample-L2-R2-C1.jpg */,
				DBBDCC96262743E50063E591 /* Sample-L2-R2-C2.jpg */,
				DBBDCC95262743E50063E591 /* Sample-L2-R2-C3.jpg */,
				DBBDCC98262743E60063E591 /* Sample-L2-R3-C0.jpg */,
				DBBDCC8A262743E30063E591 /* Sample-L2-R3-C1.jpg */,
				DBBDCC8C262743E40063E591 /* Sample-L2-R3-C2.jpg */,
				DBBDCC92262743E50063E591 /* Sample-L2-R3-C3.jpg */,
			);
			path = Resources;
			sourceTree = "<group>";
		};
/* End PBXGroup section */

/* Begin PBXNativeTarget section */
		DBB8D514261FC59A0041F32B /* CATiledLayerImplementation */ = {
			isa = PBXNativeTarget;
			buildConfigurationList = DBB8D53F261FC59C0041F32B /* Build configuration list for PBXNativeTarget "CATiledLayerImplementation" */;
			buildPhases = (
				DBB8D511261FC59A0041F32B /* Sources */,
				DBB8D512261FC59A0041F32B /* Frameworks */,
				DBB8D513261FC59A0041F32B /* Resources */,
			);
			buildRules = (
			);
			dependencies = (
			);
			name = CATiledLayerImplementation;
			productName = CATiledLayerImplementation;
			productReference = DBB8D515261FC59A0041F32B /* CATiledLayerImplementation.app */;
			productType = "com.apple.product-type.application";
		};
		DBB8D52A261FC59C0041F32B /* CATiledLayerImplementationTests */ = {
			isa = PBXNativeTarget;
			buildConfigurationList = DBB8D542261FC59C0041F32B /* Build configuration list for PBXNativeTarget "CATiledLayerImplementationTests" */;
			buildPhases = (
				DBB8D527261FC59C0041F32B /* Sources */,
				DBB8D528261FC59C0041F32B /* Frameworks */,
				DBB8D529261FC59C0041F32B /* Resources */,
			);
			buildRules = (
			);
			dependencies = (
				DBB8D52D261FC59C0041F32B /* PBXTargetDependency */,
			);
			name = CATiledLayerImplementationTests;
			productName = CATiledLayerImplementationTests;
			productReference = DBB8D52B261FC59C0041F32B /* CATiledLayerImplementationTests.xctest */;
			productType = "com.apple.product-type.bundle.unit-test";
		};
		DBB8D535261FC59C0041F32B /* CATiledLayerImplementationUITests */ = {
			isa = PBXNativeTarget;
			buildConfigurationList = DBB8D545261FC59C0041F32B /* Build configuration list for PBXNativeTarget "CATiledLayerImplementationUITests" */;
			buildPhases = (
				DBB8D532261FC59C0041F32B /* Sources */,
				DBB8D533261FC59C0041F32B /* Frameworks */,
				DBB8D534261FC59C0041F32B /* Resources */,
			);
			buildRules = (
			);
			dependencies = (
				DBB8D538261FC59C0041F32B /* PBXTargetDependency */,
			);
			name = CATiledLayerImplementationUITests;
			productName = CATiledLayerImplementationUITests;
			productReference = DBB8D536261FC59C0041F32B /* CATiledLayerImplementationUITests.xctest */;
			productType = "com.apple.product-type.bundle.ui-testing";
		};
/* End PBXNativeTarget section */

/* Begin PBXProject section */
		DBB8D50D261FC59A0041F32B /* Project object */ = {
			isa = PBXProject;
			attributes = {
				LastSwiftUpdateCheck = 1240;
				LastUpgradeCheck = 1240;
				TargetAttributes = {
					DBB8D514261FC59A0041F32B = {
						CreatedOnToolsVersion = 12.4;
					};
					DBB8D52A261FC59C0041F32B = {
						CreatedOnToolsVersion = 12.4;
						TestTargetID = DBB8D514261FC59A0041F32B;
					};
					DBB8D535261FC59C0041F32B = {
						CreatedOnToolsVersion = 12.4;
						TestTargetID = DBB8D514261FC59A0041F32B;
					};
				};
			};
			buildConfigurationList = DBB8D510261FC59A0041F32B /* Build configuration list for PBXProject "CATiledLayerImplementation" */;
			compatibilityVersion = "Xcode 9.3";
			developmentRegion = en;
			hasScannedForEncodings = 0;
			knownRegions = (
				en,
				Base,
			);
			mainGroup = DBB8D50C261FC59A0041F32B;
			productRefGroup = DBB8D516261FC59A0041F32B /* Products */;
			projectDirPath = "";
			projectRoot = "";
			targets = (
				DBB8D514261FC59A0041F32B /* CATiledLayerImplementation */,
				DBB8D52A261FC59C0041F32B /* CATiledLayerImplementationTests */,
				DBB8D535261FC59C0041F32B /* CATiledLayerImplementationUITests */,
			);
		};
/* End PBXProject section */

/* Begin PBXResourcesBuildPhase section */
		DBB8D513261FC59A0041F32B /* Resources */ = {
			isa = PBXResourcesBuildPhase;
			buildActionMask = 2147483647;
			files = (
				DBBDCCA3262743E60063E591 /* Sample-L2-R0-C0.jpg in Resources */,
				DBBDCCAE262743E60063E591 /* Sample-L2-R1-C2.jpg in Resources */,
				DBBDCCAA262743E60063E591 /* Sample-L2-R2-C3.jpg in Resources */,
				DBBDCCAB262743E60063E591 /* Sample-L2-R2-C2.jpg in Resources */,
				DBBDCCA8262743E60063E591 /* Sample-L2-R0-C1.jpg in Resources */,
				DBBDCCA6262743E60063E591 /* Sample-L1-R1-C1.jpg in Resources */,
				DBBDCCA0262743E60063E591 /* Sample-L1-R0-C1.jpg in Resources */,
				DBBDCCA1262743E60063E591 /* Sample-L2-R3-C2.jpg in Resources */,
				DBBDCCA5262743E60063E591 /* Sample-L2-R2-C0.jpg in Resources */,
				DBB8D525261FC59C0041F32B /* LaunchScreen.storyboard in Resources */,
				DBBDCCA2262743E60063E591 /* Sample-L2-R1-C0.jpg in Resources */,
				DBB8D522261FC59C0041F32B /* Assets.xcassets in Resources */,
				DBBDCCA4262743E60063E591 /* Sample-L2-R0-C2.jpg in Resources */,
				DBBDCCAC262743E60063E591 /* Sample-L1-R1-C0.jpg in Resources */,
				DBBDCCB0262743E60063E591 /* Sample-L0-R0-C0.jpg in Resources */,
				DBBDCCAD262743E60063E591 /* Sample-L2-R3-C0.jpg in Resources */,
				DBBDCC9D262743E60063E591 /* Sample-L2-R1-C1.jpg in Resources */,
				DBBDCCA7262743E60063E591 /* Sample-L2-R3-C3.jpg in Resources */,
				DBBDCCA9262743E60063E591 /* Sample-L2-R1-C3.jpg in Resources */,
				DBBDCC9E262743E60063E591 /* Sample-L2-R0-C3.jpg in Resources */,
				DBB8D520261FC59A0041F32B /* Main.storyboard in Resources */,
				DBBDCC9F262743E60063E591 /* Sample-L2-R3-C1.jpg in Resources */,
				DBBDCCAF262743E60063E591 /* Sample-L1-R0-C0.jpg in Resources */,
				DBBDCC9C262743E60063E591 /* Sample-L2-R2-C1.jpg in Resources */,
			);
			runOnlyForDeploymentPostprocessing = 0;
		};
		DBB8D529261FC59C0041F32B /* Resources */ = {
			isa = PBXResourcesBuildPhase;
			buildActionMask = 2147483647;
			files = (
			);
			runOnlyForDeploymentPostprocessing = 0;
		};
		DBB8D534261FC59C0041F32B /* Resources */ = {
			isa = PBXResourcesBuildPhase;
			buildActionMask = 2147483647;
			files = (
			);
			runOnlyForDeploymentPostprocessing = 0;
		};
/* End PBXResourcesBuildPhase section */

/* Begin PBXSourcesBuildPhase section */
		DBB8D511261FC59A0041F32B /* Sources */ = {
			isa = PBXSourcesBuildPhase;
			buildActionMask = 2147483647;
			files = (
				DBB8D51D261FC59A0041F32B /* ViewController.swift in Sources */,
				DBB8D519261FC59A0041F32B /* AppDelegate.swift in Sources */,
				DBBDCC7626273D5D0063E591 /* GalleryScrollView.swift in Sources */,
				DBB8D51B261FC59A0041F32B /* SceneDelegate.swift in Sources */,
				DBBDCC5C262653DE0063E591 /* GalleryView.swift in Sources */,
			);
			runOnlyForDeploymentPostprocessing = 0;
		};
		DBB8D527261FC59C0041F32B /* Sources */ = {
			isa = PBXSourcesBuildPhase;
			buildActionMask = 2147483647;
			files = (
				DBB8D530261FC59C0041F32B /* CATiledLayerImplementationTests.swift in Sources */,
			);
			runOnlyForDeploymentPostprocessing = 0;
		};
		DBB8D532261FC59C0041F32B /* Sources */ = {
			isa = PBXSourcesBuildPhase;
			buildActionMask = 2147483647;
			files = (
				DBB8D53B261FC59C0041F32B /* CATiledLayerImplementationUITests.swift in Sources */,
			);
			runOnlyForDeploymentPostprocessing = 0;
		};
/* End PBXSourcesBuildPhase section */

/* Begin PBXTargetDependency section */
		DBB8D52D261FC59C0041F32B /* PBXTargetDependency */ = {
			isa = PBXTargetDependency;
			target = DBB8D514261FC59A0041F32B /* CATiledLayerImplementation */;
			targetProxy = DBB8D52C261FC59C0041F32B /* PBXContainerItemProxy */;
		};
		DBB8D538261FC59C0041F32B /* PBXTargetDependency */ = {
			isa = PBXTargetDependency;
			target = DBB8D514261FC59A0041F32B /* CATiledLayerImplementation */;
			targetProxy = DBB8D537261FC59C0041F32B /* PBXContainerItemProxy */;
		};
/* End PBXTargetDependency section */

/* Begin PBXVariantGroup section */
		DBB8D51E261FC59A0041F32B /* Main.storyboard */ = {
			isa = PBXVariantGroup;
			children = (
				DBB8D51F261FC59A0041F32B /* Base */,
			);
			name = Main.storyboard;
			sourceTree = "<group>";
		};
		DBB8D523261FC59C0041F32B /* LaunchScreen.storyboard */ = {
			isa = PBXVariantGroup;
			children = (
				DBB8D524261FC59C0041F32B /* Base */,
			);
			name = LaunchScreen.storyboard;
			sourceTree = "<group>";
		};
/* End PBXVariantGroup section */

/* Begin XCBuildConfiguration section */
		DBB8D53D261FC59C0041F32B /* Debug */ = {
			isa = XCBuildConfiguration;
			buildSettings = {
				ALWAYS_SEARCH_USER_PATHS = NO;
				CLANG_ANALYZER_NONNULL = YES;
				CLANG_ANALYZER_NUMBER_OBJECT_CONVERSION = YES_AGGRESSIVE;
				CLANG_CXX_LANGUAGE_STANDARD = "gnu++14";
				CLANG_CXX_LIBRARY = "libc++";
				CLANG_ENABLE_MODULES = YES;
				CLANG_ENABLE_OBJC_ARC = YES;
				CLANG_ENABLE_OBJC_WEAK = YES;
				CLANG_WARN_BLOCK_CAPTURE_AUTORELEASING = YES;
				CLANG_WARN_BOOL_CONVERSION = YES;
				CLANG_WARN_COMMA = YES;
				CLANG_WARN_CONSTANT_CONVERSION = YES;
				CLANG_WARN_DEPRECATED_OBJC_IMPLEMENTATIONS = YES;
				CLANG_WARN_DIRECT_OBJC_ISA_USAGE = YES_ERROR;
				CLANG_WARN_DOCUMENTATION_COMMENTS = YES;
				CLANG_WARN_EMPTY_BODY = YES;
				CLANG_WARN_ENUM_CONVERSION = YES;
				CLANG_WARN_INFINITE_RECURSION = YES;
				CLANG_WARN_INT_CONVERSION = YES;
				CLANG_WARN_NON_LITERAL_NULL_CONVERSION = YES;
				CLANG_WARN_OBJC_IMPLICIT_RETAIN_SELF = YES;
				CLANG_WARN_OBJC_LITERAL_CONVERSION = YES;
				CLANG_WARN_OBJC_ROOT_CLASS = YES_ERROR;
				CLANG_WARN_QUOTED_INCLUDE_IN_FRAMEWORK_HEADER = YES;
				CLANG_WARN_RANGE_LOOP_ANALYSIS = YES;
				CLANG_WARN_STRICT_PROTOTYPES = YES;
				CLANG_WARN_SUSPICIOUS_MOVE = YES;
				CLANG_WARN_UNGUARDED_AVAILABILITY = YES_AGGRESSIVE;
				CLANG_WARN_UNREACHABLE_CODE = YES;
				CLANG_WARN__DUPLICATE_METHOD_MATCH = YES;
				COPY_PHASE_STRIP = NO;
				DEBUG_INFORMATION_FORMAT = dwarf;
				ENABLE_STRICT_OBJC_MSGSEND = YES;
				ENABLE_TESTABILITY = YES;
				GCC_C_LANGUAGE_STANDARD = gnu11;
				GCC_DYNAMIC_NO_PIC = NO;
				GCC_NO_COMMON_BLOCKS = YES;
				GCC_OPTIMIZATION_LEVEL = 0;
				GCC_PREPROCESSOR_DEFINITIONS = (
					"DEBUG=1",
					"$(inherited)",
				);
				GCC_WARN_64_TO_32_BIT_CONVERSION = YES;
				GCC_WARN_ABOUT_RETURN_TYPE = YES_ERROR;
				GCC_WARN_UNDECLARED_SELECTOR = YES;
				GCC_WARN_UNINITIALIZED_AUTOS = YES_AGGRESSIVE;
				GCC_WARN_UNUSED_FUNCTION = YES;
				GCC_WARN_UNUSED_VARIABLE = YES;
				IPHONEOS_DEPLOYMENT_TARGET = 14.4;
				MTL_ENABLE_DEBUG_INFO = INCLUDE_SOURCE;
				MTL_FAST_MATH = YES;
				ONLY_ACTIVE_ARCH = YES;
				SDKROOT = iphoneos;
				SWIFT_ACTIVE_COMPILATION_CONDITIONS = DEBUG;
				SWIFT_OPTIMIZATION_LEVEL = "-Onone";
			};
			name = Debug;
		};
		DBB8D53E261FC59C0041F32B /* Release */ = {
			isa = XCBuildConfiguration;
			buildSettings = {
				ALWAYS_SEARCH_USER_PATHS = NO;
				CLANG_ANALYZER_NONNULL = YES;
				CLANG_ANALYZER_NUMBER_OBJECT_CONVERSION = YES_AGGRESSIVE;
				CLANG_CXX_LANGUAGE_STANDARD = "gnu++14";
				CLANG_CXX_LIBRARY = "libc++";
				CLANG_ENABLE_MODULES = YES;
				CLANG_ENABLE_OBJC_ARC = YES;
				CLANG_ENABLE_OBJC_WEAK = YES;
				CLANG_WARN_BLOCK_CAPTURE_AUTORELEASING = YES;
				CLANG_WARN_BOOL_CONVERSION = YES;
				CLANG_WARN_COMMA = YES;
				CLANG_WARN_CONSTANT_CONVERSION = YES;
				CLANG_WARN_DEPRECATED_OBJC_IMPLEMENTATIONS = YES;
				CLANG_WARN_DIRECT_OBJC_ISA_USAGE = YES_ERROR;
				CLANG_WARN_DOCUMENTATION_COMMENTS = YES;
				CLANG_WARN_EMPTY_BODY = YES;
				CLANG_WARN_ENUM_CONVERSION = YES;
				CLANG_WARN_INFINITE_RECURSION = YES;
				CLANG_WARN_INT_CONVERSION = YES;
				CLANG_WARN_NON_LITERAL_NULL_CONVERSION = YES;
				CLANG_WARN_OBJC_IMPLICIT_RETAIN_SELF = YES;
				CLANG_WARN_OBJC_LITERAL_CONVERSION = YES;
				CLANG_WARN_OBJC_ROOT_CLASS = YES_ERROR;
				CLANG_WARN_QUOTED_INCLUDE_IN_FRAMEWORK_HEADER = YES;
				CLANG_WARN_RANGE_LOOP_ANALYSIS = YES;
				CLANG_WARN_STRICT_PROTOTYPES = YES;
				CLANG_WARN_SUSPICIOUS_MOVE = YES;
				CLANG_WARN_UNGUARDED_AVAILABILITY = YES_AGGRESSIVE;
				CLANG_WARN_UNREACHABLE_CODE = YES;
				CLANG_WARN__DUPLICATE_METHOD_MATCH = YES;
				COPY_PHASE_STRIP = NO;
				DEBUG_INFORMATION_FORMAT = "dwarf-with-dsym";
				ENABLE_NS_ASSERTIONS = NO;
				ENABLE_STRICT_OBJC_MSGSEND = YES;
				GCC_C_LANGUAGE_STANDARD = gnu11;
				GCC_NO_COMMON_BLOCKS = YES;
				GCC_WARN_64_TO_32_BIT_CONVERSION = YES;
				GCC_WARN_ABOUT_RETURN_TYPE = YES_ERROR;
				GCC_WARN_UNDECLARED_SELECTOR = YES;
				GCC_WARN_UNINITIALIZED_AUTOS = YES_AGGRESSIVE;
				GCC_WARN_UNUSED_FUNCTION = YES;
				GCC_WARN_UNUSED_VARIABLE = YES;
				IPHONEOS_DEPLOYMENT_TARGET = 14.4;
				MTL_ENABLE_DEBUG_INFO = NO;
				MTL_FAST_MATH = YES;
				SDKROOT = iphoneos;
				SWIFT_COMPILATION_MODE = wholemodule;
				SWIFT_OPTIMIZATION_LEVEL = "-O";
				VALIDATE_PRODUCT = YES;
			};
			name = Release;
		};
		DBB8D540261FC59C0041F32B /* Debug */ = {
			isa = XCBuildConfiguration;
			buildSettings = {
				ASSETCATALOG_COMPILER_APPICON_NAME = AppIcon;
				ASSETCATALOG_COMPILER_GLOBAL_ACCENT_COLOR_NAME = AccentColor;
				CODE_SIGN_STYLE = Automatic;
				DEVELOPMENT_TEAM = BTWWPDZ4GE;
				INFOPLIST_FILE = CATiledLayerImplementation/Info.plist;
				LD_RUNPATH_SEARCH_PATHS = (
					"$(inherited)",
					"@executable_path/Frameworks",
				);
				PRODUCT_BUNDLE_IDENTIFIER = com.yfujiki.CATiledLayerImplementation;
				PRODUCT_NAME = "$(TARGET_NAME)";
				SWIFT_VERSION = 5.0;
				TARGETED_DEVICE_FAMILY = "1,2";
			};
			name = Debug;
		};
		DBB8D541261FC59C0041F32B /* Release */ = {
			isa = XCBuildConfiguration;
			buildSettings = {
				ASSETCATALOG_COMPILER_APPICON_NAME = AppIcon;
				ASSETCATALOG_COMPILER_GLOBAL_ACCENT_COLOR_NAME = AccentColor;
				CODE_SIGN_STYLE = Automatic;
				DEVELOPMENT_TEAM = BTWWPDZ4GE;
				INFOPLIST_FILE = CATiledLayerImplementation/Info.plist;
				LD_RUNPATH_SEARCH_PATHS = (
					"$(inherited)",
					"@executable_path/Frameworks",
				);
				PRODUCT_BUNDLE_IDENTIFIER = com.yfujiki.CATiledLayerImplementation;
				PRODUCT_NAME = "$(TARGET_NAME)";
				SWIFT_VERSION = 5.0;
				TARGETED_DEVICE_FAMILY = "1,2";
			};
			name = Release;
		};
		DBB8D543261FC59C0041F32B /* Debug */ = {
			isa = XCBuildConfiguration;
			buildSettings = {
				ALWAYS_EMBED_SWIFT_STANDARD_LIBRARIES = YES;
				BUNDLE_LOADER = "$(TEST_HOST)";
				CODE_SIGN_STYLE = Automatic;
				DEVELOPMENT_TEAM = BTWWPDZ4GE;
				INFOPLIST_FILE = CATiledLayerImplementationTests/Info.plist;
				IPHONEOS_DEPLOYMENT_TARGET = 14.4;
				LD_RUNPATH_SEARCH_PATHS = (
					"$(inherited)",
					"@executable_path/Frameworks",
					"@loader_path/Frameworks",
				);
				PRODUCT_BUNDLE_IDENTIFIER = com.yfujiki.CATiledLayerImplementationTests;
				PRODUCT_NAME = "$(TARGET_NAME)";
				SWIFT_VERSION = 5.0;
				TARGETED_DEVICE_FAMILY = "1,2";
				TEST_HOST = "$(BUILT_PRODUCTS_DIR)/CATiledLayerImplementation.app/CATiledLayerImplementation";
			};
			name = Debug;
		};
		DBB8D544261FC59C0041F32B /* Release */ = {
			isa = XCBuildConfiguration;
			buildSettings = {
				ALWAYS_EMBED_SWIFT_STANDARD_LIBRARIES = YES;
				BUNDLE_LOADER = "$(TEST_HOST)";
				CODE_SIGN_STYLE = Automatic;
				DEVELOPMENT_TEAM = BTWWPDZ4GE;
				INFOPLIST_FILE = CATiledLayerImplementationTests/Info.plist;
				IPHONEOS_DEPLOYMENT_TARGET = 14.4;
				LD_RUNPATH_SEARCH_PATHS = (
					"$(inherited)",
					"@executable_path/Frameworks",
					"@loader_path/Frameworks",
				);
				PRODUCT_BUNDLE_IDENTIFIER = com.yfujiki.CATiledLayerImplementationTests;
				PRODUCT_NAME = "$(TARGET_NAME)";
				SWIFT_VERSION = 5.0;
				TARGETED_DEVICE_FAMILY = "1,2";
				TEST_HOST = "$(BUILT_PRODUCTS_DIR)/CATiledLayerImplementation.app/CATiledLayerImplementation";
			};
			name = Release;
		};
		DBB8D546261FC59C0041F32B /* Debug */ = {
			isa = XCBuildConfiguration;
			buildSettings = {
				ALWAYS_EMBED_SWIFT_STANDARD_LIBRARIES = YES;
				CODE_SIGN_STYLE = Automatic;
				DEVELOPMENT_TEAM = BTWWPDZ4GE;
				INFOPLIST_FILE = CATiledLayerImplementationUITests/Info.plist;
				LD_RUNPATH_SEARCH_PATHS = (
					"$(inherited)",
					"@executable_path/Frameworks",
					"@loader_path/Frameworks",
				);
				PRODUCT_BUNDLE_IDENTIFIER = com.yfujiki.CATiledLayerImplementationUITests;
				PRODUCT_NAME = "$(TARGET_NAME)";
				SWIFT_VERSION = 5.0;
				TARGETED_DEVICE_FAMILY = "1,2";
				TEST_TARGET_NAME = CATiledLayerImplementation;
			};
			name = Debug;
		};
		DBB8D547261FC59C0041F32B /* Release */ = {
			isa = XCBuildConfiguration;
			buildSettings = {
				ALWAYS_EMBED_SWIFT_STANDARD_LIBRARIES = YES;
				CODE_SIGN_STYLE = Automatic;
				DEVELOPMENT_TEAM = BTWWPDZ4GE;
				INFOPLIST_FILE = CATiledLayerImplementationUITests/Info.plist;
				LD_RUNPATH_SEARCH_PATHS = (
					"$(inherited)",
					"@executable_path/Frameworks",
					"@loader_path/Frameworks",
				);
				PRODUCT_BUNDLE_IDENTIFIER = com.yfujiki.CATiledLayerImplementationUITests;
				PRODUCT_NAME = "$(TARGET_NAME)";
				SWIFT_VERSION = 5.0;
				TARGETED_DEVICE_FAMILY = "1,2";
				TEST_TARGET_NAME = CATiledLayerImplementation;
			};
			name = Release;
		};
/* End XCBuildConfiguration section */

/* Begin XCConfigurationList section */
		DBB8D510261FC59A0041F32B /* Build configuration list for PBXProject "CATiledLayerImplementation" */ = {
			isa = XCConfigurationList;
			buildConfigurations = (
				DBB8D53D261FC59C0041F32B /* Debug */,
				DBB8D53E261FC59C0041F32B /* Release */,
			);
			defaultConfigurationIsVisible = 0;
			defaultConfigurationName = Release;
		};
		DBB8D53F261FC59C0041F32B /* Build configuration list for PBXNativeTarget "CATiledLayerImplementation" */ = {
			isa = XCConfigurationList;
			buildConfigurations = (
				DBB8D540261FC59C0041F32B /* Debug */,
				DBB8D541261FC59C0041F32B /* Release */,
			);
			defaultConfigurationIsVisible = 0;
			defaultConfigurationName = Release;
		};
		DBB8D542261FC59C0041F32B /* Build configuration list for PBXNativeTarget "CATiledLayerImplementationTests" */ = {
			isa = XCConfigurationList;
			buildConfigurations = (
				DBB8D543261FC59C0041F32B /* Debug */,
				DBB8D544261FC59C0041F32B /* Release */,
			);
			defaultConfigurationIsVisible = 0;
			defaultConfigurationName = Release;
		};
		DBB8D545261FC59C0041F32B /* Build configuration list for PBXNativeTarget "CATiledLayerImplementationUITests" */ = {
			isa = XCConfigurationList;
			buildConfigurations = (
				DBB8D546261FC59C0041F32B /* Debug */,
				DBB8D547261FC59C0041F32B /* Release */,
			);
			defaultConfigurationIsVisible = 0;
			defaultConfigurationName = Release;
		};
/* End XCConfigurationList section */
	};
	rootObject = DBB8D50D261FC59A0041F32B /* Project object */;
}
