// !$*UTF8*$!
{
	archiveVersion = 1;
	classes = {
	};
	objectVersion = 50;
	objects = {

/* Begin PBXBuildFile section */
		DB0CF19B2629768700A720CB /* AppDelegate.swift in Sources */ = {isa = PBXBuildFile; fileRef = DB0CF19A2629768700A720CB /* AppDelegate.swift */; };
		DB0CF19D2629768700A720CB /* SceneDelegate.swift in Sources */ = {isa = PBXBuildFile; fileRef = DB0CF19C2629768700A720CB /* SceneDelegate.swift */; };
		DB0CF19F2629768700A720CB /* ViewController.swift in Sources */ = {isa = PBXBuildFile; fileRef = DB0CF19E2629768700A720CB /* ViewController.swift */; };
		DB0CF1A22629768700A720CB /* Main.storyboard in Resources */ = {isa = PBXBuildFile; fileRef = DB0CF1A02629768700A720CB /* Main.storyboard */; };
		DB0CF1A42629768900A720CB /* Assets.xcassets in Resources */ = {isa = PBXBuildFile; fileRef = DB0CF1A32629768900A720CB /* Assets.xcassets */; };
		DB0CF1A72629768900A720CB /* LaunchScreen.storyboard in Resources */ = {isa = PBXBuildFile; fileRef = DB0CF1A52629768900A720CB /* LaunchScreen.storyboard */; };
		DB0CF1B22629768900A720CB /* ContainerScrollViewSampleTests.swift in Sources */ = {isa = PBXBuildFile; fileRef = DB0CF1B12629768900A720CB /* ContainerScrollViewSampleTests.swift */; };
		DB0CF1BD2629768900A720CB /* ContainerScrollViewSampleUITests.swift in Sources */ = {isa = PBXBuildFile; fileRef = DB0CF1BC2629768900A720CB /* ContainerScrollViewSampleUITests.swift */; };
		DB0CF1CE262976BC00A720CB /* ImageTableView.swift in Sources */ = {isa = PBXBuildFile; fileRef = DB0CF1CD262976BC00A720CB /* ImageTableView.swift */; };
		DB0CF1D3262976E200A720CB /* ContainerScrollView.swift in Sources */ = {isa = PBXBuildFile; fileRef = DB0CF1D2262976E200A720CB /* ContainerScrollView.swift */; };
		DBB712A7262F220A00A5EFF9 /* hawaii-16.jpg in Resources */ = {isa = PBXBuildFile; fileRef = DBB712A5262F220A00A5EFF9 /* hawaii-16.jpg */; };
		DBB712A8262F220A00A5EFF9 /* hawaii-24.jpg in Resources */ = {isa = PBXBuildFile; fileRef = DBB712A6262F220A00A5EFF9 /* hawaii-24.jpg */; };
		DBB712AE262F221C00A5EFF9 /* rome-5.jpg in Resources */ = {isa = PBXBuildFile; fileRef = DBB712AC262F221C00A5EFF9 /* rome-5.jpg */; };
		DBB712AF262F221C00A5EFF9 /* rome-19.jpg in Resources */ = {isa = PBXBuildFile; fileRef = DBB712AD262F221C00A5EFF9 /* rome-19.jpg */; };
		DBFB4CC52629D98F00E88828 /* hawaii-22.jpg in Resources */ = {isa = PBXBuildFile; fileRef = DBFB4C882629D98F00E88828 /* hawaii-22.jpg */; };
		DBFB4CC72629D98F00E88828 /* hawaii-23.jpg in Resources */ = {isa = PBXBuildFile; fileRef = DBFB4C8A2629D98F00E88828 /* hawaii-23.jpg */; };
		DBFB4CC82629D98F00E88828 /* hawaii-21.jpg in Resources */ = {isa = PBXBuildFile; fileRef = DBFB4C8B2629D98F00E88828 /* hawaii-21.jpg */; };
		DBFB4CC92629D98F00E88828 /* hawaii-20.jpg in Resources */ = {isa = PBXBuildFile; fileRef = DBFB4C8C2629D98F00E88828 /* hawaii-20.jpg */; };
		DBFB4CCA2629D98F00E88828 /* hawaii-18.jpg in Resources */ = {isa = PBXBuildFile; fileRef = DBFB4C8D2629D98F00E88828 /* hawaii-18.jpg */; };
		DBFB4CCB2629D98F00E88828 /* hawaii-30.jpg in Resources */ = {isa = PBXBuildFile; fileRef = DBFB4C8E2629D98F00E88828 /* hawaii-30.jpg */; };
		DBFB4CCC2629D98F00E88828 /* hawaii-25.jpg in Resources */ = {isa = PBXBuildFile; fileRef = DBFB4C8F2629D98F00E88828 /* hawaii-25.jpg */; };
		DBFB4CCD2629D98F00E88828 /* hawaii-19.jpg in Resources */ = {isa = PBXBuildFile; fileRef = DBFB4C902629D98F00E88828 /* hawaii-19.jpg */; };
		DBFB4CCE2629D98F00E88828 /* hawaii-8.jpg in Resources */ = {isa = PBXBuildFile; fileRef = DBFB4C912629D98F00E88828 /* hawaii-8.jpg */; };
		DBFB4CCF2629D98F00E88828 /* hawaii-27.jpg in Resources */ = {isa = PBXBuildFile; fileRef = DBFB4C922629D98F00E88828 /* hawaii-27.jpg */; };
		DBFB4CD02629D98F00E88828 /* hawaii-26.jpg in Resources */ = {isa = PBXBuildFile; fileRef = DBFB4C932629D98F00E88828 /* hawaii-26.jpg */; };
		DBFB4CD12629D98F00E88828 /* hawaii-9.jpg in Resources */ = {isa = PBXBuildFile; fileRef = DBFB4C942629D98F00E88828 /* hawaii-9.jpg */; };
		DBFB4CD32629D98F00E88828 /* hawaii-4.jpg in Resources */ = {isa = PBXBuildFile; fileRef = DBFB4C962629D98F00E88828 /* hawaii-4.jpg */; };
		DBFB4CD42629D98F00E88828 /* hawaii-17.jpg in Resources */ = {isa = PBXBuildFile; fileRef = DBFB4C972629D98F00E88828 /* hawaii-17.jpg */; };
		DBFB4CD52629D98F00E88828 /* hawaii-5.jpg in Resources */ = {isa = PBXBuildFile; fileRef = DBFB4C982629D98F00E88828 /* hawaii-5.jpg */; };
		DBFB4CD62629D98F00E88828 /* hawaii-7.jpg in Resources */ = {isa = PBXBuildFile; fileRef = DBFB4C992629D98F00E88828 /* hawaii-7.jpg */; };
		DBFB4CD72629D98F00E88828 /* hawaii-14.jpg in Resources */ = {isa = PBXBuildFile; fileRef = DBFB4C9A2629D98F00E88828 /* hawaii-14.jpg */; };
		DBFB4CD82629D98F00E88828 /* hawaii-28.jpg in Resources */ = {isa = PBXBuildFile; fileRef = DBFB4C9B2629D98F00E88828 /* hawaii-28.jpg */; };
		DBFB4CD92629D98F00E88828 /* hawaii-29.jpg in Resources */ = {isa = PBXBuildFile; fileRef = DBFB4C9C2629D98F00E88828 /* hawaii-29.jpg */; };
		DBFB4CDA2629D98F00E88828 /* hawaii-15.jpg in Resources */ = {isa = PBXBuildFile; fileRef = DBFB4C9D2629D98F00E88828 /* hawaii-15.jpg */; };
		DBFB4CDB2629D98F00E88828 /* hawaii-6.jpg in Resources */ = {isa = PBXBuildFile; fileRef = DBFB4C9E2629D98F00E88828 /* hawaii-6.jpg */; };
		DBFB4CDC2629D98F00E88828 /* hawaii-2.jpg in Resources */ = {isa = PBXBuildFile; fileRef = DBFB4C9F2629D98F00E88828 /* hawaii-2.jpg */; };
		DBFB4CDD2629D98F00E88828 /* hawaii-11.jpg in Resources */ = {isa = PBXBuildFile; fileRef = DBFB4CA02629D98F00E88828 /* hawaii-11.jpg */; };
		DBFB4CDE2629D98F00E88828 /* hawaii-10.jpg in Resources */ = {isa = PBXBuildFile; fileRef = DBFB4CA12629D98F00E88828 /* hawaii-10.jpg */; };
		DBFB4CDF2629D98F00E88828 /* hawaii-3.jpg in Resources */ = {isa = PBXBuildFile; fileRef = DBFB4CA22629D98F00E88828 /* hawaii-3.jpg */; };
		DBFB4CE02629D98F00E88828 /* hawaii-1.jpg in Resources */ = {isa = PBXBuildFile; fileRef = DBFB4CA32629D98F00E88828 /* hawaii-1.jpg */; };
		DBFB4CE12629D98F00E88828 /* hawaii-12.jpg in Resources */ = {isa = PBXBuildFile; fileRef = DBFB4CA42629D98F00E88828 /* hawaii-12.jpg */; };
		DBFB4CE22629D98F00E88828 /* hawaii-13.jpg in Resources */ = {isa = PBXBuildFile; fileRef = DBFB4CA52629D98F00E88828 /* hawaii-13.jpg */; };
		DBFB4CE32629D98F00E88828 /* rome-14.jpg in Resources */ = {isa = PBXBuildFile; fileRef = DBFB4CA72629D98F00E88828 /* rome-14.jpg */; };
		DBFB4CE42629D98F00E88828 /* rome-28.jpg in Resources */ = {isa = PBXBuildFile; fileRef = DBFB4CA82629D98F00E88828 /* rome-28.jpg */; };
		DBFB4CE52629D98F00E88828 /* rome-6.jpg in Resources */ = {isa = PBXBuildFile; fileRef = DBFB4CA92629D98F00E88828 /* rome-6.jpg */; };
		DBFB4CE62629D98F00E88828 /* rome-7.jpg in Resources */ = {isa = PBXBuildFile; fileRef = DBFB4CAA2629D98F00E88828 /* rome-7.jpg */; };
		DBFB4CE72629D98F00E88828 /* rome-29.jpg in Resources */ = {isa = PBXBuildFile; fileRef = DBFB4CAB2629D98F00E88828 /* rome-29.jpg */; };
		DBFB4CE82629D98F00E88828 /* rome-15.jpg in Resources */ = {isa = PBXBuildFile; fileRef = DBFB4CAC2629D98F00E88828 /* rome-15.jpg */; };
		DBFB4CE92629D98F00E88828 /* rome-17.jpg in Resources */ = {isa = PBXBuildFile; fileRef = DBFB4CAD2629D98F00E88828 /* rome-17.jpg */; };
		DBFB4CEA2629D98F00E88828 /* rome-4.jpg in Resources */ = {isa = PBXBuildFile; fileRef = DBFB4CAE2629D98F00E88828 /* rome-4.jpg */; };
		DBFB4CEB2629D98F00E88828 /* rome-16.jpg in Resources */ = {isa = PBXBuildFile; fileRef = DBFB4CAF2629D98F00E88828 /* rome-16.jpg */; };
		DBFB4CEC2629D98F00E88828 /* rome-12.jpg in Resources */ = {isa = PBXBuildFile; fileRef = DBFB4CB02629D98F00E88828 /* rome-12.jpg */; };
		DBFB4CED2629D98F00E88828 /* rome-1.jpg in Resources */ = {isa = PBXBuildFile; fileRef = DBFB4CB12629D98F00E88828 /* rome-1.jpg */; };
		DBFB4CEE2629D98F00E88828 /* rome-13.jpg in Resources */ = {isa = PBXBuildFile; fileRef = DBFB4CB22629D98F00E88828 /* rome-13.jpg */; };
		DBFB4CEF2629D98F00E88828 /* rome-11.jpg in Resources */ = {isa = PBXBuildFile; fileRef = DBFB4CB32629D98F00E88828 /* rome-11.jpg */; };
		DBFB4CF02629D98F00E88828 /* rome-3.jpg in Resources */ = {isa = PBXBuildFile; fileRef = DBFB4CB42629D98F00E88828 /* rome-3.jpg */; };
		DBFB4CF12629D98F00E88828 /* rome-2.jpg in Resources */ = {isa = PBXBuildFile; fileRef = DBFB4CB52629D98F00E88828 /* rome-2.jpg */; };
		DBFB4CF22629D98F00E88828 /* rome-10.jpg in Resources */ = {isa = PBXBuildFile; fileRef = DBFB4CB62629D98F00E88828 /* rome-10.jpg */; };
		DBFB4CF32629D98F00E88828 /* rome-21.jpg in Resources */ = {isa = PBXBuildFile; fileRef = DBFB4CB72629D98F00E88828 /* rome-21.jpg */; };
		DBFB4CF42629D98F00E88828 /* rome-20.jpg in Resources */ = {isa = PBXBuildFile; fileRef = DBFB4CB82629D98F00E88828 /* rome-20.jpg */; };
		DBFB4CF52629D98F00E88828 /* rome-22.jpg in Resources */ = {isa = PBXBuildFile; fileRef = DBFB4CB92629D98F00E88828 /* rome-22.jpg */; };
		DBFB4CF62629D98F00E88828 /* rome-23.jpg in Resources */ = {isa = PBXBuildFile; fileRef = DBFB4CBA2629D98F00E88828 /* rome-23.jpg */; };
		DBFB4CF72629D98F00E88828 /* rome-27.jpg in Resources */ = {isa = PBXBuildFile; fileRef = DBFB4CBB2629D98F00E88828 /* rome-27.jpg */; };
		DBFB4CF82629D98F00E88828 /* rome-9.jpg in Resources */ = {isa = PBXBuildFile; fileRef = DBFB4CBC2629D98F00E88828 /* rome-9.jpg */; };
		DBFB4CF92629D98F00E88828 /* rome-8.jpg in Resources */ = {isa = PBXBuildFile; fileRef = DBFB4CBD2629D98F00E88828 /* rome-8.jpg */; };
		DBFB4CFA2629D98F00E88828 /* rome-26.jpg in Resources */ = {isa = PBXBuildFile; fileRef = DBFB4CBE2629D98F00E88828 /* rome-26.jpg */; };
		DBFB4CFC2629D98F00E88828 /* rome-18.jpg in Resources */ = {isa = PBXBuildFile; fileRef = DBFB4CC02629D98F00E88828 /* rome-18.jpg */; };
		DBFB4CFD2629D98F00E88828 /* rome-24.jpg in Resources */ = {isa = PBXBuildFile; fileRef = DBFB4CC12629D98F00E88828 /* rome-24.jpg */; };
		DBFB4CFE2629D98F00E88828 /* rome-30.jpg in Resources */ = {isa = PBXBuildFile; fileRef = DBFB4CC22629D98F00E88828 /* rome-30.jpg */; };
		DBFB4CFF2629D98F00E88828 /* rome-25.jpg in Resources */ = {isa = PBXBuildFile; fileRef = DBFB4CC32629D98F00E88828 /* rome-25.jpg */; };
/* End PBXBuildFile section */

/* Begin PBXContainerItemProxy section */
		DB0CF1AE2629768900A720CB /* PBXContainerItemProxy */ = {
			isa = PBXContainerItemProxy;
			containerPortal = DB0CF18F2629768700A720CB /* Project object */;
			proxyType = 1;
			remoteGlobalIDString = DB0CF1962629768700A720CB;
			remoteInfo = ContainerScrollViewSample;
		};
		DB0CF1B92629768900A720CB /* PBXContainerItemProxy */ = {
			isa = PBXContainerItemProxy;
			containerPortal = DB0CF18F2629768700A720CB /* Project object */;
			proxyType = 1;
			remoteGlobalIDString = DB0CF1962629768700A720CB;
			remoteInfo = ContainerScrollViewSample;
		};
/* End PBXContainerItemProxy section */

/* Begin PBXFileReference section */
		DB0CF1972629768700A720CB /* ContainerScrollViewSample.app */ = {isa = PBXFileReference; explicitFileType = wrapper.application; includeInIndex = 0; path = ContainerScrollViewSample.app; sourceTree = BUILT_PRODUCTS_DIR; };
		DB0CF19A2629768700A720CB /* AppDelegate.swift */ = {isa = PBXFileReference; lastKnownFileType = sourcecode.swift; path = AppDelegate.swift; sourceTree = "<group>"; };
		DB0CF19C2629768700A720CB /* SceneDelegate.swift */ = {isa = PBXFileReference; lastKnownFileType = sourcecode.swift; path = SceneDelegate.swift; sourceTree = "<group>"; };
		DB0CF19E2629768700A720CB /* ViewController.swift */ = {isa = PBXFileReference; lastKnownFileType = sourcecode.swift; path = ViewController.swift; sourceTree = "<group>"; };
		DB0CF1A12629768700A720CB /* Base */ = {isa = PBXFileReference; lastKnownFileType = file.storyboard; name = Base; path = Base.lproj/Main.storyboard; sourceTree = "<group>"; };
		DB0CF1A32629768900A720CB /* Assets.xcassets */ = {isa = PBXFileReference; lastKnownFileType = folder.assetcatalog; path = Assets.xcassets; sourceTree = "<group>"; };
		DB0CF1A62629768900A720CB /* Base */ = {isa = PBXFileReference; lastKnownFileType = file.storyboard; name = Base; path = Base.lproj/LaunchScreen.storyboard; sourceTree = "<group>"; };
		DB0CF1A82629768900A720CB /* Info.plist */ = {isa = PBXFileReference; lastKnownFileType = text.plist.xml; path = Info.plist; sourceTree = "<group>"; };
		DB0CF1AD2629768900A720CB /* ContainerScrollViewSampleTests.xctest */ = {isa = PBXFileReference; explicitFileType = wrapper.cfbundle; includeInIndex = 0; path = ContainerScrollViewSampleTests.xctest; sourceTree = BUILT_PRODUCTS_DIR; };
		DB0CF1B12629768900A720CB /* ContainerScrollViewSampleTests.swift */ = {isa = PBXFileReference; lastKnownFileType = sourcecode.swift; path = ContainerScrollViewSampleTests.swift; sourceTree = "<group>"; };
		DB0CF1B32629768900A720CB /* Info.plist */ = {isa = PBXFileReference; lastKnownFileType = text.plist.xml; path = Info.plist; sourceTree = "<group>"; };
		DB0CF1B82629768900A720CB /* ContainerScrollViewSampleUITests.xctest */ = {isa = PBXFileReference; explicitFileType = wrapper.cfbundle; includeInIndex = 0; path = ContainerScrollViewSampleUITests.xctest; sourceTree = BUILT_PRODUCTS_DIR; };
		DB0CF1BC2629768900A720CB /* ContainerScrollViewSampleUITests.swift */ = {isa = PBXFileReference; lastKnownFileType = sourcecode.swift; path = ContainerScrollViewSampleUITests.swift; sourceTree = "<group>"; };
		DB0CF1BE2629768900A720CB /* Info.plist */ = {isa = PBXFileReference; lastKnownFileType = text.plist.xml; path = Info.plist; sourceTree = "<group>"; };
		DB0CF1CD262976BC00A720CB /* ImageTableView.swift */ = {isa = PBXFileReference; lastKnownFileType = sourcecode.swift; path = ImageTableView.swift; sourceTree = "<group>"; };
		DB0CF1D2262976E200A720CB /* ContainerScrollView.swift */ = {isa = PBXFileReference; lastKnownFileType = sourcecode.swift; path = ContainerScrollView.swift; sourceTree = "<group>"; };
		DBB712A5262F220A00A5EFF9 /* hawaii-16.jpg */ = {isa = PBXFileReference; lastKnownFileType = image.jpeg; path = "hawaii-16.jpg"; sourceTree = "<group>"; };
		DBB712A6262F220A00A5EFF9 /* hawaii-24.jpg */ = {isa = PBXFileReference; lastKnownFileType = image.jpeg; path = "hawaii-24.jpg"; sourceTree = "<group>"; };
		DBB712AC262F221C00A5EFF9 /* rome-5.jpg */ = {isa = PBXFileReference; lastKnownFileType = image.jpeg; path = "rome-5.jpg"; sourceTree = "<group>"; };
		DBB712AD262F221C00A5EFF9 /* rome-19.jpg */ = {isa = PBXFileReference; lastKnownFileType = image.jpeg; path = "rome-19.jpg"; sourceTree = "<group>"; };
		DBFB4C882629D98F00E88828 /* hawaii-22.jpg */ = {isa = PBXFileReference; lastKnownFileType = image.jpeg; path = "hawaii-22.jpg"; sourceTree = "<group>"; };
		DBFB4C8A2629D98F00E88828 /* hawaii-23.jpg */ = {isa = PBXFileReference; lastKnownFileType = image.jpeg; path = "hawaii-23.jpg"; sourceTree = "<group>"; };
		DBFB4C8B2629D98F00E88828 /* hawaii-21.jpg */ = {isa = PBXFileReference; lastKnownFileType = image.jpeg; path = "hawaii-21.jpg"; sourceTree = "<group>"; };
		DBFB4C8C2629D98F00E88828 /* hawaii-20.jpg */ = {isa = PBXFileReference; lastKnownFileType = image.jpeg; path = "hawaii-20.jpg"; sourceTree = "<group>"; };
		DBFB4C8D2629D98F00E88828 /* hawaii-18.jpg */ = {isa = PBXFileReference; lastKnownFileType = image.jpeg; path = "hawaii-18.jpg"; sourceTree = "<group>"; };
		DBFB4C8E2629D98F00E88828 /* hawaii-30.jpg */ = {isa = PBXFileReference; lastKnownFileType = image.jpeg; path = "hawaii-30.jpg"; sourceTree = "<group>"; };
		DBFB4C8F2629D98F00E88828 /* hawaii-25.jpg */ = {isa = PBXFileReference; lastKnownFileType = image.jpeg; path = "hawaii-25.jpg"; sourceTree = "<group>"; };
		DBFB4C902629D98F00E88828 /* hawaii-19.jpg */ = {isa = PBXFileReference; lastKnownFileType = image.jpeg; path = "hawaii-19.jpg"; sourceTree = "<group>"; };
		DBFB4C912629D98F00E88828 /* hawaii-8.jpg */ = {isa = PBXFileReference; lastKnownFileType = image.jpeg; path = "hawaii-8.jpg"; sourceTree = "<group>"; };
		DBFB4C922629D98F00E88828 /* hawaii-27.jpg */ = {isa = PBXFileReference; lastKnownFileType = image.jpeg; path = "hawaii-27.jpg"; sourceTree = "<group>"; };
		DBFB4C932629D98F00E88828 /* hawaii-26.jpg */ = {isa = PBXFileReference; lastKnownFileType = image.jpeg; path = "hawaii-26.jpg"; sourceTree = "<group>"; };
		DBFB4C942629D98F00E88828 /* hawaii-9.jpg */ = {isa = PBXFileReference; lastKnownFileType = image.jpeg; path = "hawaii-9.jpg"; sourceTree = "<group>"; };
		DBFB4C962629D98F00E88828 /* hawaii-4.jpg */ = {isa = PBXFileReference; lastKnownFileType = image.jpeg; path = "hawaii-4.jpg"; sourceTree = "<group>"; };
		DBFB4C972629D98F00E88828 /* hawaii-17.jpg */ = {isa = PBXFileReference; lastKnownFileType = image.jpeg; path = "hawaii-17.jpg"; sourceTree = "<group>"; };
		DBFB4C982629D98F00E88828 /* hawaii-5.jpg */ = {isa = PBXFileReference; lastKnownFileType = image.jpeg; path = "hawaii-5.jpg"; sourceTree = "<group>"; };
		DBFB4C992629D98F00E88828 /* hawaii-7.jpg */ = {isa = PBXFileReference; lastKnownFileType = image.jpeg; path = "hawaii-7.jpg"; sourceTree = "<group>"; };
		DBFB4C9A2629D98F00E88828 /* hawaii-14.jpg */ = {isa = PBXFileReference; lastKnownFileType = image.jpeg; path = "hawaii-14.jpg"; sourceTree = "<group>"; };
		DBFB4C9B2629D98F00E88828 /* hawaii-28.jpg */ = {isa = PBXFileReference; lastKnownFileType = image.jpeg; path = "hawaii-28.jpg"; sourceTree = "<group>"; };
		DBFB4C9C2629D98F00E88828 /* hawaii-29.jpg */ = {isa = PBXFileReference; lastKnownFileType = image.jpeg; path = "hawaii-29.jpg"; sourceTree = "<group>"; };
		DBFB4C9D2629D98F00E88828 /* hawaii-15.jpg */ = {isa = PBXFileReference; lastKnownFileType = image.jpeg; path = "hawaii-15.jpg"; sourceTree = "<group>"; };
		DBFB4C9E2629D98F00E88828 /* hawaii-6.jpg */ = {isa = PBXFileReference; lastKnownFileType = image.jpeg; path = "hawaii-6.jpg"; sourceTree = "<group>"; };
		DBFB4C9F2629D98F00E88828 /* hawaii-2.jpg */ = {isa = PBXFileReference; lastKnownFileType = image.jpeg; path = "hawaii-2.jpg"; sourceTree = "<group>"; };
		DBFB4CA02629D98F00E88828 /* hawaii-11.jpg */ = {isa = PBXFileReference; lastKnownFileType = image.jpeg; path = "hawaii-11.jpg"; sourceTree = "<group>"; };
		DBFB4CA12629D98F00E88828 /* hawaii-10.jpg */ = {isa = PBXFileReference; lastKnownFileType = image.jpeg; path = "hawaii-10.jpg"; sourceTree = "<group>"; };
		DBFB4CA22629D98F00E88828 /* hawaii-3.jpg */ = {isa = PBXFileReference; lastKnownFileType = image.jpeg; path = "hawaii-3.jpg"; sourceTree = "<group>"; };
		DBFB4CA32629D98F00E88828 /* hawaii-1.jpg */ = {isa = PBXFileReference; lastKnownFileType = image.jpeg; path = "hawaii-1.jpg"; sourceTree = "<group>"; };
		DBFB4CA42629D98F00E88828 /* hawaii-12.jpg */ = {isa = PBXFileReference; lastKnownFileType = image.jpeg; path = "hawaii-12.jpg"; sourceTree = "<group>"; };
		DBFB4CA52629D98F00E88828 /* hawaii-13.jpg */ = {isa = PBXFileReference; lastKnownFileType = image.jpeg; path = "hawaii-13.jpg"; sourceTree = "<group>"; };
		DBFB4CA72629D98F00E88828 /* rome-14.jpg */ = {isa = PBXFileReference; lastKnownFileType = image.jpeg; path = "rome-14.jpg"; sourceTree = "<group>"; };
		DBFB4CA82629D98F00E88828 /* rome-28.jpg */ = {isa = PBXFileReference; lastKnownFileType = image.jpeg; path = "rome-28.jpg"; sourceTree = "<group>"; };
		DBFB4CA92629D98F00E88828 /* rome-6.jpg */ = {isa = PBXFileReference; lastKnownFileType = image.jpeg; path = "rome-6.jpg"; sourceTree = "<group>"; };
		DBFB4CAA2629D98F00E88828 /* rome-7.jpg */ = {isa = PBXFileReference; lastKnownFileType = image.jpeg; path = "rome-7.jpg"; sourceTree = "<group>"; };
		DBFB4CAB2629D98F00E88828 /* rome-29.jpg */ = {isa = PBXFileReference; lastKnownFileType = image.jpeg; path = "rome-29.jpg"; sourceTree = "<group>"; };
		DBFB4CAC2629D98F00E88828 /* rome-15.jpg */ = {isa = PBXFileReference; lastKnownFileType = image.jpeg; path = "rome-15.jpg"; sourceTree = "<group>"; };
		DBFB4CAD2629D98F00E88828 /* rome-17.jpg */ = {isa = PBXFileReference; lastKnownFileType = image.jpeg; path = "rome-17.jpg"; sourceTree = "<group>"; };
		DBFB4CAE2629D98F00E88828 /* rome-4.jpg */ = {isa = PBXFileReference; lastKnownFileType = image.jpeg; path = "rome-4.jpg"; sourceTree = "<group>"; };
		DBFB4CAF2629D98F00E88828 /* rome-16.jpg */ = {isa = PBXFileReference; lastKnownFileType = image.jpeg; path = "rome-16.jpg"; sourceTree = "<group>"; };
		DBFB4CB02629D98F00E88828 /* rome-12.jpg */ = {isa = PBXFileReference; lastKnownFileType = image.jpeg; path = "rome-12.jpg"; sourceTree = "<group>"; };
		DBFB4CB12629D98F00E88828 /* rome-1.jpg */ = {isa = PBXFileReference; lastKnownFileType = image.jpeg; path = "rome-1.jpg"; sourceTree = "<group>"; };
		DBFB4CB22629D98F00E88828 /* rome-13.jpg */ = {isa = PBXFileReference; lastKnownFileType = image.jpeg; path = "rome-13.jpg"; sourceTree = "<group>"; };
		DBFB4CB32629D98F00E88828 /* rome-11.jpg */ = {isa = PBXFileReference; lastKnownFileType = image.jpeg; path = "rome-11.jpg"; sourceTree = "<group>"; };
		DBFB4CB42629D98F00E88828 /* rome-3.jpg */ = {isa = PBXFileReference; lastKnownFileType = image.jpeg; path = "rome-3.jpg"; sourceTree = "<group>"; };
		DBFB4CB52629D98F00E88828 /* rome-2.jpg */ = {isa = PBXFileReference; lastKnownFileType = image.jpeg; path = "rome-2.jpg"; sourceTree = "<group>"; };
		DBFB4CB62629D98F00E88828 /* rome-10.jpg */ = {isa = PBXFileReference; lastKnownFileType = image.jpeg; path = "rome-10.jpg"; sourceTree = "<group>"; };
		DBFB4CB72629D98F00E88828 /* rome-21.jpg */ = {isa = PBXFileReference; lastKnownFileType = image.jpeg; path = "rome-21.jpg"; sourceTree = "<group>"; };
		DBFB4CB82629D98F00E88828 /* rome-20.jpg */ = {isa = PBXFileReference; lastKnownFileType = image.jpeg; path = "rome-20.jpg"; sourceTree = "<group>"; };
		DBFB4CB92629D98F00E88828 /* rome-22.jpg */ = {isa = PBXFileReference; lastKnownFileType = image.jpeg; path = "rome-22.jpg"; sourceTree = "<group>"; };
		DBFB4CBA2629D98F00E88828 /* rome-23.jpg */ = {isa = PBXFileReference; lastKnownFileType = image.jpeg; path = "rome-23.jpg"; sourceTree = "<group>"; };
		DBFB4CBB2629D98F00E88828 /* rome-27.jpg */ = {isa = PBXFileReference; lastKnownFileType = image.jpeg; path = "rome-27.jpg"; sourceTree = "<group>"; };
		DBFB4CBC2629D98F00E88828 /* rome-9.jpg */ = {isa = PBXFileReference; lastKnownFileType = image.jpeg; path = "rome-9.jpg"; sourceTree = "<group>"; };
		DBFB4CBD2629D98F00E88828 /* rome-8.jpg */ = {isa = PBXFileReference; lastKnownFileType = image.jpeg; path = "rome-8.jpg"; sourceTree = "<group>"; };
		DBFB4CBE2629D98F00E88828 /* rome-26.jpg */ = {isa = PBXFileReference; lastKnownFileType = image.jpeg; path = "rome-26.jpg"; sourceTree = "<group>"; };
		DBFB4CC02629D98F00E88828 /* rome-18.jpg */ = {isa = PBXFileReference; lastKnownFileType = image.jpeg; path = "rome-18.jpg"; sourceTree = "<group>"; };
		DBFB4CC12629D98F00E88828 /* rome-24.jpg */ = {isa = PBXFileReference; lastKnownFileType = image.jpeg; path = "rome-24.jpg"; sourceTree = "<group>"; };
		DBFB4CC22629D98F00E88828 /* rome-30.jpg */ = {isa = PBXFileReference; lastKnownFileType = image.jpeg; path = "rome-30.jpg"; sourceTree = "<group>"; };
		DBFB4CC32629D98F00E88828 /* rome-25.jpg */ = {isa = PBXFileReference; lastKnownFileType = image.jpeg; path = "rome-25.jpg"; sourceTree = "<group>"; };
/* End PBXFileReference section */

/* Begin PBXFrameworksBuildPhase section */
		DB0CF1942629768700A720CB /* Frameworks */ = {
			isa = PBXFrameworksBuildPhase;
			buildActionMask = 2147483647;
			files = (
			);
			runOnlyForDeploymentPostprocessing = 0;
		};
		DB0CF1AA2629768900A720CB /* Frameworks */ = {
			isa = PBXFrameworksBuildPhase;
			buildActionMask = 2147483647;
			files = (
			);
			runOnlyForDeploymentPostprocessing = 0;
		};
		DB0CF1B52629768900A720CB /* Frameworks */ = {
			isa = PBXFrameworksBuildPhase;
			buildActionMask = 2147483647;
			files = (
			);
			runOnlyForDeploymentPostprocessing = 0;
		};
/* End PBXFrameworksBuildPhase section */

/* Begin PBXGroup section */
		DB0CF18E2629768700A720CB = {
			isa = PBXGroup;
			children = (
				DB0CF1992629768700A720CB /* ContainerScrollViewSample */,
				DB0CF1B02629768900A720CB /* ContainerScrollViewSampleTests */,
				DB0CF1BB2629768900A720CB /* ContainerScrollViewSampleUITests */,
				DB0CF1982629768700A720CB /* Products */,
			);
			sourceTree = "<group>";
		};
		DB0CF1982629768700A720CB /* Products */ = {
			isa = PBXGroup;
			children = (
				DB0CF1972629768700A720CB /* ContainerScrollViewSample.app */,
				DB0CF1AD2629768900A720CB /* ContainerScrollViewSampleTests.xctest */,
				DB0CF1B82629768900A720CB /* ContainerScrollViewSampleUITests.xctest */,
			);
			name = Products;
			sourceTree = "<group>";
		};
		DB0CF1992629768700A720CB /* ContainerScrollViewSample */ = {
			isa = PBXGroup;
			children = (
				DBFB4C862629D97C00E88828 /* Resources */,
				DB0CF19A2629768700A720CB /* AppDelegate.swift */,
				DB0CF19C2629768700A720CB /* SceneDelegate.swift */,
				DB0CF19E2629768700A720CB /* ViewController.swift */,
				DB0CF1D2262976E200A720CB /* ContainerScrollView.swift */,
				DB0CF1CD262976BC00A720CB /* ImageTableView.swift */,
				DB0CF1A02629768700A720CB /* Main.storyboard */,
				DB0CF1A32629768900A720CB /* Assets.xcassets */,
				DB0CF1A52629768900A720CB /* LaunchScreen.storyboard */,
				DB0CF1A82629768900A720CB /* Info.plist */,
			);
			path = ContainerScrollViewSample;
			sourceTree = "<group>";
		};
		DB0CF1B02629768900A720CB /* ContainerScrollViewSampleTests */ = {
			isa = PBXGroup;
			children = (
				DB0CF1B12629768900A720CB /* ContainerScrollViewSampleTests.swift */,
				DB0CF1B32629768900A720CB /* Info.plist */,
			);
			path = ContainerScrollViewSampleTests;
			sourceTree = "<group>";
		};
		DB0CF1BB2629768900A720CB /* ContainerScrollViewSampleUITests */ = {
			isa = PBXGroup;
			children = (
				DB0CF1BC2629768900A720CB /* ContainerScrollViewSampleUITests.swift */,
				DB0CF1BE2629768900A720CB /* Info.plist */,
			);
			path = ContainerScrollViewSampleUITests;
			sourceTree = "<group>";
		};
		DBFB4C862629D97C00E88828 /* Resources */ = {
			isa = PBXGroup;
			children = (
				DBFB4C872629D98F00E88828 /* hawaii */,
				DBFB4CA62629D98F00E88828 /* rome */,
			);
			name = Resources;
			path = ../../Resources;
			sourceTree = "<group>";
		};
		DBFB4C872629D98F00E88828 /* hawaii */ = {
			isa = PBXGroup;
			children = (
				DBB712A5262F220A00A5EFF9 /* hawaii-16.jpg */,
				DBB712A6262F220A00A5EFF9 /* hawaii-24.jpg */,
				DBFB4C882629D98F00E88828 /* hawaii-22.jpg */,
				DBFB4C8A2629D98F00E88828 /* hawaii-23.jpg */,
				DBFB4C8B2629D98F00E88828 /* hawaii-21.jpg */,
				DBFB4C8C2629D98F00E88828 /* hawaii-20.jpg */,
				DBFB4C8D2629D98F00E88828 /* hawaii-18.jpg */,
				DBFB4C8E2629D98F00E88828 /* hawaii-30.jpg */,
				DBFB4C8F2629D98F00E88828 /* hawaii-25.jpg */,
				DBFB4C902629D98F00E88828 /* hawaii-19.jpg */,
				DBFB4C912629D98F00E88828 /* hawaii-8.jpg */,
				DBFB4C922629D98F00E88828 /* hawaii-27.jpg */,
				DBFB4C932629D98F00E88828 /* hawaii-26.jpg */,
				DBFB4C942629D98F00E88828 /* hawaii-9.jpg */,
				DBFB4C962629D98F00E88828 /* hawaii-4.jpg */,
				DBFB4C972629D98F00E88828 /* hawaii-17.jpg */,
				DBFB4C982629D98F00E88828 /* hawaii-5.jpg */,
				DBFB4C992629D98F00E88828 /* hawaii-7.jpg */,
				DBFB4C9A2629D98F00E88828 /* hawaii-14.jpg */,
				DBFB4C9B2629D98F00E88828 /* hawaii-28.jpg */,
				DBFB4C9C2629D98F00E88828 /* hawaii-29.jpg */,
				DBFB4C9D2629D98F00E88828 /* hawaii-15.jpg */,
				DBFB4C9E2629D98F00E88828 /* hawaii-6.jpg */,
				DBFB4C9F2629D98F00E88828 /* hawaii-2.jpg */,
				DBFB4CA02629D98F00E88828 /* hawaii-11.jpg */,
				DBFB4CA12629D98F00E88828 /* hawaii-10.jpg */,
				DBFB4CA22629D98F00E88828 /* hawaii-3.jpg */,
				DBFB4CA32629D98F00E88828 /* hawaii-1.jpg */,
				DBFB4CA42629D98F00E88828 /* hawaii-12.jpg */,
				DBFB4CA52629D98F00E88828 /* hawaii-13.jpg */,
			);
			path = hawaii;
			sourceTree = "<group>";
		};
		DBFB4CA62629D98F00E88828 /* rome */ = {
			isa = PBXGroup;
			children = (
				DBB712AC262F221C00A5EFF9 /* rome-5.jpg */,
				DBB712AD262F221C00A5EFF9 /* rome-19.jpg */,
				DBFB4CA72629D98F00E88828 /* rome-14.jpg */,
				DBFB4CA82629D98F00E88828 /* rome-28.jpg */,
				DBFB4CA92629D98F00E88828 /* rome-6.jpg */,
				DBFB4CAA2629D98F00E88828 /* rome-7.jpg */,
				DBFB4CAB2629D98F00E88828 /* rome-29.jpg */,
				DBFB4CAC2629D98F00E88828 /* rome-15.jpg */,
				DBFB4CAD2629D98F00E88828 /* rome-17.jpg */,
				DBFB4CAE2629D98F00E88828 /* rome-4.jpg */,
				DBFB4CAF2629D98F00E88828 /* rome-16.jpg */,
				DBFB4CB02629D98F00E88828 /* rome-12.jpg */,
				DBFB4CB12629D98F00E88828 /* rome-1.jpg */,
				DBFB4CB22629D98F00E88828 /* rome-13.jpg */,
				DBFB4CB32629D98F00E88828 /* rome-11.jpg */,
				DBFB4CB42629D98F00E88828 /* rome-3.jpg */,
				DBFB4CB52629D98F00E88828 /* rome-2.jpg */,
				DBFB4CB62629D98F00E88828 /* rome-10.jpg */,
				DBFB4CB72629D98F00E88828 /* rome-21.jpg */,
				DBFB4CB82629D98F00E88828 /* rome-20.jpg */,
				DBFB4CB92629D98F00E88828 /* rome-22.jpg */,
				DBFB4CBA2629D98F00E88828 /* rome-23.jpg */,
				DBFB4CBB2629D98F00E88828 /* rome-27.jpg */,
				DBFB4CBC2629D98F00E88828 /* rome-9.jpg */,
				DBFB4CBD2629D98F00E88828 /* rome-8.jpg */,
				DBFB4CBE2629D98F00E88828 /* rome-26.jpg */,
				DBFB4CC02629D98F00E88828 /* rome-18.jpg */,
				DBFB4CC12629D98F00E88828 /* rome-24.jpg */,
				DBFB4CC22629D98F00E88828 /* rome-30.jpg */,
				DBFB4CC32629D98F00E88828 /* rome-25.jpg */,
			);
			path = rome;
			sourceTree = "<group>";
		};
/* End PBXGroup section */

/* Begin PBXNativeTarget section */
		DB0CF1962629768700A720CB /* ContainerScrollViewSample */ = {
			isa = PBXNativeTarget;
			buildConfigurationList = DB0CF1C12629768900A720CB /* Build configuration list for PBXNativeTarget "ContainerScrollViewSample" */;
			buildPhases = (
				DB0CF1932629768700A720CB /* Sources */,
				DB0CF1942629768700A720CB /* Frameworks */,
				DB0CF1952629768700A720CB /* Resources */,
			);
			buildRules = (
			);
			dependencies = (
			);
			name = ContainerScrollViewSample;
			productName = ContainerScrollViewSample;
			productReference = DB0CF1972629768700A720CB /* ContainerScrollViewSample.app */;
			productType = "com.apple.product-type.application";
		};
		DB0CF1AC2629768900A720CB /* ContainerScrollViewSampleTests */ = {
			isa = PBXNativeTarget;
			buildConfigurationList = DB0CF1C42629768900A720CB /* Build configuration list for PBXNativeTarget "ContainerScrollViewSampleTests" */;
			buildPhases = (
				DB0CF1A92629768900A720CB /* Sources */,
				DB0CF1AA2629768900A720CB /* Frameworks */,
				DB0CF1AB2629768900A720CB /* Resources */,
			);
			buildRules = (
			);
			dependencies = (
				DB0CF1AF2629768900A720CB /* PBXTargetDependency */,
			);
			name = ContainerScrollViewSampleTests;
			productName = ContainerScrollViewSampleTests;
			productReference = DB0CF1AD2629768900A720CB /* ContainerScrollViewSampleTests.xctest */;
			productType = "com.apple.product-type.bundle.unit-test";
		};
		DB0CF1B72629768900A720CB /* ContainerScrollViewSampleUITests */ = {
			isa = PBXNativeTarget;
			buildConfigurationList = DB0CF1C72629768900A720CB /* Build configuration list for PBXNativeTarget "ContainerScrollViewSampleUITests" */;
			buildPhases = (
				DB0CF1B42629768900A720CB /* Sources */,
				DB0CF1B52629768900A720CB /* Frameworks */,
				DB0CF1B62629768900A720CB /* Resources */,
			);
			buildRules = (
			);
			dependencies = (
				DB0CF1BA2629768900A720CB /* PBXTargetDependency */,
			);
			name = ContainerScrollViewSampleUITests;
			productName = ContainerScrollViewSampleUITests;
			productReference = DB0CF1B82629768900A720CB /* ContainerScrollViewSampleUITests.xctest */;
			productType = "com.apple.product-type.bundle.ui-testing";
		};
/* End PBXNativeTarget section */

/* Begin PBXProject section */
		DB0CF18F2629768700A720CB /* Project object */ = {
			isa = PBXProject;
			attributes = {
				LastSwiftUpdateCheck = 1240;
				LastUpgradeCheck = 1240;
				TargetAttributes = {
					DB0CF1962629768700A720CB = {
						CreatedOnToolsVersion = 12.4;
					};
					DB0CF1AC2629768900A720CB = {
						CreatedOnToolsVersion = 12.4;
						TestTargetID = DB0CF1962629768700A720CB;
					};
					DB0CF1B72629768900A720CB = {
						CreatedOnToolsVersion = 12.4;
						TestTargetID = DB0CF1962629768700A720CB;
					};
				};
			};
			buildConfigurationList = DB0CF1922629768700A720CB /* Build configuration list for PBXProject "ContainerScrollViewSample" */;
			compatibilityVersion = "Xcode 9.3";
			developmentRegion = en;
			hasScannedForEncodings = 0;
			knownRegions = (
				en,
				Base,
			);
			mainGroup = DB0CF18E2629768700A720CB;
			productRefGroup = DB0CF1982629768700A720CB /* Products */;
			projectDirPath = "";
			projectRoot = "";
			targets = (
				DB0CF1962629768700A720CB /* ContainerScrollViewSample */,
				DB0CF1AC2629768900A720CB /* ContainerScrollViewSampleTests */,
				DB0CF1B72629768900A720CB /* ContainerScrollViewSampleUITests */,
			);
		};
/* End PBXProject section */

/* Begin PBXResourcesBuildPhase section */
		DB0CF1952629768700A720CB /* Resources */ = {
			isa = PBXResourcesBuildPhase;
			buildActionMask = 2147483647;
			files = (
				DBFB4CDF2629D98F00E88828 /* hawaii-3.jpg in Resources */,
				DBFB4CDC2629D98F00E88828 /* hawaii-2.jpg in Resources */,
				DBFB4CF52629D98F00E88828 /* rome-22.jpg in Resources */,
				DBFB4CD52629D98F00E88828 /* hawaii-5.jpg in Resources */,
				DBFB4CF82629D98F00E88828 /* rome-9.jpg in Resources */,
				DBB712A8262F220A00A5EFF9 /* hawaii-24.jpg in Resources */,
				DBFB4CE02629D98F00E88828 /* hawaii-1.jpg in Resources */,
				DBFB4CFE2629D98F00E88828 /* rome-30.jpg in Resources */,
				DBFB4CF02629D98F00E88828 /* rome-3.jpg in Resources */,
				DBFB4CD42629D98F00E88828 /* hawaii-17.jpg in Resources */,
				DBFB4CEC2629D98F00E88828 /* rome-12.jpg in Resources */,
				DBFB4CCC2629D98F00E88828 /* hawaii-25.jpg in Resources */,
				DBB712AE262F221C00A5EFF9 /* rome-5.jpg in Resources */,
				DBFB4CEE2629D98F00E88828 /* rome-13.jpg in Resources */,
				DBFB4CC52629D98F00E88828 /* hawaii-22.jpg in Resources */,
				DBFB4CF12629D98F00E88828 /* rome-2.jpg in Resources */,
				DBFB4CEF2629D98F00E88828 /* rome-11.jpg in Resources */,
				DBFB4CCD2629D98F00E88828 /* hawaii-19.jpg in Resources */,
				DBFB4CFC2629D98F00E88828 /* rome-18.jpg in Resources */,
				DBFB4CE32629D98F00E88828 /* rome-14.jpg in Resources */,
				DBFB4CF92629D98F00E88828 /* rome-8.jpg in Resources */,
				DBFB4CFD2629D98F00E88828 /* rome-24.jpg in Resources */,
				DBFB4CCB2629D98F00E88828 /* hawaii-30.jpg in Resources */,
				DBFB4CF72629D98F00E88828 /* rome-27.jpg in Resources */,
				DBFB4CD12629D98F00E88828 /* hawaii-9.jpg in Resources */,
				DBFB4CC82629D98F00E88828 /* hawaii-21.jpg in Resources */,
				DBFB4CDD2629D98F00E88828 /* hawaii-11.jpg in Resources */,
				DBFB4CD72629D98F00E88828 /* hawaii-14.jpg in Resources */,
				DB0CF1A72629768900A720CB /* LaunchScreen.storyboard in Resources */,
				DBFB4CEA2629D98F00E88828 /* rome-4.jpg in Resources */,
				DBFB4CE42629D98F00E88828 /* rome-28.jpg in Resources */,
				DBFB4CF32629D98F00E88828 /* rome-21.jpg in Resources */,
				DBFB4CD32629D98F00E88828 /* hawaii-4.jpg in Resources */,
				DBFB4CE52629D98F00E88828 /* rome-6.jpg in Resources */,
				DBFB4CD62629D98F00E88828 /* hawaii-7.jpg in Resources */,
				DBFB4CFA2629D98F00E88828 /* rome-26.jpg in Resources */,
				DBFB4CFF2629D98F00E88828 /* rome-25.jpg in Resources */,
				DBB712A7262F220A00A5EFF9 /* hawaii-16.jpg in Resources */,
				DB0CF1A42629768900A720CB /* Assets.xcassets in Resources */,
				DBFB4CEB2629D98F00E88828 /* rome-16.jpg in Resources */,
				DBFB4CCE2629D98F00E88828 /* hawaii-8.jpg in Resources */,
				DBFB4CCF2629D98F00E88828 /* hawaii-27.jpg in Resources */,
				DB0CF1A22629768700A720CB /* Main.storyboard in Resources */,
				DBFB4CC92629D98F00E88828 /* hawaii-20.jpg in Resources */,
				DBFB4CDB2629D98F00E88828 /* hawaii-6.jpg in Resources */,
				DBFB4CD82629D98F00E88828 /* hawaii-28.jpg in Resources */,
				DBFB4CC72629D98F00E88828 /* hawaii-23.jpg in Resources */,
				DBFB4CE82629D98F00E88828 /* rome-15.jpg in Resources */,
				DBFB4CE22629D98F00E88828 /* hawaii-13.jpg in Resources */,
				DBFB4CED2629D98F00E88828 /* rome-1.jpg in Resources */,
				DBFB4CDE2629D98F00E88828 /* hawaii-10.jpg in Resources */,
				DBFB4CF62629D98F00E88828 /* rome-23.jpg in Resources */,
				DBFB4CF22629D98F00E88828 /* rome-10.jpg in Resources */,
				DBB712AF262F221C00A5EFF9 /* rome-19.jpg in Resources */,
				DBFB4CDA2629D98F00E88828 /* hawaii-15.jpg in Resources */,
				DBFB4CCA2629D98F00E88828 /* hawaii-18.jpg in Resources */,
				DBFB4CF42629D98F00E88828 /* rome-20.jpg in Resources */,
				DBFB4CE92629D98F00E88828 /* rome-17.jpg in Resources */,
				DBFB4CD02629D98F00E88828 /* hawaii-26.jpg in Resources */,
				DBFB4CE62629D98F00E88828 /* rome-7.jpg in Resources */,
				DBFB4CE72629D98F00E88828 /* rome-29.jpg in Resources */,
				DBFB4CD92629D98F00E88828 /* hawaii-29.jpg in Resources */,
				DBFB4CE12629D98F00E88828 /* hawaii-12.jpg in Resources */,
			);
			runOnlyForDeploymentPostprocessing = 0;
		};
		DB0CF1AB2629768900A720CB /* Resources */ = {
			isa = PBXResourcesBuildPhase;
			buildActionMask = 2147483647;
			files = (
			);
			runOnlyForDeploymentPostprocessing = 0;
		};
		DB0CF1B62629768900A720CB /* Resources */ = {
			isa = PBXResourcesBuildPhase;
			buildActionMask = 2147483647;
			files = (
			);
			runOnlyForDeploymentPostprocessing = 0;
		};
/* End PBXResourcesBuildPhase section */

/* Begin PBXSourcesBuildPhase section */
		DB0CF1932629768700A720CB /* Sources */ = {
			isa = PBXSourcesBuildPhase;
			buildActionMask = 2147483647;
			files = (
				DB0CF19F2629768700A720CB /* ViewController.swift in Sources */,
				DB0CF1CE262976BC00A720CB /* ImageTableView.swift in Sources */,
				DB0CF19B2629768700A720CB /* AppDelegate.swift in Sources */,
				DB0CF1D3262976E200A720CB /* ContainerScrollView.swift in Sources */,
				DB0CF19D2629768700A720CB /* SceneDelegate.swift in Sources */,
			);
			runOnlyForDeploymentPostprocessing = 0;
		};
		DB0CF1A92629768900A720CB /* Sources */ = {
			isa = PBXSourcesBuildPhase;
			buildActionMask = 2147483647;
			files = (
				DB0CF1B22629768900A720CB /* ContainerScrollViewSampleTests.swift in Sources */,
			);
			runOnlyForDeploymentPostprocessing = 0;
		};
		DB0CF1B42629768900A720CB /* Sources */ = {
			isa = PBXSourcesBuildPhase;
			buildActionMask = 2147483647;
			files = (
				DB0CF1BD2629768900A720CB /* ContainerScrollViewSampleUITests.swift in Sources */,
			);
			runOnlyForDeploymentPostprocessing = 0;
		};
/* End PBXSourcesBuildPhase section */

/* Begin PBXTargetDependency section */
		DB0CF1AF2629768900A720CB /* PBXTargetDependency */ = {
			isa = PBXTargetDependency;
			target = DB0CF1962629768700A720CB /* ContainerScrollViewSample */;
			targetProxy = DB0CF1AE2629768900A720CB /* PBXContainerItemProxy */;
		};
		DB0CF1BA2629768900A720CB /* PBXTargetDependency */ = {
			isa = PBXTargetDependency;
			target = DB0CF1962629768700A720CB /* ContainerScrollViewSample */;
			targetProxy = DB0CF1B92629768900A720CB /* PBXContainerItemProxy */;
		};
/* End PBXTargetDependency section */

/* Begin PBXVariantGroup section */
		DB0CF1A02629768700A720CB /* Main.storyboard */ = {
			isa = PBXVariantGroup;
			children = (
				DB0CF1A12629768700A720CB /* Base */,
			);
			name = Main.storyboard;
			sourceTree = "<group>";
		};
		DB0CF1A52629768900A720CB /* LaunchScreen.storyboard */ = {
			isa = PBXVariantGroup;
			children = (
				DB0CF1A62629768900A720CB /* Base */,
			);
			name = LaunchScreen.storyboard;
			sourceTree = "<group>";
		};
/* End PBXVariantGroup section */

/* Begin XCBuildConfiguration section */
		DB0CF1BF2629768900A720CB /* Debug */ = {
			isa = XCBuildConfiguration;
			buildSettings = {
				ALWAYS_SEARCH_USER_PATHS = NO;
				CLANG_ANALYZER_NONNULL = YES;
				CLANG_ANALYZER_NUMBER_OBJECT_CONVERSION = YES_AGGRESSIVE;
				CLANG_CXX_LANGUAGE_STANDARD = "gnu++14";
				CLANG_CXX_LIBRARY = "libc++";
				CLANG_ENABLE_MODULES = YES;
				CLANG_ENABLE_OBJC_ARC = YES;
				CLANG_ENABLE_OBJC_WEAK = YES;
				CLANG_WARN_BLOCK_CAPTURE_AUTORELEASING = YES;
				CLANG_WARN_BOOL_CONVERSION = YES;
				CLANG_WARN_COMMA = YES;
				CLANG_WARN_CONSTANT_CONVERSION = YES;
				CLANG_WARN_DEPRECATED_OBJC_IMPLEMENTATIONS = YES;
				CLANG_WARN_DIRECT_OBJC_ISA_USAGE = YES_ERROR;
				CLANG_WARN_DOCUMENTATION_COMMENTS = YES;
				CLANG_WARN_EMPTY_BODY = YES;
				CLANG_WARN_ENUM_CONVERSION = YES;
				CLANG_WARN_INFINITE_RECURSION = YES;
				CLANG_WARN_INT_CONVERSION = YES;
				CLANG_WARN_NON_LITERAL_NULL_CONVERSION = YES;
				CLANG_WARN_OBJC_IMPLICIT_RETAIN_SELF = YES;
				CLANG_WARN_OBJC_LITERAL_CONVERSION = YES;
				CLANG_WARN_OBJC_ROOT_CLASS = YES_ERROR;
				CLANG_WARN_QUOTED_INCLUDE_IN_FRAMEWORK_HEADER = YES;
				CLANG_WARN_RANGE_LOOP_ANALYSIS = YES;
				CLANG_WARN_STRICT_PROTOTYPES = YES;
				CLANG_WARN_SUSPICIOUS_MOVE = YES;
				CLANG_WARN_UNGUARDED_AVAILABILITY = YES_AGGRESSIVE;
				CLANG_WARN_UNREACHABLE_CODE = YES;
				CLANG_WARN__DUPLICATE_METHOD_MATCH = YES;
				COPY_PHASE_STRIP = NO;
				DEBUG_INFORMATION_FORMAT = dwarf;
				ENABLE_STRICT_OBJC_MSGSEND = YES;
				ENABLE_TESTABILITY = YES;
				GCC_C_LANGUAGE_STANDARD = gnu11;
				GCC_DYNAMIC_NO_PIC = NO;
				GCC_NO_COMMON_BLOCKS = YES;
				GCC_OPTIMIZATION_LEVEL = 0;
				GCC_PREPROCESSOR_DEFINITIONS = (
					"DEBUG=1",
					"$(inherited)",
				);
				GCC_WARN_64_TO_32_BIT_CONVERSION = YES;
				GCC_WARN_ABOUT_RETURN_TYPE = YES_ERROR;
				GCC_WARN_UNDECLARED_SELECTOR = YES;
				GCC_WARN_UNINITIALIZED_AUTOS = YES_AGGRESSIVE;
				GCC_WARN_UNUSED_FUNCTION = YES;
				GCC_WARN_UNUSED_VARIABLE = YES;
				IPHONEOS_DEPLOYMENT_TARGET = 14.4;
				MTL_ENABLE_DEBUG_INFO = INCLUDE_SOURCE;
				MTL_FAST_MATH = YES;
				ONLY_ACTIVE_ARCH = YES;
				SDKROOT = iphoneos;
				SWIFT_ACTIVE_COMPILATION_CONDITIONS = DEBUG;
				SWIFT_OPTIMIZATION_LEVEL = "-Onone";
			};
			name = Debug;
		};
		DB0CF1C02629768900A720CB /* Release */ = {
			isa = XCBuildConfiguration;
			buildSettings = {
				ALWAYS_SEARCH_USER_PATHS = NO;
				CLANG_ANALYZER_NONNULL = YES;
				CLANG_ANALYZER_NUMBER_OBJECT_CONVERSION = YES_AGGRESSIVE;
				CLANG_CXX_LANGUAGE_STANDARD = "gnu++14";
				CLANG_CXX_LIBRARY = "libc++";
				CLANG_ENABLE_MODULES = YES;
				CLANG_ENABLE_OBJC_ARC = YES;
				CLANG_ENABLE_OBJC_WEAK = YES;
				CLANG_WARN_BLOCK_CAPTURE_AUTORELEASING = YES;
				CLANG_WARN_BOOL_CONVERSION = YES;
				CLANG_WARN_COMMA = YES;
				CLANG_WARN_CONSTANT_CONVERSION = YES;
				CLANG_WARN_DEPRECATED_OBJC_IMPLEMENTATIONS = YES;
				CLANG_WARN_DIRECT_OBJC_ISA_USAGE = YES_ERROR;
				CLANG_WARN_DOCUMENTATION_COMMENTS = YES;
				CLANG_WARN_EMPTY_BODY = YES;
				CLANG_WARN_ENUM_CONVERSION = YES;
				CLANG_WARN_INFINITE_RECURSION = YES;
				CLANG_WARN_INT_CONVERSION = YES;
				CLANG_WARN_NON_LITERAL_NULL_CONVERSION = YES;
				CLANG_WARN_OBJC_IMPLICIT_RETAIN_SELF = YES;
				CLANG_WARN_OBJC_LITERAL_CONVERSION = YES;
				CLANG_WARN_OBJC_ROOT_CLASS = YES_ERROR;
				CLANG_WARN_QUOTED_INCLUDE_IN_FRAMEWORK_HEADER = YES;
				CLANG_WARN_RANGE_LOOP_ANALYSIS = YES;
				CLANG_WARN_STRICT_PROTOTYPES = YES;
				CLANG_WARN_SUSPICIOUS_MOVE = YES;
				CLANG_WARN_UNGUARDED_AVAILABILITY = YES_AGGRESSIVE;
				CLANG_WARN_UNREACHABLE_CODE = YES;
				CLANG_WARN__DUPLICATE_METHOD_MATCH = YES;
				COPY_PHASE_STRIP = NO;
				DEBUG_INFORMATION_FORMAT = "dwarf-with-dsym";
				ENABLE_NS_ASSERTIONS = NO;
				ENABLE_STRICT_OBJC_MSGSEND = YES;
				GCC_C_LANGUAGE_STANDARD = gnu11;
				GCC_NO_COMMON_BLOCKS = YES;
				GCC_WARN_64_TO_32_BIT_CONVERSION = YES;
				GCC_WARN_ABOUT_RETURN_TYPE = YES_ERROR;
				GCC_WARN_UNDECLARED_SELECTOR = YES;
				GCC_WARN_UNINITIALIZED_AUTOS = YES_AGGRESSIVE;
				GCC_WARN_UNUSED_FUNCTION = YES;
				GCC_WARN_UNUSED_VARIABLE = YES;
				IPHONEOS_DEPLOYMENT_TARGET = 14.4;
				MTL_ENABLE_DEBUG_INFO = NO;
				MTL_FAST_MATH = YES;
				SDKROOT = iphoneos;
				SWIFT_COMPILATION_MODE = wholemodule;
				SWIFT_OPTIMIZATION_LEVEL = "-O";
				VALIDATE_PRODUCT = YES;
			};
			name = Release;
		};
		DB0CF1C22629768900A720CB /* Debug */ = {
			isa = XCBuildConfiguration;
			buildSettings = {
				ASSETCATALOG_COMPILER_APPICON_NAME = AppIcon;
				ASSETCATALOG_COMPILER_GLOBAL_ACCENT_COLOR_NAME = AccentColor;
				CODE_SIGN_STYLE = Automatic;
				DEVELOPMENT_TEAM = BTWWPDZ4GE;
				INFOPLIST_FILE = ContainerScrollViewSample/Info.plist;
				LD_RUNPATH_SEARCH_PATHS = (
					"$(inherited)",
					"@executable_path/Frameworks",
				);
				PRODUCT_BUNDLE_IDENTIFIER = com.yfujiki.ContainerScrollViewSample;
				PRODUCT_NAME = "$(TARGET_NAME)";
				SWIFT_VERSION = 5.0;
				TARGETED_DEVICE_FAMILY = "1,2";
			};
			name = Debug;
		};
		DB0CF1C32629768900A720CB /* Release */ = {
			isa = XCBuildConfiguration;
			buildSettings = {
				ASSETCATALOG_COMPILER_APPICON_NAME = AppIcon;
				ASSETCATALOG_COMPILER_GLOBAL_ACCENT_COLOR_NAME = AccentColor;
				CODE_SIGN_STYLE = Automatic;
				DEVELOPMENT_TEAM = BTWWPDZ4GE;
				INFOPLIST_FILE = ContainerScrollViewSample/Info.plist;
				LD_RUNPATH_SEARCH_PATHS = (
					"$(inherited)",
					"@executable_path/Frameworks",
				);
				PRODUCT_BUNDLE_IDENTIFIER = com.yfujiki.ContainerScrollViewSample;
				PRODUCT_NAME = "$(TARGET_NAME)";
				SWIFT_VERSION = 5.0;
				TARGETED_DEVICE_FAMILY = "1,2";
			};
			name = Release;
		};
		DB0CF1C52629768900A720CB /* Debug */ = {
			isa = XCBuildConfiguration;
			buildSettings = {
				ALWAYS_EMBED_SWIFT_STANDARD_LIBRARIES = YES;
				BUNDLE_LOADER = "$(TEST_HOST)";
				CODE_SIGN_STYLE = Automatic;
				DEVELOPMENT_TEAM = BTWWPDZ4GE;
				INFOPLIST_FILE = ContainerScrollViewSampleTests/Info.plist;
				IPHONEOS_DEPLOYMENT_TARGET = 14.4;
				LD_RUNPATH_SEARCH_PATHS = (
					"$(inherited)",
					"@executable_path/Frameworks",
					"@loader_path/Frameworks",
				);
				PRODUCT_BUNDLE_IDENTIFIER = com.yfujiki.ContainerScrollViewSampleTests;
				PRODUCT_NAME = "$(TARGET_NAME)";
				SWIFT_VERSION = 5.0;
				TARGETED_DEVICE_FAMILY = "1,2";
				TEST_HOST = "$(BUILT_PRODUCTS_DIR)/ContainerScrollViewSample.app/ContainerScrollViewSample";
			};
			name = Debug;
		};
		DB0CF1C62629768900A720CB /* Release */ = {
			isa = XCBuildConfiguration;
			buildSettings = {
				ALWAYS_EMBED_SWIFT_STANDARD_LIBRARIES = YES;
				BUNDLE_LOADER = "$(TEST_HOST)";
				CODE_SIGN_STYLE = Automatic;
				DEVELOPMENT_TEAM = BTWWPDZ4GE;
				INFOPLIST_FILE = ContainerScrollViewSampleTests/Info.plist;
				IPHONEOS_DEPLOYMENT_TARGET = 14.4;
				LD_RUNPATH_SEARCH_PATHS = (
					"$(inherited)",
					"@executable_path/Frameworks",
					"@loader_path/Frameworks",
				);
				PRODUCT_BUNDLE_IDENTIFIER = com.yfujiki.ContainerScrollViewSampleTests;
				PRODUCT_NAME = "$(TARGET_NAME)";
				SWIFT_VERSION = 5.0;
				TARGETED_DEVICE_FAMILY = "1,2";
				TEST_HOST = "$(BUILT_PRODUCTS_DIR)/ContainerScrollViewSample.app/ContainerScrollViewSample";
			};
			name = Release;
		};
		DB0CF1C82629768900A720CB /* Debug */ = {
			isa = XCBuildConfiguration;
			buildSettings = {
				ALWAYS_EMBED_SWIFT_STANDARD_LIBRARIES = YES;
				CODE_SIGN_STYLE = Automatic;
				DEVELOPMENT_TEAM = BTWWPDZ4GE;
				INFOPLIST_FILE = ContainerScrollViewSampleUITests/Info.plist;
				LD_RUNPATH_SEARCH_PATHS = (
					"$(inherited)",
					"@executable_path/Frameworks",
					"@loader_path/Frameworks",
				);
				PRODUCT_BUNDLE_IDENTIFIER = com.yfujiki.ContainerScrollViewSampleUITests;
				PRODUCT_NAME = "$(TARGET_NAME)";
				SWIFT_VERSION = 5.0;
				TARGETED_DEVICE_FAMILY = "1,2";
				TEST_TARGET_NAME = ContainerScrollViewSample;
			};
			name = Debug;
		};
		DB0CF1C92629768900A720CB /* Release */ = {
			isa = XCBuildConfiguration;
			buildSettings = {
				ALWAYS_EMBED_SWIFT_STANDARD_LIBRARIES = YES;
				CODE_SIGN_STYLE = Automatic;
				DEVELOPMENT_TEAM = BTWWPDZ4GE;
				INFOPLIST_FILE = ContainerScrollViewSampleUITests/Info.plist;
				LD_RUNPATH_SEARCH_PATHS = (
					"$(inherited)",
					"@executable_path/Frameworks",
					"@loader_path/Frameworks",
				);
				PRODUCT_BUNDLE_IDENTIFIER = com.yfujiki.ContainerScrollViewSampleUITests;
				PRODUCT_NAME = "$(TARGET_NAME)";
				SWIFT_VERSION = 5.0;
				TARGETED_DEVICE_FAMILY = "1,2";
				TEST_TARGET_NAME = ContainerScrollViewSample;
			};
			name = Release;
		};
/* End XCBuildConfiguration section */

/* Begin XCConfigurationList section */
		DB0CF1922629768700A720CB /* Build configuration list for PBXProject "ContainerScrollViewSample" */ = {
			isa = XCConfigurationList;
			buildConfigurations = (
				DB0CF1BF2629768900A720CB /* Debug */,
				DB0CF1C02629768900A720CB /* Release */,
			);
			defaultConfigurationIsVisible = 0;
			defaultConfigurationName = Release;
		};
		DB0CF1C12629768900A720CB /* Build configuration list for PBXNativeTarget "ContainerScrollViewSample" */ = {
			isa = XCConfigurationList;
			buildConfigurations = (
				DB0CF1C22629768900A720CB /* Debug */,
				DB0CF1C32629768900A720CB /* Release */,
			);
			defaultConfigurationIsVisible = 0;
			defaultConfigurationName = Release;
		};
		DB0CF1C42629768900A720CB /* Build configuration list for PBXNativeTarget "ContainerScrollViewSampleTests" */ = {
			isa = XCConfigurationList;
			buildConfigurations = (
				DB0CF1C52629768900A720CB /* Debug */,
				DB0CF1C62629768900A720CB /* Release */,
			);
			defaultConfigurationIsVisible = 0;
			defaultConfigurationName = Release;
		};
		DB0CF1C72629768900A720CB /* Build configuration list for PBXNativeTarget "ContainerScrollViewSampleUITests" */ = {
			isa = XCConfigurationList;
			buildConfigurations = (
				DB0CF1C82629768900A720CB /* Debug */,
				DB0CF1C92629768900A720CB /* Release */,
			);
			defaultConfigurationIsVisible = 0;
			defaultConfigurationName = Release;
		};
/* End XCConfigurationList section */
	};
	rootObject = DB0CF18F2629768700A720CB /* Project object */;
}
