// !$*UTF8*$!
{
	archiveVersion = 1;
	classes = {
	};
	objectVersion = 50;
	objects = {

/* Begin PBXBuildFile section */
		DB0CF19B2629768700A720CB /* AppDelegate.swift in Sources */ = {isa = PBXBuildFile; fileRef = DB0CF19A2629768700A720CB /* AppDelegate.swift */; };
		DB0CF19D2629768700A720CB /* SceneDelegate.swift in Sources */ = {isa = PBXBuildFile; fileRef = DB0CF19C2629768700A720CB /* SceneDelegate.swift */; };
		DB0CF19F2629768700A720CB /* ViewController.swift in Sources */ = {isa = PBXBuildFile; fileRef = DB0CF19E2629768700A720CB /* ViewController.swift */; };
		DB0CF1A22629768700A720CB /* Main.storyboard in Resources */ = {isa = PBXBuildFile; fileRef = DB0CF1A02629768700A720CB /* Main.storyboard */; };
		DB0CF1A42629768900A720CB /* Assets.xcassets in Resources */ = {isa = PBXBuildFile; fileRef = DB0CF1A32629768900A720CB /* Assets.xcassets */; };
		DB0CF1A72629768900A720CB /* LaunchScreen.storyboard in Resources */ = {isa = PBXBuildFile; fileRef = DB0CF1A52629768900A720CB /* LaunchScreen.storyboard */; };
		DB0CF1B22629768900A720CB /* ContainerScrollViewSampleTests.swift in Sources */ = {isa = PBXBuildFile; fileRef = DB0CF1B12629768900A720CB /* ContainerScrollViewSampleTests.swift */; };
		DB0CF1BD2629768900A720CB /* ContainerScrollViewSampleUITests.swift in Sources */ = {isa = PBXBuildFile; fileRef = DB0CF1BC2629768900A720CB /* ContainerScrollViewSampleUITests.swift */; };
		DB0CF1CE262976BC00A720CB /* ImageTableView.swift in Sources */ = {isa = PBXBuildFile; fileRef = DB0CF1CD262976BC00A720CB /* ImageTableView.swift */; };
		DB0CF1D3262976E200A720CB /* ContainerScrollView.swift in Sources */ = {isa = PBXBuildFile; fileRef = DB0CF1D2262976E200A720CB /* ContainerScrollView.swift */; };
/* End PBXBuildFile section */

/* Begin PBXContainerItemProxy section */
		DB0CF1AE2629768900A720CB /* PBXContainerItemProxy */ = {
			isa = PBXContainerItemProxy;
			containerPortal = DB0CF18F2629768700A720CB /* Project object */;
			proxyType = 1;
			remoteGlobalIDString = DB0CF1962629768700A720CB;
			remoteInfo = ContainerScrollViewSample;
		};
		DB0CF1B92629768900A720CB /* PBXContainerItemProxy */ = {
			isa = PBXContainerItemProxy;
			containerPortal = DB0CF18F2629768700A720CB /* Project object */;
			proxyType = 1;
			remoteGlobalIDString = DB0CF1962629768700A720CB;
			remoteInfo = ContainerScrollViewSample;
		};
/* End PBXContainerItemProxy section */

/* Begin PBXFileReference section */
		DB0CF1972629768700A720CB /* ContainerScrollViewSample.app */ = {isa = PBXFileReference; explicitFileType = wrapper.application; includeInIndex = 0; path = ContainerScrollViewSample.app; sourceTree = BUILT_PRODUCTS_DIR; };
		DB0CF19A2629768700A720CB /* AppDelegate.swift */ = {isa = PBXFileReference; lastKnownFileType = sourcecode.swift; path = AppDelegate.swift; sourceTree = "<group>"; };
		DB0CF19C2629768700A720CB /* SceneDelegate.swift */ = {isa = PBXFileReference; lastKnownFileType = sourcecode.swift; path = SceneDelegate.swift; sourceTree = "<group>"; };
		DB0CF19E2629768700A720CB /* ViewController.swift */ = {isa = PBXFileReference; lastKnownFileType = sourcecode.swift; path = ViewController.swift; sourceTree = "<group>"; };
		DB0CF1A12629768700A720CB /* Base */ = {isa = PBXFileReference; lastKnownFileType = file.storyboard; name = Base; path = Base.lproj/Main.storyboard; sourceTree = "<group>"; };
		DB0CF1A32629768900A720CB /* Assets.xcassets */ = {isa = PBXFileReference; lastKnownFileType = folder.assetcatalog; path = Assets.xcassets; sourceTree = "<group>"; };
		DB0CF1A62629768900A720CB /* Base */ = {isa = PBXFileReference; lastKnownFileType = file.storyboard; name = Base; path = Base.lproj/LaunchScreen.storyboard; sourceTree = "<group>"; };
		DB0CF1A82629768900A720CB /* Info.plist */ = {isa = PBXFileReference; lastKnownFileType = text.plist.xml; path = Info.plist; sourceTree = "<group>"; };
		DB0CF1AD2629768900A720CB /* ContainerScrollViewSampleTests.xctest */ = {isa = PBXFileReference; explicitFileType = wrapper.cfbundle; includeInIndex = 0; path = ContainerScrollViewSampleTests.xctest; sourceTree = BUILT_PRODUCTS_DIR; };
		DB0CF1B12629768900A720CB /* ContainerScrollViewSampleTests.swift */ = {isa = PBXFileReference; lastKnownFileType = sourcecode.swift; path = ContainerScrollViewSampleTests.swift; sourceTree = "<group>"; };
		DB0CF1B32629768900A720CB /* Info.plist */ = {isa = PBXFileReference; lastKnownFileType = text.plist.xml; path = Info.plist; sourceTree = "<group>"; };
		DB0CF1B82629768900A720CB /* ContainerScrollViewSampleUITests.xctest */ = {isa = PBXFileReference; explicitFileType = wrapper.cfbundle; includeInIndex = 0; path = ContainerScrollViewSampleUITests.xctest; sourceTree = BUILT_PRODUCTS_DIR; };
		DB0CF1BC2629768900A720CB /* ContainerScrollViewSampleUITests.swift */ = {isa = PBXFileReference; lastKnownFileType = sourcecode.swift; path = ContainerScrollViewSampleUITests.swift; sourceTree = "<group>"; };
		DB0CF1BE2629768900A720CB /* Info.plist */ = {isa = PBXFileReference; lastKnownFileType = text.plist.xml; path = Info.plist; sourceTree = "<group>"; };
		DB0CF1CD262976BC00A720CB /* ImageTableView.swift */ = {isa = PBXFileReference; lastKnownFileType = sourcecode.swift; path = ImageTableView.swift; sourceTree = "<group>"; };
		DB0CF1D2262976E200A720CB /* ContainerScrollView.swift */ = {isa = PBXFileReference; lastKnownFileType = sourcecode.swift; path = ContainerScrollView.swift; sourceTree = "<group>"; };
/* End PBXFileReference section */

/* Begin PBXFrameworksBuildPhase section */
		DB0CF1942629768700A720CB /* Frameworks */ = {
			isa = PBXFrameworksBuildPhase;
			buildActionMask = 2147483647;
			files = (
			);
			runOnlyForDeploymentPostprocessing = 0;
		};
		DB0CF1AA2629768900A720CB /* Frameworks */ = {
			isa = PBXFrameworksBuildPhase;
			buildActionMask = 2147483647;
			files = (
			);
			runOnlyForDeploymentPostprocessing = 0;
		};
		DB0CF1B52629768900A720CB /* Frameworks */ = {
			isa = PBXFrameworksBuildPhase;
			buildActionMask = 2147483647;
			files = (
			);
			runOnlyForDeploymentPostprocessing = 0;
		};
/* End PBXFrameworksBuildPhase section */

/* Begin PBXGroup section */
		DB0CF18E2629768700A720CB = {
			isa = PBXGroup;
			children = (
				DB0CF1992629768700A720CB /* ContainerScrollViewSample */,
				DB0CF1B02629768900A720CB /* ContainerScrollViewSampleTests */,
				DB0CF1BB2629768900A720CB /* ContainerScrollViewSampleUITests */,
				DB0CF1982629768700A720CB /* Products */,
			);
			sourceTree = "<group>";
		};
		DB0CF1982629768700A720CB /* Products */ = {
			isa = PBXGroup;
			children = (
				DB0CF1972629768700A720CB /* ContainerScrollViewSample.app */,
				DB0CF1AD2629768900A720CB /* ContainerScrollViewSampleTests.xctest */,
				DB0CF1B82629768900A720CB /* ContainerScrollViewSampleUITests.xctest */,
			);
			name = Products;
			sourceTree = "<group>";
		};
		DB0CF1992629768700A720CB /* ContainerScrollViewSample */ = {
			isa = PBXGroup;
			children = (
				DB0CF19A2629768700A720CB /* AppDelegate.swift */,
				DB0CF19C2629768700A720CB /* SceneDelegate.swift */,
				DB0CF19E2629768700A720CB /* ViewController.swift */,
				DB0CF1A02629768700A720CB /* Main.storyboard */,
				DB0CF1A32629768900A720CB /* Assets.xcassets */,
				DB0CF1A52629768900A720CB /* LaunchScreen.storyboard */,
				DB0CF1A82629768900A720CB /* Info.plist */,
				DB0CF1CD262976BC00A720CB /* ImageTableView.swift */,
				DB0CF1D2262976E200A720CB /* ContainerScrollView.swift */,
			);
			path = ContainerScrollViewSample;
			sourceTree = "<group>";
		};
		DB0CF1B02629768900A720CB /* ContainerScrollViewSampleTests */ = {
			isa = PBXGroup;
			children = (
				DB0CF1B12629768900A720CB /* ContainerScrollViewSampleTests.swift */,
				DB0CF1B32629768900A720CB /* Info.plist */,
			);
			path = ContainerScrollViewSampleTests;
			sourceTree = "<group>";
		};
		DB0CF1BB2629768900A720CB /* ContainerScrollViewSampleUITests */ = {
			isa = PBXGroup;
			children = (
				DB0CF1BC2629768900A720CB /* ContainerScrollViewSampleUITests.swift */,
				DB0CF1BE2629768900A720CB /* Info.plist */,
			);
			path = ContainerScrollViewSampleUITests;
			sourceTree = "<group>";
		};
/* End PBXGroup section */

/* Begin PBXNativeTarget section */
		DB0CF1962629768700A720CB /* ContainerScrollViewSample */ = {
			isa = PBXNativeTarget;
			buildConfigurationList = DB0CF1C12629768900A720CB /* Build configuration list for PBXNativeTarget "ContainerScrollViewSample" */;
			buildPhases = (
				DB0CF1932629768700A720CB /* Sources */,
				DB0CF1942629768700A720CB /* Frameworks */,
				DB0CF1952629768700A720CB /* Resources */,
			);
			buildRules = (
			);
			dependencies = (
			);
			name = ContainerScrollViewSample;
			productName = ContainerScrollViewSample;
			productReference = DB0CF1972629768700A720CB /* ContainerScrollViewSample.app */;
			productType = "com.apple.product-type.application";
		};
		DB0CF1AC2629768900A720CB /* ContainerScrollViewSampleTests */ = {
			isa = PBXNativeTarget;
			buildConfigurationList = DB0CF1C42629768900A720CB /* Build configuration list for PBXNativeTarget "ContainerScrollViewSampleTests" */;
			buildPhases = (
				DB0CF1A92629768900A720CB /* Sources */,
				DB0CF1AA2629768900A720CB /* Frameworks */,
				DB0CF1AB2629768900A720CB /* Resources */,
			);
			buildRules = (
			);
			dependencies = (
				DB0CF1AF2629768900A720CB /* PBXTargetDependency */,
			);
			name = ContainerScrollViewSampleTests;
			productName = ContainerScrollViewSampleTests;
			productReference = DB0CF1AD2629768900A720CB /* ContainerScrollViewSampleTests.xctest */;
			productType = "com.apple.product-type.bundle.unit-test";
		};
		DB0CF1B72629768900A720CB /* ContainerScrollViewSampleUITests */ = {
			isa = PBXNativeTarget;
			buildConfigurationList = DB0CF1C72629768900A720CB /* Build configuration list for PBXNativeTarget "ContainerScrollViewSampleUITests" */;
			buildPhases = (
				DB0CF1B42629768900A720CB /* Sources */,
				DB0CF1B52629768900A720CB /* Frameworks */,
				DB0CF1B62629768900A720CB /* Resources */,
			);
			buildRules = (
			);
			dependencies = (
				DB0CF1BA2629768900A720CB /* PBXTargetDependency */,
			);
			name = ContainerScrollViewSampleUITests;
			productName = ContainerScrollViewSampleUITests;
			productReference = DB0CF1B82629768900A720CB /* ContainerScrollViewSampleUITests.xctest */;
			productType = "com.apple.product-type.bundle.ui-testing";
		};
/* End PBXNativeTarget section */

/* Begin PBXProject section */
		DB0CF18F2629768700A720CB /* Project object */ = {
			isa = PBXProject;
			attributes = {
				LastSwiftUpdateCheck = 1240;
				LastUpgradeCheck = 1240;
				TargetAttributes = {
					DB0CF1962629768700A720CB = {
						CreatedOnToolsVersion = 12.4;
					};
					DB0CF1AC2629768900A720CB = {
						CreatedOnToolsVersion = 12.4;
						TestTargetID = DB0CF1962629768700A720CB;
					};
					DB0CF1B72629768900A720CB = {
						CreatedOnToolsVersion = 12.4;
						TestTargetID = DB0CF1962629768700A720CB;
					};
				};
			};
			buildConfigurationList = DB0CF1922629768700A720CB /* Build configuration list for PBXProject "ContainerScrollViewSample" */;
			compatibilityVersion = "Xcode 9.3";
			developmentRegion = en;
			hasScannedForEncodings = 0;
			knownRegions = (
				en,
				Base,
			);
			mainGroup = DB0CF18E2629768700A720CB;
			productRefGroup = DB0CF1982629768700A720CB /* Products */;
			projectDirPath = "";
			projectRoot = "";
			targets = (
				DB0CF1962629768700A720CB /* ContainerScrollViewSample */,
				DB0CF1AC2629768900A720CB /* ContainerScrollViewSampleTests */,
				DB0CF1B72629768900A720CB /* ContainerScrollViewSampleUITests */,
			);
		};
/* End PBXProject section */

/* Begin PBXResourcesBuildPhase section */
		DB0CF1952629768700A720CB /* Resources */ = {
			isa = PBXResourcesBuildPhase;
			buildActionMask = 2147483647;
			files = (
				DB0CF1A72629768900A720CB /* LaunchScreen.storyboard in Resources */,
				DB0CF1A42629768900A720CB /* Assets.xcassets in Resources */,
				DB0CF1A22629768700A720CB /* Main.storyboard in Resources */,
			);
			runOnlyForDeploymentPostprocessing = 0;
		};
		DB0CF1AB2629768900A720CB /* Resources */ = {
			isa = PBXResourcesBuildPhase;
			buildActionMask = 2147483647;
			files = (
			);
			runOnlyForDeploymentPostprocessing = 0;
		};
		DB0CF1B62629768900A720CB /* Resources */ = {
			isa = PBXResourcesBuildPhase;
			buildActionMask = 2147483647;
			files = (
			);
			runOnlyForDeploymentPostprocessing = 0;
		};
/* End PBXResourcesBuildPhase section */

/* Begin PBXSourcesBuildPhase section */
		DB0CF1932629768700A720CB /* Sources */ = {
			isa = PBXSourcesBuildPhase;
			buildActionMask = 2147483647;
			files = (
				DB0CF19F2629768700A720CB /* ViewController.swift in Sources */,
				DB0CF1CE262976BC00A720CB /* ImageTableView.swift in Sources */,
				DB0CF19B2629768700A720CB /* AppDelegate.swift in Sources */,
				DB0CF1D3262976E200A720CB /* ContainerScrollView.swift in Sources */,
				DB0CF19D2629768700A720CB /* SceneDelegate.swift in Sources */,
			);
			runOnlyForDeploymentPostprocessing = 0;
		};
		DB0CF1A92629768900A720CB /* Sources */ = {
			isa = PBXSourcesBuildPhase;
			buildActionMask = 2147483647;
			files = (
				DB0CF1B22629768900A720CB /* ContainerScrollViewSampleTests.swift in Sources */,
			);
			runOnlyForDeploymentPostprocessing = 0;
		};
		DB0CF1B42629768900A720CB /* Sources */ = {
			isa = PBXSourcesBuildPhase;
			buildActionMask = 2147483647;
			files = (
				DB0CF1BD2629768900A720CB /* ContainerScrollViewSampleUITests.swift in Sources */,
			);
			runOnlyForDeploymentPostprocessing = 0;
		};
/* End PBXSourcesBuildPhase section */

/* Begin PBXTargetDependency section */
		DB0CF1AF2629768900A720CB /* PBXTargetDependency */ = {
			isa = PBXTargetDependency;
			target = DB0CF1962629768700A720CB /* ContainerScrollViewSample */;
			targetProxy = DB0CF1AE2629768900A720CB /* PBXContainerItemProxy */;
		};
		DB0CF1BA2629768900A720CB /* PBXTargetDependency */ = {
			isa = PBXTargetDependency;
			target = DB0CF1962629768700A720CB /* ContainerScrollViewSample */;
			targetProxy = DB0CF1B92629768900A720CB /* PBXContainerItemProxy */;
		};
/* End PBXTargetDependency section */

/* Begin PBXVariantGroup section */
		DB0CF1A02629768700A720CB /* Main.storyboard */ = {
			isa = PBXVariantGroup;
			children = (
				DB0CF1A12629768700A720CB /* Base */,
			);
			name = Main.storyboard;
			sourceTree = "<group>";
		};
		DB0CF1A52629768900A720CB /* LaunchScreen.storyboard */ = {
			isa = PBXVariantGroup;
			children = (
				DB0CF1A62629768900A720CB /* Base */,
			);
			name = LaunchScreen.storyboard;
			sourceTree = "<group>";
		};
/* End PBXVariantGroup section */

/* Begin XCBuildConfiguration section */
		DB0CF1BF2629768900A720CB /* Debug */ = {
			isa = XCBuildConfiguration;
			buildSettings = {
				ALWAYS_SEARCH_USER_PATHS = NO;
				CLANG_ANALYZER_NONNULL = YES;
				CLANG_ANALYZER_NUMBER_OBJECT_CONVERSION = YES_AGGRESSIVE;
				CLANG_CXX_LANGUAGE_STANDARD = "gnu++14";
				CLANG_CXX_LIBRARY = "libc++";
				CLANG_ENABLE_MODULES = YES;
				CLANG_ENABLE_OBJC_ARC = YES;
				CLANG_ENABLE_OBJC_WEAK = YES;
				CLANG_WARN_BLOCK_CAPTURE_AUTORELEASING = YES;
				CLANG_WARN_BOOL_CONVERSION = YES;
				CLANG_WARN_COMMA = YES;
				CLANG_WARN_CONSTANT_CONVERSION = YES;
				CLANG_WARN_DEPRECATED_OBJC_IMPLEMENTATIONS = YES;
				CLANG_WARN_DIRECT_OBJC_ISA_USAGE = YES_ERROR;
				CLANG_WARN_DOCUMENTATION_COMMENTS = YES;
				CLANG_WARN_EMPTY_BODY = YES;
				CLANG_WARN_ENUM_CONVERSION = YES;
				CLANG_WARN_INFINITE_RECURSION = YES;
				CLANG_WARN_INT_CONVERSION = YES;
				CLANG_WARN_NON_LITERAL_NULL_CONVERSION = YES;
				CLANG_WARN_OBJC_IMPLICIT_RETAIN_SELF = YES;
				CLANG_WARN_OBJC_LITERAL_CONVERSION = YES;
				CLANG_WARN_OBJC_ROOT_CLASS = YES_ERROR;
				CLANG_WARN_QUOTED_INCLUDE_IN_FRAMEWORK_HEADER = YES;
				CLANG_WARN_RANGE_LOOP_ANALYSIS = YES;
				CLANG_WARN_STRICT_PROTOTYPES = YES;
				CLANG_WARN_SUSPICIOUS_MOVE = YES;
				CLANG_WARN_UNGUARDED_AVAILABILITY = YES_AGGRESSIVE;
				CLANG_WARN_UNREACHABLE_CODE = YES;
				CLANG_WARN__DUPLICATE_METHOD_MATCH = YES;
				COPY_PHASE_STRIP = NO;
				DEBUG_INFORMATION_FORMAT = dwarf;
				ENABLE_STRICT_OBJC_MSGSEND = YES;
				ENABLE_TESTABILITY = YES;
				GCC_C_LANGUAGE_STANDARD = gnu11;
				GCC_DYNAMIC_NO_PIC = NO;
				GCC_NO_COMMON_BLOCKS = YES;
				GCC_OPTIMIZATION_LEVEL = 0;
				GCC_PREPROCESSOR_DEFINITIONS = (
					"DEBUG=1",
					"$(inherited)",
				);
				GCC_WARN_64_TO_32_BIT_CONVERSION = YES;
				GCC_WARN_ABOUT_RETURN_TYPE = YES_ERROR;
				GCC_WARN_UNDECLARED_SELECTOR = YES;
				GCC_WARN_UNINITIALIZED_AUTOS = YES_AGGRESSIVE;
				GCC_WARN_UNUSED_FUNCTION = YES;
				GCC_WARN_UNUSED_VARIABLE = YES;
				IPHONEOS_DEPLOYMENT_TARGET = 14.4;
				MTL_ENABLE_DEBUG_INFO = INCLUDE_SOURCE;
				MTL_FAST_MATH = YES;
				ONLY_ACTIVE_ARCH = YES;
				SDKROOT = iphoneos;
				SWIFT_ACTIVE_COMPILATION_CONDITIONS = DEBUG;
				SWIFT_OPTIMIZATION_LEVEL = "-Onone";
			};
			name = Debug;
		};
		DB0CF1C02629768900A720CB /* Release */ = {
			isa = XCBuildConfiguration;
			buildSettings = {
				ALWAYS_SEARCH_USER_PATHS = NO;
				CLANG_ANALYZER_NONNULL = YES;
				CLANG_ANALYZER_NUMBER_OBJECT_CONVERSION = YES_AGGRESSIVE;
				CLANG_CXX_LANGUAGE_STANDARD = "gnu++14";
				CLANG_CXX_LIBRARY = "libc++";
				CLANG_ENABLE_MODULES = YES;
				CLANG_ENABLE_OBJC_ARC = YES;
				CLANG_ENABLE_OBJC_WEAK = YES;
				CLANG_WARN_BLOCK_CAPTURE_AUTORELEASING = YES;
				CLANG_WARN_BOOL_CONVERSION = YES;
				CLANG_WARN_COMMA = YES;
				CLANG_WARN_CONSTANT_CONVERSION = YES;
				CLANG_WARN_DEPRECATED_OBJC_IMPLEMENTATIONS = YES;
				CLANG_WARN_DIRECT_OBJC_ISA_USAGE = YES_ERROR;
				CLANG_WARN_DOCUMENTATION_COMMENTS = YES;
				CLANG_WARN_EMPTY_BODY = YES;
				CLANG_WARN_ENUM_CONVERSION = YES;
				CLANG_WARN_INFINITE_RECURSION = YES;
				CLANG_WARN_INT_CONVERSION = YES;
				CLANG_WARN_NON_LITERAL_NULL_CONVERSION = YES;
				CLANG_WARN_OBJC_IMPLICIT_RETAIN_SELF = YES;
				CLANG_WARN_OBJC_LITERAL_CONVERSION = YES;
				CLANG_WARN_OBJC_ROOT_CLASS = YES_ERROR;
				CLANG_WARN_QUOTED_INCLUDE_IN_FRAMEWORK_HEADER = YES;
				CLANG_WARN_RANGE_LOOP_ANALYSIS = YES;
				CLANG_WARN_STRICT_PROTOTYPES = YES;
				CLANG_WARN_SUSPICIOUS_MOVE = YES;
				CLANG_WARN_UNGUARDED_AVAILABILITY = YES_AGGRESSIVE;
				CLANG_WARN_UNREACHABLE_CODE = YES;
				CLANG_WARN__DUPLICATE_METHOD_MATCH = YES;
				COPY_PHASE_STRIP = NO;
				DEBUG_INFORMATION_FORMAT = "dwarf-with-dsym";
				ENABLE_NS_ASSERTIONS = NO;
				ENABLE_STRICT_OBJC_MSGSEND = YES;
				GCC_C_LANGUAGE_STANDARD = gnu11;
				GCC_NO_COMMON_BLOCKS = YES;
				GCC_WARN_64_TO_32_BIT_CONVERSION = YES;
				GCC_WARN_ABOUT_RETURN_TYPE = YES_ERROR;
				GCC_WARN_UNDECLARED_SELECTOR = YES;
				GCC_WARN_UNINITIALIZED_AUTOS = YES_AGGRESSIVE;
				GCC_WARN_UNUSED_FUNCTION = YES;
				GCC_WARN_UNUSED_VARIABLE = YES;
				IPHONEOS_DEPLOYMENT_TARGET = 14.4;
				MTL_ENABLE_DEBUG_INFO = NO;
				MTL_FAST_MATH = YES;
				SDKROOT = iphoneos;
				SWIFT_COMPILATION_MODE = wholemodule;
				SWIFT_OPTIMIZATION_LEVEL = "-O";
				VALIDATE_PRODUCT = YES;
			};
			name = Release;
		};
		DB0CF1C22629768900A720CB /* Debug */ = {
			isa = XCBuildConfiguration;
			buildSettings = {
				ASSETCATALOG_COMPILER_APPICON_NAME = AppIcon;
				ASSETCATALOG_COMPILER_GLOBAL_ACCENT_COLOR_NAME = AccentColor;
				CODE_SIGN_STYLE = Automatic;
				DEVELOPMENT_TEAM = BTWWPDZ4GE;
				INFOPLIST_FILE = ContainerScrollViewSample/Info.plist;
				LD_RUNPATH_SEARCH_PATHS = (
					"$(inherited)",
					"@executable_path/Frameworks",
				);
				PRODUCT_BUNDLE_IDENTIFIER = com.yfujiki.ContainerScrollViewSample;
				PRODUCT_NAME = "$(TARGET_NAME)";
				SWIFT_VERSION = 5.0;
				TARGETED_DEVICE_FAMILY = "1,2";
			};
			name = Debug;
		};
		DB0CF1C32629768900A720CB /* Release */ = {
			isa = XCBuildConfiguration;
			buildSettings = {
				ASSETCATALOG_COMPILER_APPICON_NAME = AppIcon;
				ASSETCATALOG_COMPILER_GLOBAL_ACCENT_COLOR_NAME = AccentColor;
				CODE_SIGN_STYLE = Automatic;
				DEVELOPMENT_TEAM = BTWWPDZ4GE;
				INFOPLIST_FILE = ContainerScrollViewSample/Info.plist;
				LD_RUNPATH_SEARCH_PATHS = (
					"$(inherited)",
					"@executable_path/Frameworks",
				);
				PRODUCT_BUNDLE_IDENTIFIER = com.yfujiki.ContainerScrollViewSample;
				PRODUCT_NAME = "$(TARGET_NAME)";
				SWIFT_VERSION = 5.0;
				TARGETED_DEVICE_FAMILY = "1,2";
			};
			name = Release;
		};
		DB0CF1C52629768900A720CB /* Debug */ = {
			isa = XCBuildConfiguration;
			buildSettings = {
				ALWAYS_EMBED_SWIFT_STANDARD_LIBRARIES = YES;
				BUNDLE_LOADER = "$(TEST_HOST)";
				CODE_SIGN_STYLE = Automatic;
				DEVELOPMENT_TEAM = BTWWPDZ4GE;
				INFOPLIST_FILE = ContainerScrollViewSampleTests/Info.plist;
				IPHONEOS_DEPLOYMENT_TARGET = 14.4;
				LD_RUNPATH_SEARCH_PATHS = (
					"$(inherited)",
					"@executable_path/Frameworks",
					"@loader_path/Frameworks",
				);
				PRODUCT_BUNDLE_IDENTIFIER = com.yfujiki.ContainerScrollViewSampleTests;
				PRODUCT_NAME = "$(TARGET_NAME)";
				SWIFT_VERSION = 5.0;
				TARGETED_DEVICE_FAMILY = "1,2";
				TEST_HOST = "$(BUILT_PRODUCTS_DIR)/ContainerScrollViewSample.app/ContainerScrollViewSample";
			};
			name = Debug;
		};
		DB0CF1C62629768900A720CB /* Release */ = {
			isa = XCBuildConfiguration;
			buildSettings = {
				ALWAYS_EMBED_SWIFT_STANDARD_LIBRARIES = YES;
				BUNDLE_LOADER = "$(TEST_HOST)";
				CODE_SIGN_STYLE = Automatic;
				DEVELOPMENT_TEAM = BTWWPDZ4GE;
				INFOPLIST_FILE = ContainerScrollViewSampleTests/Info.plist;
				IPHONEOS_DEPLOYMENT_TARGET = 14.4;
				LD_RUNPATH_SEARCH_PATHS = (
					"$(inherited)",
					"@executable_path/Frameworks",
					"@loader_path/Frameworks",
				);
				PRODUCT_BUNDLE_IDENTIFIER = com.yfujiki.ContainerScrollViewSampleTests;
				PRODUCT_NAME = "$(TARGET_NAME)";
				SWIFT_VERSION = 5.0;
				TARGETED_DEVICE_FAMILY = "1,2";
				TEST_HOST = "$(BUILT_PRODUCTS_DIR)/ContainerScrollViewSample.app/ContainerScrollViewSample";
			};
			name = Release;
		};
		DB0CF1C82629768900A720CB /* Debug */ = {
			isa = XCBuildConfiguration;
			buildSettings = {
				ALWAYS_EMBED_SWIFT_STANDARD_LIBRARIES = YES;
				CODE_SIGN_STYLE = Automatic;
				DEVELOPMENT_TEAM = BTWWPDZ4GE;
				INFOPLIST_FILE = ContainerScrollViewSampleUITests/Info.plist;
				LD_RUNPATH_SEARCH_PATHS = (
					"$(inherited)",
					"@executable_path/Frameworks",
					"@loader_path/Frameworks",
				);
				PRODUCT_BUNDLE_IDENTIFIER = com.yfujiki.ContainerScrollViewSampleUITests;
				PRODUCT_NAME = "$(TARGET_NAME)";
				SWIFT_VERSION = 5.0;
				TARGETED_DEVICE_FAMILY = "1,2";
				TEST_TARGET_NAME = ContainerScrollViewSample;
			};
			name = Debug;
		};
		DB0CF1C92629768900A720CB /* Release */ = {
			isa = XCBuildConfiguration;
			buildSettings = {
				ALWAYS_EMBED_SWIFT_STANDARD_LIBRARIES = YES;
				CODE_SIGN_STYLE = Automatic;
				DEVELOPMENT_TEAM = BTWWPDZ4GE;
				INFOPLIST_FILE = ContainerScrollViewSampleUITests/Info.plist;
				LD_RUNPATH_SEARCH_PATHS = (
					"$(inherited)",
					"@executable_path/Frameworks",
					"@loader_path/Frameworks",
				);
				PRODUCT_BUNDLE_IDENTIFIER = com.yfujiki.ContainerScrollViewSampleUITests;
				PRODUCT_NAME = "$(TARGET_NAME)";
				SWIFT_VERSION = 5.0;
				TARGETED_DEVICE_FAMILY = "1,2";
				TEST_TARGET_NAME = ContainerScrollViewSample;
			};
			name = Release;
		};
/* End XCBuildConfiguration section */

/* Begin XCConfigurationList section */
		DB0CF1922629768700A720CB /* Build configuration list for PBXProject "ContainerScrollViewSample" */ = {
			isa = XCConfigurationList;
			buildConfigurations = (
				DB0CF1BF2629768900A720CB /* Debug */,
				DB0CF1C02629768900A720CB /* Release */,
			);
			defaultConfigurationIsVisible = 0;
			defaultConfigurationName = Release;
		};
		DB0CF1C12629768900A720CB /* Build configuration list for PBXNativeTarget "ContainerScrollViewSample" */ = {
			isa = XCConfigurationList;
			buildConfigurations = (
				DB0CF1C22629768900A720CB /* Debug */,
				DB0CF1C32629768900A720CB /* Release */,
			);
			defaultConfigurationIsVisible = 0;
			defaultConfigurationName = Release;
		};
		DB0CF1C42629768900A720CB /* Build configuration list for PBXNativeTarget "ContainerScrollViewSampleTests" */ = {
			isa = XCConfigurationList;
			buildConfigurations = (
				DB0CF1C52629768900A720CB /* Debug */,
				DB0CF1C62629768900A720CB /* Release */,
			);
			defaultConfigurationIsVisible = 0;
			defaultConfigurationName = Release;
		};
		DB0CF1C72629768900A720CB /* Build configuration list for PBXNativeTarget "ContainerScrollViewSampleUITests" */ = {
			isa = XCConfigurationList;
			buildConfigurations = (
				DB0CF1C82629768900A720CB /* Debug */,
				DB0CF1C92629768900A720CB /* Release */,
			);
			defaultConfigurationIsVisible = 0;
			defaultConfigurationName = Release;
		};
/* End XCConfigurationList section */
	};
	rootObject = DB0CF18F2629768700A720CB /* Project object */;
}
