// !$*UTF8*$!
{
	archiveVersion = 1;
	classes = {
	};
	objectVersion = 50;
	objects = {

/* Begin PBXBuildFile section */
		DB589C8C262EAC70002FB4FB /* AppDelegate.swift in Sources */ = {isa = PBXBuildFile; fileRef = DB589C8B262EAC70002FB4FB /* AppDelegate.swift */; };
		DB589C8E262EAC70002FB4FB /* SceneDelegate.swift in Sources */ = {isa = PBXBuildFile; fileRef = DB589C8D262EAC70002FB4FB /* SceneDelegate.swift */; };
		DB589C90262EAC70002FB4FB /* ViewController.swift in Sources */ = {isa = PBXBuildFile; fileRef = DB589C8F262EAC70002FB4FB /* ViewController.swift */; };
		DB589C93262EAC70002FB4FB /* Main.storyboard in Resources */ = {isa = PBXBuildFile; fileRef = DB589C91262EAC70002FB4FB /* Main.storyboard */; };
		DB589C95262EAC71002FB4FB /* Assets.xcassets in Resources */ = {isa = PBXBuildFile; fileRef = DB589C94262EAC71002FB4FB /* Assets.xcassets */; };
		DB589C98262EAC71002FB4FB /* LaunchScreen.storyboard in Resources */ = {isa = PBXBuildFile; fileRef = DB589C96262EAC71002FB4FB /* LaunchScreen.storyboard */; };
		DB589CA3262EAC71002FB4FB /* UIImageViewImplementationTests.swift in Sources */ = {isa = PBXBuildFile; fileRef = DB589CA2262EAC71002FB4FB /* UIImageViewImplementationTests.swift */; };
		DB589CAE262EAC71002FB4FB /* UIImageViewImplementationUITests.swift in Sources */ = {isa = PBXBuildFile; fileRef = DB589CAD262EAC71002FB4FB /* UIImageViewImplementationUITests.swift */; };
		DBB7127E262EC98C00A5EFF9 /* Sample.jpg in Resources */ = {isa = PBXBuildFile; fileRef = DBB7127D262EC98C00A5EFF9 /* Sample.jpg */; };
/* End PBXBuildFile section */

/* Begin PBXContainerItemProxy section */
		DB589C9F262EAC71002FB4FB /* PBXContainerItemProxy */ = {
			isa = PBXContainerItemProxy;
			containerPortal = DB589C80262EAC70002FB4FB /* Project object */;
			proxyType = 1;
			remoteGlobalIDString = DB589C87262EAC70002FB4FB;
			remoteInfo = UIImageViewImplementation;
		};
		DB589CAA262EAC71002FB4FB /* PBXContainerItemProxy */ = {
			isa = PBXContainerItemProxy;
			containerPortal = DB589C80262EAC70002FB4FB /* Project object */;
			proxyType = 1;
			remoteGlobalIDString = DB589C87262EAC70002FB4FB;
			remoteInfo = UIImageViewImplementation;
		};
/* End PBXContainerItemProxy section */

/* Begin PBXFileReference section */
		DB589C88262EAC70002FB4FB /* UIImageViewImplementation.app */ = {isa = PBXFileReference; explicitFileType = wrapper.application; includeInIndex = 0; path = UIImageViewImplementation.app; sourceTree = BUILT_PRODUCTS_DIR; };
		DB589C8B262EAC70002FB4FB /* AppDelegate.swift */ = {isa = PBXFileReference; lastKnownFileType = sourcecode.swift; path = AppDelegate.swift; sourceTree = "<group>"; };
		DB589C8D262EAC70002FB4FB /* SceneDelegate.swift */ = {isa = PBXFileReference; lastKnownFileType = sourcecode.swift; path = SceneDelegate.swift; sourceTree = "<group>"; };
		DB589C8F262EAC70002FB4FB /* ViewController.swift */ = {isa = PBXFileReference; lastKnownFileType = sourcecode.swift; path = ViewController.swift; sourceTree = "<group>"; };
		DB589C92262EAC70002FB4FB /* Base */ = {isa = PBXFileReference; lastKnownFileType = file.storyboard; name = Base; path = Base.lproj/Main.storyboard; sourceTree = "<group>"; };
		DB589C94262EAC71002FB4FB /* Assets.xcassets */ = {isa = PBXFileReference; lastKnownFileType = folder.assetcatalog; path = Assets.xcassets; sourceTree = "<group>"; };
		DB589C97262EAC71002FB4FB /* Base */ = {isa = PBXFileReference; lastKnownFileType = file.storyboard; name = Base; path = Base.lproj/LaunchScreen.storyboard; sourceTree = "<group>"; };
		DB589C99262EAC71002FB4FB /* Info.plist */ = {isa = PBXFileReference; lastKnownFileType = text.plist.xml; path = Info.plist; sourceTree = "<group>"; };
		DB589C9E262EAC71002FB4FB /* UIImageViewImplementationTests.xctest */ = {isa = PBXFileReference; explicitFileType = wrapper.cfbundle; includeInIndex = 0; path = UIImageViewImplementationTests.xctest; sourceTree = BUILT_PRODUCTS_DIR; };
		DB589CA2262EAC71002FB4FB /* UIImageViewImplementationTests.swift */ = {isa = PBXFileReference; lastKnownFileType = sourcecode.swift; path = UIImageViewImplementationTests.swift; sourceTree = "<group>"; };
		DB589CA4262EAC71002FB4FB /* Info.plist */ = {isa = PBXFileReference; lastKnownFileType = text.plist.xml; path = Info.plist; sourceTree = "<group>"; };
		DB589CA9262EAC71002FB4FB /* UIImageViewImplementationUITests.xctest */ = {isa = PBXFileReference; explicitFileType = wrapper.cfbundle; includeInIndex = 0; path = UIImageViewImplementationUITests.xctest; sourceTree = BUILT_PRODUCTS_DIR; };
		DB589CAD262EAC71002FB4FB /* UIImageViewImplementationUITests.swift */ = {isa = PBXFileReference; lastKnownFileType = sourcecode.swift; path = UIImageViewImplementationUITests.swift; sourceTree = "<group>"; };
		DB589CAF262EAC71002FB4FB /* Info.plist */ = {isa = PBXFileReference; lastKnownFileType = text.plist.xml; path = Info.plist; sourceTree = "<group>"; };
		DBB7127D262EC98C00A5EFF9 /* Sample.jpg */ = {isa = PBXFileReference; lastKnownFileType = image.jpeg; path = Sample.jpg; sourceTree = "<group>"; };
/* End PBXFileReference section */

/* Begin PBXFrameworksBuildPhase section */
		DB589C85262EAC70002FB4FB /* Frameworks */ = {
			isa = PBXFrameworksBuildPhase;
			buildActionMask = 2147483647;
			files = (
			);
			runOnlyForDeploymentPostprocessing = 0;
		};
		DB589C9B262EAC71002FB4FB /* Frameworks */ = {
			isa = PBXFrameworksBuildPhase;
			buildActionMask = 2147483647;
			files = (
			);
			runOnlyForDeploymentPostprocessing = 0;
		};
		DB589CA6262EAC71002FB4FB /* Frameworks */ = {
			isa = PBXFrameworksBuildPhase;
			buildActionMask = 2147483647;
			files = (
			);
			runOnlyForDeploymentPostprocessing = 0;
		};
/* End PBXFrameworksBuildPhase section */

/* Begin PBXGroup section */
		DB589C7F262EAC70002FB4FB = {
			isa = PBXGroup;
			children = (
				DB589C8A262EAC70002FB4FB /* UIImageViewImplementation */,
				DB589CA1262EAC71002FB4FB /* UIImageViewImplementationTests */,
				DB589CAC262EAC71002FB4FB /* UIImageViewImplementationUITests */,
				DB589C89262EAC70002FB4FB /* Products */,
			);
			sourceTree = "<group>";
		};
		DB589C89262EAC70002FB4FB /* Products */ = {
			isa = PBXGroup;
			children = (
				DB589C88262EAC70002FB4FB /* UIImageViewImplementation.app */,
				DB589C9E262EAC71002FB4FB /* UIImageViewImplementationTests.xctest */,
				DB589CA9262EAC71002FB4FB /* UIImageViewImplementationUITests.xctest */,
			);
			name = Products;
			sourceTree = "<group>";
		};
		DB589C8A262EAC70002FB4FB /* UIImageViewImplementation */ = {
			isa = PBXGroup;
			children = (
				DBB7127D262EC98C00A5EFF9 /* Sample.jpg */,
				DB589C8B262EAC70002FB4FB /* AppDelegate.swift */,
				DB589C8D262EAC70002FB4FB /* SceneDelegate.swift */,
				DB589C8F262EAC70002FB4FB /* ViewController.swift */,
				DB589C91262EAC70002FB4FB /* Main.storyboard */,
				DB589C94262EAC71002FB4FB /* Assets.xcassets */,
				DB589C96262EAC71002FB4FB /* LaunchScreen.storyboard */,
				DB589C99262EAC71002FB4FB /* Info.plist */,
			);
			path = UIImageViewImplementation;
			sourceTree = "<group>";
		};
		DB589CA1262EAC71002FB4FB /* UIImageViewImplementationTests */ = {
			isa = PBXGroup;
			children = (
				DB589CA2262EAC71002FB4FB /* UIImageViewImplementationTests.swift */,
				DB589CA4262EAC71002FB4FB /* Info.plist */,
			);
			path = UIImageViewImplementationTests;
			sourceTree = "<group>";
		};
		DB589CAC262EAC71002FB4FB /* UIImageViewImplementationUITests */ = {
			isa = PBXGroup;
			children = (
				DB589CAD262EAC71002FB4FB /* UIImageViewImplementationUITests.swift */,
				DB589CAF262EAC71002FB4FB /* Info.plist */,
			);
			path = UIImageViewImplementationUITests;
			sourceTree = "<group>";
		};
/* End PBXGroup section */

/* Begin PBXNativeTarget section */
		DB589C87262EAC70002FB4FB /* UIImageViewImplementation */ = {
			isa = PBXNativeTarget;
			buildConfigurationList = DB589CB2262EAC71002FB4FB /* Build configuration list for PBXNativeTarget "UIImageViewImplementation" */;
			buildPhases = (
				DB589C84262EAC70002FB4FB /* Sources */,
				DB589C85262EAC70002FB4FB /* Frameworks */,
				DB589C86262EAC70002FB4FB /* Resources */,
			);
			buildRules = (
			);
			dependencies = (
			);
			name = UIImageViewImplementation;
			productName = UIImageViewImplementation;
			productReference = DB589C88262EAC70002FB4FB /* UIImageViewImplementation.app */;
			productType = "com.apple.product-type.application";
		};
		DB589C9D262EAC71002FB4FB /* UIImageViewImplementationTests */ = {
			isa = PBXNativeTarget;
			buildConfigurationList = DB589CB5262EAC71002FB4FB /* Build configuration list for PBXNativeTarget "UIImageViewImplementationTests" */;
			buildPhases = (
				DB589C9A262EAC71002FB4FB /* Sources */,
				DB589C9B262EAC71002FB4FB /* Frameworks */,
				DB589C9C262EAC71002FB4FB /* Resources */,
			);
			buildRules = (
			);
			dependencies = (
				DB589CA0262EAC71002FB4FB /* PBXTargetDependency */,
			);
			name = UIImageViewImplementationTests;
			productName = UIImageViewImplementationTests;
			productReference = DB589C9E262EAC71002FB4FB /* UIImageViewImplementationTests.xctest */;
			productType = "com.apple.product-type.bundle.unit-test";
		};
		DB589CA8262EAC71002FB4FB /* UIImageViewImplementationUITests */ = {
			isa = PBXNativeTarget;
			buildConfigurationList = DB589CB8262EAC71002FB4FB /* Build configuration list for PBXNativeTarget "UIImageViewImplementationUITests" */;
			buildPhases = (
				DB589CA5262EAC71002FB4FB /* Sources */,
				DB589CA6262EAC71002FB4FB /* Frameworks */,
				DB589CA7262EAC71002FB4FB /* Resources */,
			);
			buildRules = (
			);
			dependencies = (
				DB589CAB262EAC71002FB4FB /* PBXTargetDependency */,
			);
			name = UIImageViewImplementationUITests;
			productName = UIImageViewImplementationUITests;
			productReference = DB589CA9262EAC71002FB4FB /* UIImageViewImplementationUITests.xctest */;
			productType = "com.apple.product-type.bundle.ui-testing";
		};
/* End PBXNativeTarget section */

/* Begin PBXProject section */
		DB589C80262EAC70002FB4FB /* Project object */ = {
			isa = PBXProject;
			attributes = {
				LastSwiftUpdateCheck = 1240;
				LastUpgradeCheck = 1240;
				TargetAttributes = {
					DB589C87262EAC70002FB4FB = {
						CreatedOnToolsVersion = 12.4;
					};
					DB589C9D262EAC71002FB4FB = {
						CreatedOnToolsVersion = 12.4;
						TestTargetID = DB589C87262EAC70002FB4FB;
					};
					DB589CA8262EAC71002FB4FB = {
						CreatedOnToolsVersion = 12.4;
						TestTargetID = DB589C87262EAC70002FB4FB;
					};
				};
			};
			buildConfigurationList = DB589C83262EAC70002FB4FB /* Build configuration list for PBXProject "UIImageViewImplementation" */;
			compatibilityVersion = "Xcode 9.3";
			developmentRegion = en;
			hasScannedForEncodings = 0;
			knownRegions = (
				en,
				Base,
			);
			mainGroup = DB589C7F262EAC70002FB4FB;
			productRefGroup = DB589C89262EAC70002FB4FB /* Products */;
			projectDirPath = "";
			projectRoot = "";
			targets = (
				DB589C87262EAC70002FB4FB /* UIImageViewImplementation */,
				DB589C9D262EAC71002FB4FB /* UIImageViewImplementationTests */,
				DB589CA8262EAC71002FB4FB /* UIImageViewImplementationUITests */,
			);
		};
/* End PBXProject section */

/* Begin PBXResourcesBuildPhase section */
		DB589C86262EAC70002FB4FB /* Resources */ = {
			isa = PBXResourcesBuildPhase;
			buildActionMask = 2147483647;
			files = (
				DB589C98262EAC71002FB4FB /* LaunchScreen.storyboard in Resources */,
				DB589C95262EAC71002FB4FB /* Assets.xcassets in Resources */,
				DB589C93262EAC70002FB4FB /* Main.storyboard in Resources */,
				DBB7127E262EC98C00A5EFF9 /* Sample.jpg in Resources */,
			);
			runOnlyForDeploymentPostprocessing = 0;
		};
		DB589C9C262EAC71002FB4FB /* Resources */ = {
			isa = PBXResourcesBuildPhase;
			buildActionMask = 2147483647;
			files = (
			);
			runOnlyForDeploymentPostprocessing = 0;
		};
		DB589CA7262EAC71002FB4FB /* Resources */ = {
			isa = PBXResourcesBuildPhase;
			buildActionMask = 2147483647;
			files = (
			);
			runOnlyForDeploymentPostprocessing = 0;
		};
/* End PBXResourcesBuildPhase section */

/* Begin PBXSourcesBuildPhase section */
		DB589C84262EAC70002FB4FB /* Sources */ = {
			isa = PBXSourcesBuildPhase;
			buildActionMask = 2147483647;
			files = (
				DB589C90262EAC70002FB4FB /* ViewController.swift in Sources */,
				DB589C8C262EAC70002FB4FB /* AppDelegate.swift in Sources */,
				DB589C8E262EAC70002FB4FB /* SceneDelegate.swift in Sources */,
			);
			runOnlyForDeploymentPostprocessing = 0;
		};
		DB589C9A262EAC71002FB4FB /* Sources */ = {
			isa = PBXSourcesBuildPhase;
			buildActionMask = 2147483647;
			files = (
				DB589CA3262EAC71002FB4FB /* UIImageViewImplementationTests.swift in Sources */,
			);
			runOnlyForDeploymentPostprocessing = 0;
		};
		DB589CA5262EAC71002FB4FB /* Sources */ = {
			isa = PBXSourcesBuildPhase;
			buildActionMask = 2147483647;
			files = (
				DB589CAE262EAC71002FB4FB /* UIImageViewImplementationUITests.swift in Sources */,
			);
			runOnlyForDeploymentPostprocessing = 0;
		};
/* End PBXSourcesBuildPhase section */

/* Begin PBXTargetDependency section */
		DB589CA0262EAC71002FB4FB /* PBXTargetDependency */ = {
			isa = PBXTargetDependency;
			target = DB589C87262EAC70002FB4FB /* UIImageViewImplementation */;
			targetProxy = DB589C9F262EAC71002FB4FB /* PBXContainerItemProxy */;
		};
		DB589CAB262EAC71002FB4FB /* PBXTargetDependency */ = {
			isa = PBXTargetDependency;
			target = DB589C87262EAC70002FB4FB /* UIImageViewImplementation */;
			targetProxy = DB589CAA262EAC71002FB4FB /* PBXContainerItemProxy */;
		};
/* End PBXTargetDependency section */

/* Begin PBXVariantGroup section */
		DB589C91262EAC70002FB4FB /* Main.storyboard */ = {
			isa = PBXVariantGroup;
			children = (
				DB589C92262EAC70002FB4FB /* Base */,
			);
			name = Main.storyboard;
			sourceTree = "<group>";
		};
		DB589C96262EAC71002FB4FB /* LaunchScreen.storyboard */ = {
			isa = PBXVariantGroup;
			children = (
				DB589C97262EAC71002FB4FB /* Base */,
			);
			name = LaunchScreen.storyboard;
			sourceTree = "<group>";
		};
/* End PBXVariantGroup section */

/* Begin XCBuildConfiguration section */
		DB589CB0262EAC71002FB4FB /* Debug */ = {
			isa = XCBuildConfiguration;
			buildSettings = {
				ALWAYS_SEARCH_USER_PATHS = NO;
				CLANG_ANALYZER_NONNULL = YES;
				CLANG_ANALYZER_NUMBER_OBJECT_CONVERSION = YES_AGGRESSIVE;
				CLANG_CXX_LANGUAGE_STANDARD = "gnu++14";
				CLANG_CXX_LIBRARY = "libc++";
				CLANG_ENABLE_MODULES = YES;
				CLANG_ENABLE_OBJC_ARC = YES;
				CLANG_ENABLE_OBJC_WEAK = YES;
				CLANG_WARN_BLOCK_CAPTURE_AUTORELEASING = YES;
				CLANG_WARN_BOOL_CONVERSION = YES;
				CLANG_WARN_COMMA = YES;
				CLANG_WARN_CONSTANT_CONVERSION = YES;
				CLANG_WARN_DEPRECATED_OBJC_IMPLEMENTATIONS = YES;
				CLANG_WARN_DIRECT_OBJC_ISA_USAGE = YES_ERROR;
				CLANG_WARN_DOCUMENTATION_COMMENTS = YES;
				CLANG_WARN_EMPTY_BODY = YES;
				CLANG_WARN_ENUM_CONVERSION = YES;
				CLANG_WARN_INFINITE_RECURSION = YES;
				CLANG_WARN_INT_CONVERSION = YES;
				CLANG_WARN_NON_LITERAL_NULL_CONVERSION = YES;
				CLANG_WARN_OBJC_IMPLICIT_RETAIN_SELF = YES;
				CLANG_WARN_OBJC_LITERAL_CONVERSION = YES;
				CLANG_WARN_OBJC_ROOT_CLASS = YES_ERROR;
				CLANG_WARN_QUOTED_INCLUDE_IN_FRAMEWORK_HEADER = YES;
				CLANG_WARN_RANGE_LOOP_ANALYSIS = YES;
				CLANG_WARN_STRICT_PROTOTYPES = YES;
				CLANG_WARN_SUSPICIOUS_MOVE = YES;
				CLANG_WARN_UNGUARDED_AVAILABILITY = YES_AGGRESSIVE;
				CLANG_WARN_UNREACHABLE_CODE = YES;
				CLANG_WARN__DUPLICATE_METHOD_MATCH = YES;
				COPY_PHASE_STRIP = NO;
				DEBUG_INFORMATION_FORMAT = dwarf;
				ENABLE_STRICT_OBJC_MSGSEND = YES;
				ENABLE_TESTABILITY = YES;
				GCC_C_LANGUAGE_STANDARD = gnu11;
				GCC_DYNAMIC_NO_PIC = NO;
				GCC_NO_COMMON_BLOCKS = YES;
				GCC_OPTIMIZATION_LEVEL = 0;
				GCC_PREPROCESSOR_DEFINITIONS = (
					"DEBUG=1",
					"$(inherited)",
				);
				GCC_WARN_64_TO_32_BIT_CONVERSION = YES;
				GCC_WARN_ABOUT_RETURN_TYPE = YES_ERROR;
				GCC_WARN_UNDECLARED_SELECTOR = YES;
				GCC_WARN_UNINITIALIZED_AUTOS = YES_AGGRESSIVE;
				GCC_WARN_UNUSED_FUNCTION = YES;
				GCC_WARN_UNUSED_VARIABLE = YES;
				IPHONEOS_DEPLOYMENT_TARGET = 14.4;
				MTL_ENABLE_DEBUG_INFO = INCLUDE_SOURCE;
				MTL_FAST_MATH = YES;
				ONLY_ACTIVE_ARCH = YES;
				SDKROOT = iphoneos;
				SWIFT_ACTIVE_COMPILATION_CONDITIONS = DEBUG;
				SWIFT_OPTIMIZATION_LEVEL = "-Onone";
			};
			name = Debug;
		};
		DB589CB1262EAC71002FB4FB /* Release */ = {
			isa = XCBuildConfiguration;
			buildSettings = {
				ALWAYS_SEARCH_USER_PATHS = NO;
				CLANG_ANALYZER_NONNULL = YES;
				CLANG_ANALYZER_NUMBER_OBJECT_CONVERSION = YES_AGGRESSIVE;
				CLANG_CXX_LANGUAGE_STANDARD = "gnu++14";
				CLANG_CXX_LIBRARY = "libc++";
				CLANG_ENABLE_MODULES = YES;
				CLANG_ENABLE_OBJC_ARC = YES;
				CLANG_ENABLE_OBJC_WEAK = YES;
				CLANG_WARN_BLOCK_CAPTURE_AUTORELEASING = YES;
				CLANG_WARN_BOOL_CONVERSION = YES;
				CLANG_WARN_COMMA = YES;
				CLANG_WARN_CONSTANT_CONVERSION = YES;
				CLANG_WARN_DEPRECATED_OBJC_IMPLEMENTATIONS = YES;
				CLANG_WARN_DIRECT_OBJC_ISA_USAGE = YES_ERROR;
				CLANG_WARN_DOCUMENTATION_COMMENTS = YES;
				CLANG_WARN_EMPTY_BODY = YES;
				CLANG_WARN_ENUM_CONVERSION = YES;
				CLANG_WARN_INFINITE_RECURSION = YES;
				CLANG_WARN_INT_CONVERSION = YES;
				CLANG_WARN_NON_LITERAL_NULL_CONVERSION = YES;
				CLANG_WARN_OBJC_IMPLICIT_RETAIN_SELF = YES;
				CLANG_WARN_OBJC_LITERAL_CONVERSION = YES;
				CLANG_WARN_OBJC_ROOT_CLASS = YES_ERROR;
				CLANG_WARN_QUOTED_INCLUDE_IN_FRAMEWORK_HEADER = YES;
				CLANG_WARN_RANGE_LOOP_ANALYSIS = YES;
				CLANG_WARN_STRICT_PROTOTYPES = YES;
				CLANG_WARN_SUSPICIOUS_MOVE = YES;
				CLANG_WARN_UNGUARDED_AVAILABILITY = YES_AGGRESSIVE;
				CLANG_WARN_UNREACHABLE_CODE = YES;
				CLANG_WARN__DUPLICATE_METHOD_MATCH = YES;
				COPY_PHASE_STRIP = NO;
				DEBUG_INFORMATION_FORMAT = "dwarf-with-dsym";
				ENABLE_NS_ASSERTIONS = NO;
				ENABLE_STRICT_OBJC_MSGSEND = YES;
				GCC_C_LANGUAGE_STANDARD = gnu11;
				GCC_NO_COMMON_BLOCKS = YES;
				GCC_WARN_64_TO_32_BIT_CONVERSION = YES;
				GCC_WARN_ABOUT_RETURN_TYPE = YES_ERROR;
				GCC_WARN_UNDECLARED_SELECTOR = YES;
				GCC_WARN_UNINITIALIZED_AUTOS = YES_AGGRESSIVE;
				GCC_WARN_UNUSED_FUNCTION = YES;
				GCC_WARN_UNUSED_VARIABLE = YES;
				IPHONEOS_DEPLOYMENT_TARGET = 14.4;
				MTL_ENABLE_DEBUG_INFO = NO;
				MTL_FAST_MATH = YES;
				SDKROOT = iphoneos;
				SWIFT_COMPILATION_MODE = wholemodule;
				SWIFT_OPTIMIZATION_LEVEL = "-O";
				VALIDATE_PRODUCT = YES;
			};
			name = Release;
		};
		DB589CB3262EAC71002FB4FB /* Debug */ = {
			isa = XCBuildConfiguration;
			buildSettings = {
				ASSETCATALOG_COMPILER_APPICON_NAME = AppIcon;
				ASSETCATALOG_COMPILER_GLOBAL_ACCENT_COLOR_NAME = AccentColor;
				CODE_SIGN_STYLE = Automatic;
				DEVELOPMENT_TEAM = BTWWPDZ4GE;
				INFOPLIST_FILE = UIImageViewImplementation/Info.plist;
				LD_RUNPATH_SEARCH_PATHS = (
					"$(inherited)",
					"@executable_path/Frameworks",
				);
				PRODUCT_BUNDLE_IDENTIFIER = com.yfujiki.UIImageViewImplementation;
				PRODUCT_NAME = "$(TARGET_NAME)";
				SWIFT_VERSION = 5.0;
				TARGETED_DEVICE_FAMILY = "1,2";
			};
			name = Debug;
		};
		DB589CB4262EAC71002FB4FB /* Release */ = {
			isa = XCBuildConfiguration;
			buildSettings = {
				ASSETCATALOG_COMPILER_APPICON_NAME = AppIcon;
				ASSETCATALOG_COMPILER_GLOBAL_ACCENT_COLOR_NAME = AccentColor;
				CODE_SIGN_STYLE = Automatic;
				DEVELOPMENT_TEAM = BTWWPDZ4GE;
				INFOPLIST_FILE = UIImageViewImplementation/Info.plist;
				LD_RUNPATH_SEARCH_PATHS = (
					"$(inherited)",
					"@executable_path/Frameworks",
				);
				PRODUCT_BUNDLE_IDENTIFIER = com.yfujiki.UIImageViewImplementation;
				PRODUCT_NAME = "$(TARGET_NAME)";
				SWIFT_VERSION = 5.0;
				TARGETED_DEVICE_FAMILY = "1,2";
			};
			name = Release;
		};
		DB589CB6262EAC71002FB4FB /* Debug */ = {
			isa = XCBuildConfiguration;
			buildSettings = {
				ALWAYS_EMBED_SWIFT_STANDARD_LIBRARIES = YES;
				BUNDLE_LOADER = "$(TEST_HOST)";
				CODE_SIGN_STYLE = Automatic;
				DEVELOPMENT_TEAM = BTWWPDZ4GE;
				INFOPLIST_FILE = UIImageViewImplementationTests/Info.plist;
				IPHONEOS_DEPLOYMENT_TARGET = 14.4;
				LD_RUNPATH_SEARCH_PATHS = (
					"$(inherited)",
					"@executable_path/Frameworks",
					"@loader_path/Frameworks",
				);
				PRODUCT_BUNDLE_IDENTIFIER = com.yfujiki.UIImageViewImplementationTests;
				PRODUCT_NAME = "$(TARGET_NAME)";
				SWIFT_VERSION = 5.0;
				TARGETED_DEVICE_FAMILY = "1,2";
				TEST_HOST = "$(BUILT_PRODUCTS_DIR)/UIImageViewImplementation.app/UIImageViewImplementation";
			};
			name = Debug;
		};
		DB589CB7262EAC71002FB4FB /* Release */ = {
			isa = XCBuildConfiguration;
			buildSettings = {
				ALWAYS_EMBED_SWIFT_STANDARD_LIBRARIES = YES;
				BUNDLE_LOADER = "$(TEST_HOST)";
				CODE_SIGN_STYLE = Automatic;
				DEVELOPMENT_TEAM = BTWWPDZ4GE;
				INFOPLIST_FILE = UIImageViewImplementationTests/Info.plist;
				IPHONEOS_DEPLOYMENT_TARGET = 14.4;
				LD_RUNPATH_SEARCH_PATHS = (
					"$(inherited)",
					"@executable_path/Frameworks",
					"@loader_path/Frameworks",
				);
				PRODUCT_BUNDLE_IDENTIFIER = com.yfujiki.UIImageViewImplementationTests;
				PRODUCT_NAME = "$(TARGET_NAME)";
				SWIFT_VERSION = 5.0;
				TARGETED_DEVICE_FAMILY = "1,2";
				TEST_HOST = "$(BUILT_PRODUCTS_DIR)/UIImageViewImplementation.app/UIImageViewImplementation";
			};
			name = Release;
		};
		DB589CB9262EAC71002FB4FB /* Debug */ = {
			isa = XCBuildConfiguration;
			buildSettings = {
				ALWAYS_EMBED_SWIFT_STANDARD_LIBRARIES = YES;
				CODE_SIGN_STYLE = Automatic;
				DEVELOPMENT_TEAM = BTWWPDZ4GE;
				INFOPLIST_FILE = UIImageViewImplementationUITests/Info.plist;
				LD_RUNPATH_SEARCH_PATHS = (
					"$(inherited)",
					"@executable_path/Frameworks",
					"@loader_path/Frameworks",
				);
				PRODUCT_BUNDLE_IDENTIFIER = com.yfujiki.UIImageViewImplementationUITests;
				PRODUCT_NAME = "$(TARGET_NAME)";
				SWIFT_VERSION = 5.0;
				TARGETED_DEVICE_FAMILY = "1,2";
				TEST_TARGET_NAME = UIImageViewImplementation;
			};
			name = Debug;
		};
		DB589CBA262EAC71002FB4FB /* Release */ = {
			isa = XCBuildConfiguration;
			buildSettings = {
				ALWAYS_EMBED_SWIFT_STANDARD_LIBRARIES = YES;
				CODE_SIGN_STYLE = Automatic;
				DEVELOPMENT_TEAM = BTWWPDZ4GE;
				INFOPLIST_FILE = UIImageViewImplementationUITests/Info.plist;
				LD_RUNPATH_SEARCH_PATHS = (
					"$(inherited)",
					"@executable_path/Frameworks",
					"@loader_path/Frameworks",
				);
				PRODUCT_BUNDLE_IDENTIFIER = com.yfujiki.UIImageViewImplementationUITests;
				PRODUCT_NAME = "$(TARGET_NAME)";
				SWIFT_VERSION = 5.0;
				TARGETED_DEVICE_FAMILY = "1,2";
				TEST_TARGET_NAME = UIImageViewImplementation;
			};
			name = Release;
		};
/* End XCBuildConfiguration section */

/* Begin XCConfigurationList section */
		DB589C83262EAC70002FB4FB /* Build configuration list for PBXProject "UIImageViewImplementation" */ = {
			isa = XCConfigurationList;
			buildConfigurations = (
				DB589CB0262EAC71002FB4FB /* Debug */,
				DB589CB1262EAC71002FB4FB /* Release */,
			);
			defaultConfigurationIsVisible = 0;
			defaultConfigurationName = Release;
		};
		DB589CB2262EAC71002FB4FB /* Build configuration list for PBXNativeTarget "UIImageViewImplementation" */ = {
			isa = XCConfigurationList;
			buildConfigurations = (
				DB589CB3262EAC71002FB4FB /* Debug */,
				DB589CB4262EAC71002FB4FB /* Release */,
			);
			defaultConfigurationIsVisible = 0;
			defaultConfigurationName = Release;
		};
		DB589CB5262EAC71002FB4FB /* Build configuration list for PBXNativeTarget "UIImageViewImplementationTests" */ = {
			isa = XCConfigurationList;
			buildConfigurations = (
				DB589CB6262EAC71002FB4FB /* Debug */,
				DB589CB7262EAC71002FB4FB /* Release */,
			);
			defaultConfigurationIsVisible = 0;
			defaultConfigurationName = Release;
		};
		DB589CB8262EAC71002FB4FB /* Build configuration list for PBXNativeTarget "UIImageViewImplementationUITests" */ = {
			isa = XCConfigurationList;
			buildConfigurations = (
				DB589CB9262EAC71002FB4FB /* Debug */,
				DB589CBA262EAC71002FB4FB /* Release */,
			);
			defaultConfigurationIsVisible = 0;
			defaultConfigurationName = Release;
		};
/* End XCConfigurationList section */
	};
	rootObject = DB589C80262EAC70002FB4FB /* Project object */;
}
